// !$*UTF8*$!
{
	archiveVersion = 1;
	classes = {
	};
	objectVersion = 46;
	objects = {

/* Begin PBXBuildFile section */
		1843A77E1C0C26B700364F33 /* main.m in Sources */ = {isa = PBXBuildFile; fileRef = 1843A77D1C0C26B700364F33 /* main.m */; };
		1843A7891C0C2F5400364F33 /* main.m in Sources */ = {isa = PBXBuildFile; fileRef = 1843A7881C0C2F5400364F33 /* main.m */; };
		1843A7941C0C34C000364F33 /* main.m in Sources */ = {isa = PBXBuildFile; fileRef = 1843A7931C0C34C000364F33 /* main.m */; };
		1843A79F1C0C38F400364F33 /* main.m in Sources */ = {isa = PBXBuildFile; fileRef = 1843A79E1C0C38F400364F33 /* main.m */; };
		1843A7AA1C0C3BC100364F33 /* main.m in Sources */ = {isa = PBXBuildFile; fileRef = 1843A7A91C0C3BC100364F33 /* main.m */; };
		1843A7B51C0C400600364F33 /* main.m in Sources */ = {isa = PBXBuildFile; fileRef = 1843A7B41C0C400600364F33 /* main.m */; };
		1843A7C01C0C442900364F33 /* main.m in Sources */ = {isa = PBXBuildFile; fileRef = 1843A7BF1C0C442900364F33 /* main.m */; };
		1843A7CB1C0C475500364F33 /* main.m in Sources */ = {isa = PBXBuildFile; fileRef = 1843A7CA1C0C475500364F33 /* main.m */; };
		1843A7D11C0C4A6300364F33 /* Person.m in Sources */ = {isa = PBXBuildFile; fileRef = 1843A7D01C0C4A6300364F33 /* Person.m */; };
		185B203B1C0BDA5200CDCD68 /* main.m in Sources */ = {isa = PBXBuildFile; fileRef = 185B203A1C0BDA5200CDCD68 /* main.m */; };
		185B20411C0BDA5D00CDCD68 /* Person.m in Sources */ = {isa = PBXBuildFile; fileRef = 185B20401C0BDA5D00CDCD68 /* Person.m */; };
		185B20491C0BDD1D00CDCD68 /* main.m in Sources */ = {isa = PBXBuildFile; fileRef = 185B20481C0BDD1D00CDCD68 /* main.m */; };
		185B20541C0BEE6900CDCD68 /* main.m in Sources */ = {isa = PBXBuildFile; fileRef = 185B20531C0BEE6900CDCD68 /* main.m */; };
		185B205A1C0BEEC600CDCD68 /* NSString+isMethod.m in Sources */ = {isa = PBXBuildFile; fileRef = 185B20591C0BEEC600CDCD68 /* NSString+isMethod.m */; };
		185B20621C0BF57E00CDCD68 /* main.m in Sources */ = {isa = PBXBuildFile; fileRef = 185B20611C0BF57E00CDCD68 /* main.m */; };
		185B206B1C0BF62C00CDCD68 /* NSObject+Test.m in Sources */ = {isa = PBXBuildFile; fileRef = 185B206A1C0BF62C00CDCD68 /* NSObject+Test.m */; };
		185B206F1C0BF79D00CDCD68 /* Person.m in Sources */ = {isa = PBXBuildFile; fileRef = 185B206E1C0BF79D00CDCD68 /* Person.m */; };
		185B20B71C0BFA6700CDCD68 /* main.m in Sources */ = {isa = PBXBuildFile; fileRef = 185B20B61C0BFA6700CDCD68 /* main.m */; };
/* End PBXBuildFile section */

/* Begin PBXCopyFilesBuildPhase section */
		1843A7791C0C26B700364F33 /* CopyFiles */ = {
			isa = PBXCopyFilesBuildPhase;
			buildActionMask = 2147483647;
			dstPath = /usr/share/man/man1/;
			dstSubfolderSpec = 0;
			files = (
			);
			runOnlyForDeploymentPostprocessing = 1;
		};
		1843A7841C0C2F5400364F33 /* CopyFiles */ = {
			isa = PBXCopyFilesBuildPhase;
			buildActionMask = 2147483647;
			dstPath = /usr/share/man/man1/;
			dstSubfolderSpec = 0;
			files = (
			);
			runOnlyForDeploymentPostprocessing = 1;
		};
		1843A78F1C0C34C000364F33 /* CopyFiles */ = {
			isa = PBXCopyFilesBuildPhase;
			buildActionMask = 2147483647;
			dstPath = /usr/share/man/man1/;
			dstSubfolderSpec = 0;
			files = (
			);
			runOnlyForDeploymentPostprocessing = 1;
		};
		1843A79A1C0C38F400364F33 /* CopyFiles */ = {
			isa = PBXCopyFilesBuildPhase;
			buildActionMask = 2147483647;
			dstPath = /usr/share/man/man1/;
			dstSubfolderSpec = 0;
			files = (
			);
			runOnlyForDeploymentPostprocessing = 1;
		};
		1843A7A51C0C3BC100364F33 /* CopyFiles */ = {
			isa = PBXCopyFilesBuildPhase;
			buildActionMask = 2147483647;
			dstPath = /usr/share/man/man1/;
			dstSubfolderSpec = 0;
			files = (
			);
			runOnlyForDeploymentPostprocessing = 1;
		};
		1843A7B01C0C400600364F33 /* CopyFiles */ = {
			isa = PBXCopyFilesBuildPhase;
			buildActionMask = 2147483647;
			dstPath = /usr/share/man/man1/;
			dstSubfolderSpec = 0;
			files = (
			);
			runOnlyForDeploymentPostprocessing = 1;
		};
		1843A7BB1C0C442900364F33 /* CopyFiles */ = {
			isa = PBXCopyFilesBuildPhase;
			buildActionMask = 2147483647;
			dstPath = /usr/share/man/man1/;
			dstSubfolderSpec = 0;
			files = (
			);
			runOnlyForDeploymentPostprocessing = 1;
		};
		1843A7C61C0C475500364F33 /* CopyFiles */ = {
			isa = PBXCopyFilesBuildPhase;
			buildActionMask = 2147483647;
			dstPath = /usr/share/man/man1/;
			dstSubfolderSpec = 0;
			files = (
			);
			runOnlyForDeploymentPostprocessing = 1;
		};
		185B20351C0BDA5200CDCD68 /* CopyFiles */ = {
			isa = PBXCopyFilesBuildPhase;
			buildActionMask = 2147483647;
			dstPath = /usr/share/man/man1/;
			dstSubfolderSpec = 0;
			files = (
			);
			runOnlyForDeploymentPostprocessing = 1;
		};
		185B20441C0BDD1D00CDCD68 /* CopyFiles */ = {
			isa = PBXCopyFilesBuildPhase;
			buildActionMask = 2147483647;
			dstPath = /usr/share/man/man1/;
			dstSubfolderSpec = 0;
			files = (
			);
			runOnlyForDeploymentPostprocessing = 1;
		};
		185B204F1C0BEE6900CDCD68 /* CopyFiles */ = {
			isa = PBXCopyFilesBuildPhase;
			buildActionMask = 2147483647;
			dstPath = /usr/share/man/man1/;
			dstSubfolderSpec = 0;
			files = (
			);
			runOnlyForDeploymentPostprocessing = 1;
		};
		185B205D1C0BF57E00CDCD68 /* CopyFiles */ = {
			isa = PBXCopyFilesBuildPhase;
			buildActionMask = 2147483647;
			dstPath = /usr/share/man/man1/;
			dstSubfolderSpec = 0;
			files = (
			);
			runOnlyForDeploymentPostprocessing = 1;
		};
		185B20B21C0BFA6700CDCD68 /* CopyFiles */ = {
			isa = PBXCopyFilesBuildPhase;
			buildActionMask = 2147483647;
			dstPath = /usr/share/man/man1/;
			dstSubfolderSpec = 0;
			files = (
			);
			runOnlyForDeploymentPostprocessing = 1;
		};
/* End PBXCopyFilesBuildPhase section */

/* Begin PBXFileReference section */
		1843A77B1C0C26B700364F33 /* 06-block代码块 */ = {isa = PBXFileReference; explicitFileType = "compiled.mach-o.executable"; includeInIndex = 0; path = "06-block代码块"; sourceTree = BUILT_PRODUCTS_DIR; };
		1843A77D1C0C26B700364F33 /* main.m */ = {isa = PBXFileReference; lastKnownFileType = sourcecode.c.objc; path = main.m; sourceTree = "<group>"; };
		1843A7861C0C2F5400364F33 /* 07-block的使用注意事项 */ = {isa = PBXFileReference; explicitFileType = "compiled.mach-o.executable"; includeInIndex = 0; path = "07-block的使用注意事项"; sourceTree = BUILT_PRODUCTS_DIR; };
		1843A7881C0C2F5400364F33 /* main.m */ = {isa = PBXFileReference; lastKnownFileType = sourcecode.c.objc; path = main.m; sourceTree = "<group>"; };
		1843A7911C0C34C000364F33 /* 08-typedef与block */ = {isa = PBXFileReference; explicitFileType = "compiled.mach-o.executable"; includeInIndex = 0; path = "08-typedef与block"; sourceTree = BUILT_PRODUCTS_DIR; };
		1843A7931C0C34C000364F33 /* main.m */ = {isa = PBXFileReference; lastKnownFileType = sourcecode.c.objc; path = main.m; sourceTree = "<group>"; };
		1843A79C1C0C38F400364F33 /* 09-有参数和有返回值的block */ = {isa = PBXFileReference; explicitFileType = "compiled.mach-o.executable"; includeInIndex = 0; path = "09-有参数和有返回值的block"; sourceTree = BUILT_PRODUCTS_DIR; };
		1843A79E1C0C38F400364F33 /* main.m */ = {isa = PBXFileReference; lastKnownFileType = sourcecode.c.objc; path = main.m; sourceTree = "<group>"; };
		1843A7A71C0C3BC100364F33 /* 10-有参数和有返回值的block */ = {isa = PBXFileReference; explicitFileType = "compiled.mach-o.executable"; includeInIndex = 0; path = "10-有参数和有返回值的block"; sourceTree = BUILT_PRODUCTS_DIR; };
		1843A7A91C0C3BC100364F33 /* main.m */ = {isa = PBXFileReference; lastKnownFileType = sourcecode.c.objc; path = main.m; sourceTree = "<group>"; };
		1843A7B21C0C400600364F33 /* 11-了解-访问外部变量 */ = {isa = PBXFileReference; explicitFileType = "compiled.mach-o.executable"; includeInIndex = 0; path = "11-了解-访问外部变量"; sourceTree = BUILT_PRODUCTS_DIR; };
		1843A7B41C0C400600364F33 /* main.m */ = {isa = PBXFileReference; lastKnownFileType = sourcecode.c.objc; path = main.m; sourceTree = "<group>"; };
		1843A7BD1C0C442900364F33 /* 12-了解-block与__block与外部变量 */ = {isa = PBXFileReference; explicitFileType = "compiled.mach-o.executable"; includeInIndex = 0; path = "12-了解-block与__block与外部变量"; sourceTree = BUILT_PRODUCTS_DIR; };
		1843A7BF1C0C442900364F33 /* main.m */ = {isa = PBXFileReference; lastKnownFileType = sourcecode.c.objc; path = main.m; sourceTree = "<group>"; };
		1843A7C81C0C475500364F33 /* 13-block的使用技巧 */ = {isa = PBXFileReference; explicitFileType = "compiled.mach-o.executable"; includeInIndex = 0; path = "13-block的使用技巧"; sourceTree = BUILT_PRODUCTS_DIR; };
		1843A7CA1C0C475500364F33 /* main.m */ = {isa = PBXFileReference; lastKnownFileType = sourcecode.c.objc; path = main.m; sourceTree = "<group>"; };
		1843A7CF1C0C4A6300364F33 /* Person.h */ = {isa = PBXFileReference; fileEncoding = 4; lastKnownFileType = sourcecode.c.h; path = Person.h; sourceTree = "<group>"; };
		1843A7D01C0C4A6300364F33 /* Person.m */ = {isa = PBXFileReference; fileEncoding = 4; lastKnownFileType = sourcecode.c.objc; path = Person.m; sourceTree = "<group>"; };
		185B20371C0BDA5200CDCD68 /* 01-复习-问题 */ = {isa = PBXFileReference; explicitFileType = "compiled.mach-o.executable"; includeInIndex = 0; path = "01-复习-问题"; sourceTree = BUILT_PRODUCTS_DIR; };
		185B203A1C0BDA5200CDCD68 /* main.m */ = {isa = PBXFileReference; lastKnownFileType = sourcecode.c.objc; path = main.m; sourceTree = "<group>"; };
		185B203F1C0BDA5D00CDCD68 /* Person.h */ = {isa = PBXFileReference; fileEncoding = 4; lastKnownFileType = sourcecode.c.h; path = Person.h; sourceTree = "<group>"; };
		185B20401C0BDA5D00CDCD68 /* Person.m */ = {isa = PBXFileReference; fileEncoding = 4; lastKnownFileType = sourcecode.c.objc; path = Person.m; sourceTree = "<group>"; };
		185B20461C0BDD1D00CDCD68 /* 02-Category的基本概念 */ = {isa = PBXFileReference; explicitFileType = "compiled.mach-o.executable"; includeInIndex = 0; path = "02-Category的基本概念"; sourceTree = BUILT_PRODUCTS_DIR; };
		185B20481C0BDD1D00CDCD68 /* main.m */ = {isa = PBXFileReference; lastKnownFileType = sourcecode.c.objc; path = main.m; sourceTree = "<group>"; };
		185B20511C0BEE6900CDCD68 /* 03-使用Xcode生成Category */ = {isa = PBXFileReference; explicitFileType = "compiled.mach-o.executable"; includeInIndex = 0; path = "03-使用Xcode生成Category"; sourceTree = BUILT_PRODUCTS_DIR; };
		185B20531C0BEE6900CDCD68 /* main.m */ = {isa = PBXFileReference; lastKnownFileType = sourcecode.c.objc; path = main.m; sourceTree = "<group>"; };
		185B20581C0BEEC600CDCD68 /* NSString+isMethod.h */ = {isa = PBXFileReference; fileEncoding = 4; lastKnownFileType = sourcecode.c.h; path = "NSString+isMethod.h"; sourceTree = "<group>"; };
		185B20591C0BEEC600CDCD68 /* NSString+isMethod.m */ = {isa = PBXFileReference; fileEncoding = 4; lastKnownFileType = sourcecode.c.objc; path = "NSString+isMethod.m"; sourceTree = "<group>"; };
		185B205F1C0BF57E00CDCD68 /* 04-Category的使用注意与私有扩展的概念 */ = {isa = PBXFileReference; explicitFileType = "compiled.mach-o.executable"; includeInIndex = 0; path = "04-Category的使用注意与私有扩展的概念"; sourceTree = BUILT_PRODUCTS_DIR; };
		185B20611C0BF57E00CDCD68 /* main.m */ = {isa = PBXFileReference; lastKnownFileType = sourcecode.c.objc; path = main.m; sourceTree = "<group>"; };
		185B20691C0BF62C00CDCD68 /* NSObject+Test.h */ = {isa = PBXFileReference; fileEncoding = 4; lastKnownFileType = sourcecode.c.h; path = "NSObject+Test.h"; sourceTree = "<group>"; };
		185B206A1C0BF62C00CDCD68 /* NSObject+Test.m */ = {isa = PBXFileReference; fileEncoding = 4; lastKnownFileType = sourcecode.c.objc; path = "NSObject+Test.m"; sourceTree = "<group>"; };
		185B206C1C0BF77700CDCD68 /* NSObject_Ext.h */ = {isa = PBXFileReference; fileEncoding = 4; lastKnownFileType = sourcecode.c.h; path = NSObject_Ext.h; sourceTree = "<group>"; };
		185B206D1C0BF79D00CDCD68 /* Person.h */ = {isa = PBXFileReference; fileEncoding = 4; lastKnownFileType = sourcecode.c.h; path = Person.h; sourceTree = "<group>"; };
		185B206E1C0BF79D00CDCD68 /* Person.m */ = {isa = PBXFileReference; fileEncoding = 4; lastKnownFileType = sourcecode.c.objc; path = Person.m; sourceTree = "<group>"; };
		185B20701C0BF7B500CDCD68 /* Person_PersonExt.h */ = {isa = PBXFileReference; fileEncoding = 4; lastKnownFileType = sourcecode.c.h; path = Person_PersonExt.h; sourceTree = "<group>"; };
		185B20B41C0BFA6700CDCD68 /* 05-Category与非正式协议 */ = {isa = PBXFileReference; explicitFileType = "compiled.mach-o.executable"; includeInIndex = 0; path = "05-Category与非正式协议"; sourceTree = BUILT_PRODUCTS_DIR; };
		185B20B61C0BFA6700CDCD68 /* main.m */ = {isa = PBXFileReference; lastKnownFileType = sourcecode.c.objc; path = main.m; sourceTree = "<group>"; };
/* End PBXFileReference section */

/* Begin PBXFrameworksBuildPhase section */
		1843A7781C0C26B700364F33 /* Frameworks */ = {
			isa = PBXFrameworksBuildPhase;
			buildActionMask = 2147483647;
			files = (
			);
			runOnlyForDeploymentPostprocessing = 0;
		};
		1843A7831C0C2F5400364F33 /* Frameworks */ = {
			isa = PBXFrameworksBuildPhase;
			buildActionMask = 2147483647;
			files = (
			);
			runOnlyForDeploymentPostprocessing = 0;
		};
		1843A78E1C0C34C000364F33 /* Frameworks */ = {
			isa = PBXFrameworksBuildPhase;
			buildActionMask = 2147483647;
			files = (
			);
			runOnlyForDeploymentPostprocessing = 0;
		};
		1843A7991C0C38F400364F33 /* Frameworks */ = {
			isa = PBXFrameworksBuildPhase;
			buildActionMask = 2147483647;
			files = (
			);
			runOnlyForDeploymentPostprocessing = 0;
		};
		1843A7A41C0C3BC100364F33 /* Frameworks */ = {
			isa = PBXFrameworksBuildPhase;
			buildActionMask = 2147483647;
			files = (
			);
			runOnlyForDeploymentPostprocessing = 0;
		};
		1843A7AF1C0C400600364F33 /* Frameworks */ = {
			isa = PBXFrameworksBuildPhase;
			buildActionMask = 2147483647;
			files = (
			);
			runOnlyForDeploymentPostprocessing = 0;
		};
		1843A7BA1C0C442900364F33 /* Frameworks */ = {
			isa = PBXFrameworksBuildPhase;
			buildActionMask = 2147483647;
			files = (
			);
			runOnlyForDeploymentPostprocessing = 0;
		};
		1843A7C51C0C475500364F33 /* Frameworks */ = {
			isa = PBXFrameworksBuildPhase;
			buildActionMask = 2147483647;
			files = (
			);
			runOnlyForDeploymentPostprocessing = 0;
		};
		185B20341C0BDA5200CDCD68 /* Frameworks */ = {
			isa = PBXFrameworksBuildPhase;
			buildActionMask = 2147483647;
			files = (
			);
			runOnlyForDeploymentPostprocessing = 0;
		};
		185B20431C0BDD1D00CDCD68 /* Frameworks */ = {
			isa = PBXFrameworksBuildPhase;
			buildActionMask = 2147483647;
			files = (
			);
			runOnlyForDeploymentPostprocessing = 0;
		};
		185B204E1C0BEE6900CDCD68 /* Frameworks */ = {
			isa = PBXFrameworksBuildPhase;
			buildActionMask = 2147483647;
			files = (
			);
			runOnlyForDeploymentPostprocessing = 0;
		};
		185B205C1C0BF57E00CDCD68 /* Frameworks */ = {
			isa = PBXFrameworksBuildPhase;
			buildActionMask = 2147483647;
			files = (
			);
			runOnlyForDeploymentPostprocessing = 0;
		};
		185B20B11C0BFA6700CDCD68 /* Frameworks */ = {
			isa = PBXFrameworksBuildPhase;
			buildActionMask = 2147483647;
			files = (
			);
			runOnlyForDeploymentPostprocessing = 0;
		};
/* End PBXFrameworksBuildPhase section */

/* Begin PBXGroup section */
		1843A77C1C0C26B700364F33 /* 06-block代码块 */ = {
			isa = PBXGroup;
			children = (
				1843A77D1C0C26B700364F33 /* main.m */,
			);
			path = "06-block代码块";
			sourceTree = "<group>";
		};
		1843A7871C0C2F5400364F33 /* 07-block的使用注意事项 */ = {
			isa = PBXGroup;
			children = (
				1843A7881C0C2F5400364F33 /* main.m */,
			);
			path = "07-block的使用注意事项";
			sourceTree = "<group>";
		};
		1843A7921C0C34C000364F33 /* 08-typedef与block */ = {
			isa = PBXGroup;
			children = (
				1843A7931C0C34C000364F33 /* main.m */,
			);
			path = "08-typedef与block";
			sourceTree = "<group>";
		};
		1843A79D1C0C38F400364F33 /* 09-有参数和有返回值的block */ = {
			isa = PBXGroup;
			children = (
				1843A79E1C0C38F400364F33 /* main.m */,
			);
			path = "09-有参数和有返回值的block";
			sourceTree = "<group>";
		};
		1843A7A81C0C3BC100364F33 /* 10-有参数和有返回值的block */ = {
			isa = PBXGroup;
			children = (
				1843A7A91C0C3BC100364F33 /* main.m */,
			);
			path = "10-有参数和有返回值的block";
			sourceTree = "<group>";
		};
		1843A7B31C0C400600364F33 /* 11-了解-访问外部变量 */ = {
			isa = PBXGroup;
			children = (
				1843A7B41C0C400600364F33 /* main.m */,
			);
			path = "11-了解-访问外部变量";
			sourceTree = "<group>";
		};
		1843A7BE1C0C442900364F33 /* 12-了解-block与__block与外部变量 */ = {
			isa = PBXGroup;
			children = (
				1843A7BF1C0C442900364F33 /* main.m */,
			);
			path = "12-了解-block与__block与外部变量";
			sourceTree = "<group>";
		};
		1843A7C91C0C475500364F33 /* 13-block的使用技巧 */ = {
			isa = PBXGroup;
			children = (
				1843A7CA1C0C475500364F33 /* main.m */,
				1843A7CF1C0C4A6300364F33 /* Person.h */,
				1843A7D01C0C4A6300364F33 /* Person.m */,
			);
			path = "13-block的使用技巧";
			sourceTree = "<group>";
		};
		185B20381C0BDA5200CDCD68 /* Products */ = {
			isa = PBXGroup;
			children = (
				185B20371C0BDA5200CDCD68 /* 01-复习-问题 */,
				185B20461C0BDD1D00CDCD68 /* 02-Category的基本概念 */,
				185B20511C0BEE6900CDCD68 /* 03-使用Xcode生成Category */,
				185B205F1C0BF57E00CDCD68 /* 04-Category的使用注意与私有扩展的概念 */,
				185B20B41C0BFA6700CDCD68 /* 05-Category与非正式协议 */,
				1843A77B1C0C26B700364F33 /* 06-block代码块 */,
				1843A7861C0C2F5400364F33 /* 07-block的使用注意事项 */,
				1843A7911C0C34C000364F33 /* 08-typedef与block */,
				1843A79C1C0C38F400364F33 /* 09-有参数和有返回值的block */,
				1843A7A71C0C3BC100364F33 /* 10-有参数和有返回值的block */,
				1843A7B21C0C400600364F33 /* 11-了解-访问外部变量 */,
				1843A7BD1C0C442900364F33 /* 12-了解-block与__block与外部变量 */,
				1843A7C81C0C475500364F33 /* 13-block的使用技巧 */,
			);
			name = Products;
			sourceTree = "<group>";
		};
		185B20391C0BDA5200CDCD68 /* 01-复习-问题 */ = {
			isa = PBXGroup;
			children = (
				185B203A1C0BDA5200CDCD68 /* main.m */,
				185B203F1C0BDA5D00CDCD68 /* Person.h */,
				185B20401C0BDA5D00CDCD68 /* Person.m */,
			);
			path = "01-复习-问题";
			sourceTree = "<group>";
		};
		185B20471C0BDD1D00CDCD68 /* 02-Category的基本概念 */ = {
			isa = PBXGroup;
			children = (
				185B20481C0BDD1D00CDCD68 /* main.m */,
			);
			path = "02-Category的基本概念";
			sourceTree = "<group>";
		};
		185B20521C0BEE6900CDCD68 /* 03-使用Xcode生成Category */ = {
			isa = PBXGroup;
			children = (
				185B20531C0BEE6900CDCD68 /* main.m */,
				185B20581C0BEEC600CDCD68 /* NSString+isMethod.h */,
				185B20591C0BEEC600CDCD68 /* NSString+isMethod.m */,
			);
			path = "03-使用Xcode生成Category";
			sourceTree = "<group>";
		};
		185B20601C0BF57E00CDCD68 /* 04-Category的使用注意与私有扩展的概念 */ = {
			isa = PBXGroup;
			children = (
				185B20611C0BF57E00CDCD68 /* main.m */,
				185B20691C0BF62C00CDCD68 /* NSObject+Test.h */,
				185B206A1C0BF62C00CDCD68 /* NSObject+Test.m */,
				185B206C1C0BF77700CDCD68 /* NSObject_Ext.h */,
				185B206D1C0BF79D00CDCD68 /* Person.h */,
				185B206E1C0BF79D00CDCD68 /* Person.m */,
				185B20701C0BF7B500CDCD68 /* Person_PersonExt.h */,
			);
			path = "04-Category的使用注意与私有扩展的概念";
			sourceTree = "<group>";
		};
		185B20B51C0BFA6700CDCD68 /* 05-Category与非正式协议 */ = {
			isa = PBXGroup;
			children = (
				185B20B61C0BFA6700CDCD68 /* main.m */,
			);
			path = "05-Category与非正式协议";
			sourceTree = "<group>";
		};
		18F028321C0BD5490043BA52 = {
			isa = PBXGroup;
			children = (
				185B20391C0BDA5200CDCD68 /* 01-复习-问题 */,
				185B20471C0BDD1D00CDCD68 /* 02-Category的基本概念 */,
				185B20521C0BEE6900CDCD68 /* 03-使用Xcode生成Category */,
				185B20601C0BF57E00CDCD68 /* 04-Category的使用注意与私有扩展的概念 */,
				185B20B51C0BFA6700CDCD68 /* 05-Category与非正式协议 */,
				1843A77C1C0C26B700364F33 /* 06-block代码块 */,
				1843A7871C0C2F5400364F33 /* 07-block的使用注意事项 */,
				1843A7921C0C34C000364F33 /* 08-typedef与block */,
				1843A79D1C0C38F400364F33 /* 09-有参数和有返回值的block */,
				1843A7A81C0C3BC100364F33 /* 10-有参数和有返回值的block */,
				1843A7B31C0C400600364F33 /* 11-了解-访问外部变量 */,
				1843A7BE1C0C442900364F33 /* 12-了解-block与__block与外部变量 */,
				1843A7C91C0C475500364F33 /* 13-block的使用技巧 */,
				185B20381C0BDA5200CDCD68 /* Products */,
			);
			sourceTree = "<group>";
		};
/* End PBXGroup section */

/* Begin PBXNativeTarget section */
		1843A77A1C0C26B700364F33 /* 06-block代码块 */ = {
			isa = PBXNativeTarget;
			buildConfigurationList = 1843A7811C0C26B800364F33 /* Build configuration list for PBXNativeTarget "06-block代码块" */;
			buildPhases = (
				1843A7771C0C26B700364F33 /* Sources */,
				1843A7781C0C26B700364F33 /* Frameworks */,
				1843A7791C0C26B700364F33 /* CopyFiles */,
			);
			buildRules = (
			);
			dependencies = (
			);
			name = "06-block代码块";
			productName = "06-block代码块";
			productReference = 1843A77B1C0C26B700364F33 /* 06-block代码块 */;
			productType = "com.apple.product-type.tool";
		};
		1843A7851C0C2F5400364F33 /* 07-block的使用注意事项 */ = {
			isa = PBXNativeTarget;
			buildConfigurationList = 1843A78A1C0C2F5400364F33 /* Build configuration list for PBXNativeTarget "07-block的使用注意事项" */;
			buildPhases = (
				1843A7821C0C2F5400364F33 /* Sources */,
				1843A7831C0C2F5400364F33 /* Frameworks */,
				1843A7841C0C2F5400364F33 /* CopyFiles */,
			);
			buildRules = (
			);
			dependencies = (
			);
			name = "07-block的使用注意事项";
			productName = "07-block的使用注意事项";
			productReference = 1843A7861C0C2F5400364F33 /* 07-block的使用注意事项 */;
			productType = "com.apple.product-type.tool";
		};
		1843A7901C0C34C000364F33 /* 08-typedef与block */ = {
			isa = PBXNativeTarget;
			buildConfigurationList = 1843A7951C0C34C000364F33 /* Build configuration list for PBXNativeTarget "08-typedef与block" */;
			buildPhases = (
				1843A78D1C0C34C000364F33 /* Sources */,
				1843A78E1C0C34C000364F33 /* Frameworks */,
				1843A78F1C0C34C000364F33 /* CopyFiles */,
			);
			buildRules = (
			);
			dependencies = (
			);
			name = "08-typedef与block";
			productName = "08-typedef与block";
			productReference = 1843A7911C0C34C000364F33 /* 08-typedef与block */;
			productType = "com.apple.product-type.tool";
		};
		1843A79B1C0C38F400364F33 /* 09-有参数和有返回值的block */ = {
			isa = PBXNativeTarget;
			buildConfigurationList = 1843A7A01C0C38F400364F33 /* Build configuration list for PBXNativeTarget "09-有参数和有返回值的block" */;
			buildPhases = (
				1843A7981C0C38F400364F33 /* Sources */,
				1843A7991C0C38F400364F33 /* Frameworks */,
				1843A79A1C0C38F400364F33 /* CopyFiles */,
			);
			buildRules = (
			);
			dependencies = (
			);
			name = "09-有参数和有返回值的block";
			productName = "09-有参数和有返回值的block";
			productReference = 1843A79C1C0C38F400364F33 /* 09-有参数和有返回值的block */;
			productType = "com.apple.product-type.tool";
		};
		1843A7A61C0C3BC100364F33 /* 10-有参数和有返回值的block */ = {
			isa = PBXNativeTarget;
			buildConfigurationList = 1843A7AB1C0C3BC100364F33 /* Build configuration list for PBXNativeTarget "10-有参数和有返回值的block" */;
			buildPhases = (
				1843A7A31C0C3BC100364F33 /* Sources */,
				1843A7A41C0C3BC100364F33 /* Frameworks */,
				1843A7A51C0C3BC100364F33 /* CopyFiles */,
			);
			buildRules = (
			);
			dependencies = (
			);
			name = "10-有参数和有返回值的block";
			productName = "10-有参数和有返回值的block";
			productReference = 1843A7A71C0C3BC100364F33 /* 10-有参数和有返回值的block */;
			productType = "com.apple.product-type.tool";
		};
		1843A7B11C0C400600364F33 /* 11-了解-访问外部变量 */ = {
			isa = PBXNativeTarget;
			buildConfigurationList = 1843A7B61C0C400600364F33 /* Build configuration list for PBXNativeTarget "11-了解-访问外部变量" */;
			buildPhases = (
				1843A7AE1C0C400600364F33 /* Sources */,
				1843A7AF1C0C400600364F33 /* Frameworks */,
				1843A7B01C0C400600364F33 /* CopyFiles */,
			);
			buildRules = (
			);
			dependencies = (
			);
			name = "11-了解-访问外部变量";
			productName = "11-了解-访问外部变量";
			productReference = 1843A7B21C0C400600364F33 /* 11-了解-访问外部变量 */;
			productType = "com.apple.product-type.tool";
		};
		1843A7BC1C0C442900364F33 /* 12-了解-block与__block与外部变量 */ = {
			isa = PBXNativeTarget;
			buildConfigurationList = 1843A7C11C0C442900364F33 /* Build configuration list for PBXNativeTarget "12-了解-block与__block与外部变量" */;
			buildPhases = (
				1843A7B91C0C442900364F33 /* Sources */,
				1843A7BA1C0C442900364F33 /* Frameworks */,
				1843A7BB1C0C442900364F33 /* CopyFiles */,
			);
			buildRules = (
			);
			dependencies = (
			);
			name = "12-了解-block与__block与外部变量";
			productName = "12-了解-block与__block与外部变量";
			productReference = 1843A7BD1C0C442900364F33 /* 12-了解-block与__block与外部变量 */;
			productType = "com.apple.product-type.tool";
		};
		1843A7C71C0C475500364F33 /* 13-block的使用技巧 */ = {
			isa = PBXNativeTarget;
			buildConfigurationList = 1843A7CC1C0C475500364F33 /* Build configuration list for PBXNativeTarget "13-block的使用技巧" */;
			buildPhases = (
				1843A7C41C0C475500364F33 /* Sources */,
				1843A7C51C0C475500364F33 /* Frameworks */,
				1843A7C61C0C475500364F33 /* CopyFiles */,
			);
			buildRules = (
			);
			dependencies = (
			);
			name = "13-block的使用技巧";
			productName = "13-block的使用技巧";
			productReference = 1843A7C81C0C475500364F33 /* 13-block的使用技巧 */;
			productType = "com.apple.product-type.tool";
		};
		185B20361C0BDA5200CDCD68 /* 01-复习-问题 */ = {
			isa = PBXNativeTarget;
			buildConfigurationList = 185B203E1C0BDA5200CDCD68 /* Build configuration list for PBXNativeTarget "01-复习-问题" */;
			buildPhases = (
				185B20331C0BDA5200CDCD68 /* Sources */,
				185B20341C0BDA5200CDCD68 /* Frameworks */,
				185B20351C0BDA5200CDCD68 /* CopyFiles */,
			);
			buildRules = (
			);
			dependencies = (
			);
			name = "01-复习-问题";
			productName = "01-复习-问题";
			productReference = 185B20371C0BDA5200CDCD68 /* 01-复习-问题 */;
			productType = "com.apple.product-type.tool";
		};
		185B20451C0BDD1D00CDCD68 /* 02-Category的基本概念 */ = {
			isa = PBXNativeTarget;
			buildConfigurationList = 185B204A1C0BDD1D00CDCD68 /* Build configuration list for PBXNativeTarget "02-Category的基本概念" */;
			buildPhases = (
				185B20421C0BDD1D00CDCD68 /* Sources */,
				185B20431C0BDD1D00CDCD68 /* Frameworks */,
				185B20441C0BDD1D00CDCD68 /* CopyFiles */,
			);
			buildRules = (
			);
			dependencies = (
			);
			name = "02-Category的基本概念";
			productName = "02-Category的基本概念";
			productReference = 185B20461C0BDD1D00CDCD68 /* 02-Category的基本概念 */;
			productType = "com.apple.product-type.tool";
		};
		185B20501C0BEE6900CDCD68 /* 03-使用Xcode生成Category */ = {
			isa = PBXNativeTarget;
			buildConfigurationList = 185B20551C0BEE6900CDCD68 /* Build configuration list for PBXNativeTarget "03-使用Xcode生成Category" */;
			buildPhases = (
				185B204D1C0BEE6900CDCD68 /* Sources */,
				185B204E1C0BEE6900CDCD68 /* Frameworks */,
				185B204F1C0BEE6900CDCD68 /* CopyFiles */,
			);
			buildRules = (
			);
			dependencies = (
			);
			name = "03-使用Xcode生成Category";
			productName = "03-使用Xcode生成Category";
			productReference = 185B20511C0BEE6900CDCD68 /* 03-使用Xcode生成Category */;
			productType = "com.apple.product-type.tool";
		};
		185B205E1C0BF57E00CDCD68 /* 04-Category的使用注意与私有扩展的概念 */ = {
			isa = PBXNativeTarget;
			buildConfigurationList = 185B20631C0BF57E00CDCD68 /* Build configuration list for PBXNativeTarget "04-Category的使用注意与私有扩展的概念" */;
			buildPhases = (
				185B205B1C0BF57E00CDCD68 /* Sources */,
				185B205C1C0BF57E00CDCD68 /* Frameworks */,
				185B205D1C0BF57E00CDCD68 /* CopyFiles */,
			);
			buildRules = (
			);
			dependencies = (
			);
			name = "04-Category的使用注意与私有扩展的概念";
			productName = "04-Category的使用注意与私有扩展的概念";
			productReference = 185B205F1C0BF57E00CDCD68 /* 04-Category的使用注意与私有扩展的概念 */;
			productType = "com.apple.product-type.tool";
		};
		185B20B31C0BFA6700CDCD68 /* 05-Category与非正式协议 */ = {
			isa = PBXNativeTarget;
			buildConfigurationList = 185B20B81C0BFA6700CDCD68 /* Build configuration list for PBXNativeTarget "05-Category与非正式协议" */;
			buildPhases = (
				185B20B01C0BFA6700CDCD68 /* Sources */,
				185B20B11C0BFA6700CDCD68 /* Frameworks */,
				185B20B21C0BFA6700CDCD68 /* CopyFiles */,
			);
			buildRules = (
			);
			dependencies = (
			);
			name = "05-Category与非正式协议";
			productName = "05-Category与非正式协议";
			productReference = 185B20B41C0BFA6700CDCD68 /* 05-Category与非正式协议 */;
			productType = "com.apple.product-type.tool";
		};
/* End PBXNativeTarget section */

/* Begin PBXProject section */
		18F028331C0BD5490043BA52 /* Project object */ = {
			isa = PBXProject;
			attributes = {
				LastUpgradeCheck = 0700;
				TargetAttributes = {
					1843A77A1C0C26B700364F33 = {
						CreatedOnToolsVersion = 7.0.1;
					};
					1843A7851C0C2F5400364F33 = {
						CreatedOnToolsVersion = 7.0.1;
					};
					1843A7901C0C34C000364F33 = {
						CreatedOnToolsVersion = 7.0.1;
					};
					1843A79B1C0C38F400364F33 = {
						CreatedOnToolsVersion = 7.0.1;
					};
					1843A7A61C0C3BC100364F33 = {
						CreatedOnToolsVersion = 7.0.1;
					};
					1843A7B11C0C400600364F33 = {
						CreatedOnToolsVersion = 7.0.1;
					};
					1843A7BC1C0C442900364F33 = {
						CreatedOnToolsVersion = 7.0.1;
					};
					1843A7C71C0C475500364F33 = {
						CreatedOnToolsVersion = 7.0.1;
					};
					185B20361C0BDA5200CDCD68 = {
						CreatedOnToolsVersion = 7.0.1;
					};
					185B20451C0BDD1D00CDCD68 = {
						CreatedOnToolsVersion = 7.0.1;
					};
					185B20501C0BEE6900CDCD68 = {
						CreatedOnToolsVersion = 7.0.1;
					};
					185B205E1C0BF57E00CDCD68 = {
						CreatedOnToolsVersion = 7.0.1;
					};
					185B20B31C0BFA6700CDCD68 = {
						CreatedOnToolsVersion = 7.0.1;
					};
				};
			};
			buildConfigurationList = 18F028361C0BD5490043BA52 /* Build configuration list for PBXProject "OC加强-03" */;
			compatibilityVersion = "Xcode 3.2";
			developmentRegion = English;
			hasScannedForEncodings = 0;
			knownRegions = (
				en,
			);
			mainGroup = 18F028321C0BD5490043BA52;
			productRefGroup = 185B20381C0BDA5200CDCD68 /* Products */;
			projectDirPath = "";
			projectRoot = "";
			targets = (
				185B20361C0BDA5200CDCD68 /* 01-复习-问题 */,
				185B20451C0BDD1D00CDCD68 /* 02-Category的基本概念 */,
				185B20501C0BEE6900CDCD68 /* 03-使用Xcode生成Category */,
				185B205E1C0BF57E00CDCD68 /* 04-Category的使用注意与私有扩展的概念 */,
				185B20B31C0BFA6700CDCD68 /* 05-Category与非正式协议 */,
				1843A77A1C0C26B700364F33 /* 06-block代码块 */,
				1843A7851C0C2F5400364F33 /* 07-block的使用注意事项 */,
				1843A7901C0C34C000364F33 /* 08-typedef与block */,
				1843A79B1C0C38F400364F33 /* 09-有参数和有返回值的block */,
				1843A7A61C0C3BC100364F33 /* 10-有参数和有返回值的block */,
				1843A7B11C0C400600364F33 /* 11-了解-访问外部变量 */,
				1843A7BC1C0C442900364F33 /* 12-了解-block与__block与外部变量 */,
				1843A7C71C0C475500364F33 /* 13-block的使用技巧 */,
			);
		};
/* End PBXProject section */

/* Begin PBXSourcesBuildPhase section */
		1843A7771C0C26B700364F33 /* Sources */ = {
			isa = PBXSourcesBuildPhase;
			buildActionMask = 2147483647;
			files = (
				1843A77E1C0C26B700364F33 /* main.m in Sources */,
			);
			runOnlyForDeploymentPostprocessing = 0;
		};
		1843A7821C0C2F5400364F33 /* Sources */ = {
			isa = PBXSourcesBuildPhase;
			buildActionMask = 2147483647;
			files = (
				1843A7891C0C2F5400364F33 /* main.m in Sources */,
			);
			runOnlyForDeploymentPostprocessing = 0;
		};
		1843A78D1C0C34C000364F33 /* Sources */ = {
			isa = PBXSourcesBuildPhase;
			buildActionMask = 2147483647;
			files = (
				1843A7941C0C34C000364F33 /* main.m in Sources */,
			);
			runOnlyForDeploymentPostprocessing = 0;
		};
		1843A7981C0C38F400364F33 /* Sources */ = {
			isa = PBXSourcesBuildPhase;
			buildActionMask = 2147483647;
			files = (
				1843A79F1C0C38F400364F33 /* main.m in Sources */,
			);
			runOnlyForDeploymentPostprocessing = 0;
		};
		1843A7A31C0C3BC100364F33 /* Sources */ = {
			isa = PBXSourcesBuildPhase;
			buildActionMask = 2147483647;
			files = (
				1843A7AA1C0C3BC100364F33 /* main.m in Sources */,
			);
			runOnlyForDeploymentPostprocessing = 0;
		};
		1843A7AE1C0C400600364F33 /* Sources */ = {
			isa = PBXSourcesBuildPhase;
			buildActionMask = 2147483647;
			files = (
				1843A7B51C0C400600364F33 /* main.m in Sources */,
			);
			runOnlyForDeploymentPostprocessing = 0;
		};
		1843A7B91C0C442900364F33 /* Sources */ = {
			isa = PBXSourcesBuildPhase;
			buildActionMask = 2147483647;
			files = (
				1843A7C01C0C442900364F33 /* main.m in Sources */,
			);
			runOnlyForDeploymentPostprocessing = 0;
		};
		1843A7C41C0C475500364F33 /* Sources */ = {
			isa = PBXSourcesBuildPhase;
			buildActionMask = 2147483647;
			files = (
				1843A7D11C0C4A6300364F33 /* Person.m in Sources */,
				1843A7CB1C0C475500364F33 /* main.m in Sources */,
			);
			runOnlyForDeploymentPostprocessing = 0;
		};
		185B20331C0BDA5200CDCD68 /* Sources */ = {
			isa = PBXSourcesBuildPhase;
			buildActionMask = 2147483647;
			files = (
				185B20411C0BDA5D00CDCD68 /* Person.m in Sources */,
				185B203B1C0BDA5200CDCD68 /* main.m in Sources */,
			);
			runOnlyForDeploymentPostprocessing = 0;
		};
		185B20421C0BDD1D00CDCD68 /* Sources */ = {
			isa = PBXSourcesBuildPhase;
			buildActionMask = 2147483647;
			files = (
				185B20491C0BDD1D00CDCD68 /* main.m in Sources */,
			);
			runOnlyForDeploymentPostprocessing = 0;
		};
		185B204D1C0BEE6900CDCD68 /* Sources */ = {
			isa = PBXSourcesBuildPhase;
			buildActionMask = 2147483647;
			files = (
				185B205A1C0BEEC600CDCD68 /* NSString+isMethod.m in Sources */,
				185B20541C0BEE6900CDCD68 /* main.m in Sources */,
			);
			runOnlyForDeploymentPostprocessing = 0;
		};
		185B205B1C0BF57E00CDCD68 /* Sources */ = {
			isa = PBXSourcesBuildPhase;
			buildActionMask = 2147483647;
			files = (
				185B206F1C0BF79D00CDCD68 /* Person.m in Sources */,
				185B20621C0BF57E00CDCD68 /* main.m in Sources */,
				185B206B1C0BF62C00CDCD68 /* NSObject+Test.m in Sources */,
			);
			runOnlyForDeploymentPostprocessing = 0;
		};
		185B20B01C0BFA6700CDCD68 /* Sources */ = {
			isa = PBXSourcesBuildPhase;
			buildActionMask = 2147483647;
			files = (
				185B20B71C0BFA6700CDCD68 /* main.m in Sources */,
			);
			runOnlyForDeploymentPostprocessing = 0;
		};
/* End PBXSourcesBuildPhase section */

/* Begin XCBuildConfiguration section */
		1843A77F1C0C26B800364F33 /* Debug */ = {
			isa = XCBuildConfiguration;
			buildSettings = {
				ALWAYS_SEARCH_USER_PATHS = NO;
				CLANG_CXX_LANGUAGE_STANDARD = "gnu++0x";
				CLANG_CXX_LIBRARY = "libc++";
				CLANG_ENABLE_MODULES = YES;
				CLANG_ENABLE_OBJC_ARC = YES;
				CLANG_WARN_BOOL_CONVERSION = YES;
				CLANG_WARN_CONSTANT_CONVERSION = YES;
				CLANG_WARN_DIRECT_OBJC_ISA_USAGE = YES_ERROR;
				CLANG_WARN_EMPTY_BODY = YES;
				CLANG_WARN_ENUM_CONVERSION = YES;
				CLANG_WARN_INT_CONVERSION = YES;
				CLANG_WARN_OBJC_ROOT_CLASS = YES_ERROR;
				CLANG_WARN_UNREACHABLE_CODE = YES;
				CLANG_WARN__DUPLICATE_METHOD_MATCH = YES;
				COPY_PHASE_STRIP = NO;
				DEBUG_INFORMATION_FORMAT = dwarf;
				ENABLE_STRICT_OBJC_MSGSEND = YES;
				ENABLE_TESTABILITY = YES;
				GCC_C_LANGUAGE_STANDARD = gnu99;
				GCC_DYNAMIC_NO_PIC = NO;
				GCC_NO_COMMON_BLOCKS = YES;
				GCC_OPTIMIZATION_LEVEL = 0;
				GCC_PREPROCESSOR_DEFINITIONS = (
					"DEBUG=1",
					"$(inherited)",
				);
				GCC_WARN_64_TO_32_BIT_CONVERSION = YES;
				GCC_WARN_ABOUT_RETURN_TYPE = YES_ERROR;
				GCC_WARN_UNDECLARED_SELECTOR = YES;
				GCC_WARN_UNINITIALIZED_AUTOS = YES_AGGRESSIVE;
				GCC_WARN_UNUSED_FUNCTION = YES;
				GCC_WARN_UNUSED_VARIABLE = YES;
				MACOSX_DEPLOYMENT_TARGET = 10.10;
				MTL_ENABLE_DEBUG_INFO = YES;
				ONLY_ACTIVE_ARCH = YES;
				PRODUCT_NAME = "$(TARGET_NAME)";
				SDKROOT = macosx;
			};
			name = Debug;
		};
		1843A7801C0C26B800364F33 /* Release */ = {
			isa = XCBuildConfiguration;
			buildSettings = {
				ALWAYS_SEARCH_USER_PATHS = NO;
				CLANG_CXX_LANGUAGE_STANDARD = "gnu++0x";
				CLANG_CXX_LIBRARY = "libc++";
				CLANG_ENABLE_MODULES = YES;
				CLANG_ENABLE_OBJC_ARC = YES;
				CLANG_WARN_BOOL_CONVERSION = YES;
				CLANG_WARN_CONSTANT_CONVERSION = YES;
				CLANG_WARN_DIRECT_OBJC_ISA_USAGE = YES_ERROR;
				CLANG_WARN_EMPTY_BODY = YES;
				CLANG_WARN_ENUM_CONVERSION = YES;
				CLANG_WARN_INT_CONVERSION = YES;
				CLANG_WARN_OBJC_ROOT_CLASS = YES_ERROR;
				CLANG_WARN_UNREACHABLE_CODE = YES;
				CLANG_WARN__DUPLICATE_METHOD_MATCH = YES;
				COPY_PHASE_STRIP = NO;
				DEBUG_INFORMATION_FORMAT = "dwarf-with-dsym";
				ENABLE_NS_ASSERTIONS = NO;
				ENABLE_STRICT_OBJC_MSGSEND = YES;
				GCC_C_LANGUAGE_STANDARD = gnu99;
				GCC_NO_COMMON_BLOCKS = YES;
				GCC_WARN_64_TO_32_BIT_CONVERSION = YES;
				GCC_WARN_ABOUT_RETURN_TYPE = YES_ERROR;
				GCC_WARN_UNDECLARED_SELECTOR = YES;
				GCC_WARN_UNINITIALIZED_AUTOS = YES_AGGRESSIVE;
				GCC_WARN_UNUSED_FUNCTION = YES;
				GCC_WARN_UNUSED_VARIABLE = YES;
				MACOSX_DEPLOYMENT_TARGET = 10.10;
				MTL_ENABLE_DEBUG_INFO = NO;
				PRODUCT_NAME = "$(TARGET_NAME)";
				SDKROOT = macosx;
			};
			name = Release;
		};
		1843A78B1C0C2F5400364F33 /* Debug */ = {
			isa = XCBuildConfiguration;
			buildSettings = {
				ALWAYS_SEARCH_USER_PATHS = NO;
				CLANG_CXX_LANGUAGE_STANDARD = "gnu++0x";
				CLANG_CXX_LIBRARY = "libc++";
				CLANG_ENABLE_MODULES = YES;
				CLANG_ENABLE_OBJC_ARC = YES;
				CLANG_WARN_BOOL_CONVERSION = YES;
				CLANG_WARN_CONSTANT_CONVERSION = YES;
				CLANG_WARN_DIRECT_OBJC_ISA_USAGE = YES_ERROR;
				CLANG_WARN_EMPTY_BODY = YES;
				CLANG_WARN_ENUM_CONVERSION = YES;
				CLANG_WARN_INT_CONVERSION = YES;
				CLANG_WARN_OBJC_ROOT_CLASS = YES_ERROR;
				CLANG_WARN_UNREACHABLE_CODE = YES;
				CLANG_WARN__DUPLICATE_METHOD_MATCH = YES;
				COPY_PHASE_STRIP = NO;
				DEBUG_INFORMATION_FORMAT = dwarf;
				ENABLE_STRICT_OBJC_MSGSEND = YES;
				ENABLE_TESTABILITY = YES;
				GCC_C_LANGUAGE_STANDARD = gnu99;
				GCC_DYNAMIC_NO_PIC = NO;
				GCC_NO_COMMON_BLOCKS = YES;
				GCC_OPTIMIZATION_LEVEL = 0;
				GCC_PREPROCESSOR_DEFINITIONS = (
					"DEBUG=1",
					"$(inherited)",
				);
				GCC_WARN_64_TO_32_BIT_CONVERSION = YES;
				GCC_WARN_ABOUT_RETURN_TYPE = YES_ERROR;
				GCC_WARN_UNDECLARED_SELECTOR = YES;
				GCC_WARN_UNINITIALIZED_AUTOS = YES_AGGRESSIVE;
				GCC_WARN_UNUSED_FUNCTION = YES;
				GCC_WARN_UNUSED_VARIABLE = YES;
				MACOSX_DEPLOYMENT_TARGET = 10.10;
				MTL_ENABLE_DEBUG_INFO = YES;
				ONLY_ACTIVE_ARCH = YES;
				PRODUCT_NAME = "$(TARGET_NAME)";
				SDKROOT = macosx;
			};
			name = Debug;
		};
		1843A78C1C0C2F5400364F33 /* Release */ = {
			isa = XCBuildConfiguration;
			buildSettings = {
				ALWAYS_SEARCH_USER_PATHS = NO;
				CLANG_CXX_LANGUAGE_STANDARD = "gnu++0x";
				CLANG_CXX_LIBRARY = "libc++";
				CLANG_ENABLE_MODULES = YES;
				CLANG_ENABLE_OBJC_ARC = YES;
				CLANG_WARN_BOOL_CONVERSION = YES;
				CLANG_WARN_CONSTANT_CONVERSION = YES;
				CLANG_WARN_DIRECT_OBJC_ISA_USAGE = YES_ERROR;
				CLANG_WARN_EMPTY_BODY = YES;
				CLANG_WARN_ENUM_CONVERSION = YES;
				CLANG_WARN_INT_CONVERSION = YES;
				CLANG_WARN_OBJC_ROOT_CLASS = YES_ERROR;
				CLANG_WARN_UNREACHABLE_CODE = YES;
				CLANG_WARN__DUPLICATE_METHOD_MATCH = YES;
				COPY_PHASE_STRIP = NO;
				DEBUG_INFORMATION_FORMAT = "dwarf-with-dsym";
				ENABLE_NS_ASSERTIONS = NO;
				ENABLE_STRICT_OBJC_MSGSEND = YES;
				GCC_C_LANGUAGE_STANDARD = gnu99;
				GCC_NO_COMMON_BLOCKS = YES;
				GCC_WARN_64_TO_32_BIT_CONVERSION = YES;
				GCC_WARN_ABOUT_RETURN_TYPE = YES_ERROR;
				GCC_WARN_UNDECLARED_SELECTOR = YES;
				GCC_WARN_UNINITIALIZED_AUTOS = YES_AGGRESSIVE;
				GCC_WARN_UNUSED_FUNCTION = YES;
				GCC_WARN_UNUSED_VARIABLE = YES;
				MACOSX_DEPLOYMENT_TARGET = 10.10;
				MTL_ENABLE_DEBUG_INFO = NO;
				PRODUCT_NAME = "$(TARGET_NAME)";
				SDKROOT = macosx;
			};
			name = Release;
		};
		1843A7961C0C34C000364F33 /* Debug */ = {
			isa = XCBuildConfiguration;
			buildSettings = {
				ALWAYS_SEARCH_USER_PATHS = NO;
				CLANG_CXX_LANGUAGE_STANDARD = "gnu++0x";
				CLANG_CXX_LIBRARY = "libc++";
				CLANG_ENABLE_MODULES = YES;
				CLANG_ENABLE_OBJC_ARC = YES;
				CLANG_WARN_BOOL_CONVERSION = YES;
				CLANG_WARN_CONSTANT_CONVERSION = YES;
				CLANG_WARN_DIRECT_OBJC_ISA_USAGE = YES_ERROR;
				CLANG_WARN_EMPTY_BODY = YES;
				CLANG_WARN_ENUM_CONVERSION = YES;
				CLANG_WARN_INT_CONVERSION = YES;
				CLANG_WARN_OBJC_ROOT_CLASS = YES_ERROR;
				CLANG_WARN_UNREACHABLE_CODE = YES;
				CLANG_WARN__DUPLICATE_METHOD_MATCH = YES;
				COPY_PHASE_STRIP = NO;
				DEBUG_INFORMATION_FORMAT = dwarf;
				ENABLE_STRICT_OBJC_MSGSEND = YES;
				ENABLE_TESTABILITY = YES;
				GCC_C_LANGUAGE_STANDARD = gnu99;
				GCC_DYNAMIC_NO_PIC = NO;
				GCC_NO_COMMON_BLOCKS = YES;
				GCC_OPTIMIZATION_LEVEL = 0;
				GCC_PREPROCESSOR_DEFINITIONS = (
					"DEBUG=1",
					"$(inherited)",
				);
				GCC_WARN_64_TO_32_BIT_CONVERSION = YES;
				GCC_WARN_ABOUT_RETURN_TYPE = YES_ERROR;
				GCC_WARN_UNDECLARED_SELECTOR = YES;
				GCC_WARN_UNINITIALIZED_AUTOS = YES_AGGRESSIVE;
				GCC_WARN_UNUSED_FUNCTION = YES;
				GCC_WARN_UNUSED_VARIABLE = YES;
				MACOSX_DEPLOYMENT_TARGET = 10.10;
				MTL_ENABLE_DEBUG_INFO = YES;
				ONLY_ACTIVE_ARCH = YES;
				PRODUCT_NAME = "$(TARGET_NAME)";
				SDKROOT = macosx;
			};
			name = Debug;
		};
		1843A7971C0C34C000364F33 /* Release */ = {
			isa = XCBuildConfiguration;
			buildSettings = {
				ALWAYS_SEARCH_USER_PATHS = NO;
				CLANG_CXX_LANGUAGE_STANDARD = "gnu++0x";
				CLANG_CXX_LIBRARY = "libc++";
				CLANG_ENABLE_MODULES = YES;
				CLANG_ENABLE_OBJC_ARC = YES;
				CLANG_WARN_BOOL_CONVERSION = YES;
				CLANG_WARN_CONSTANT_CONVERSION = YES;
				CLANG_WARN_DIRECT_OBJC_ISA_USAGE = YES_ERROR;
				CLANG_WARN_EMPTY_BODY = YES;
				CLANG_WARN_ENUM_CONVERSION = YES;
				CLANG_WARN_INT_CONVERSION = YES;
				CLANG_WARN_OBJC_ROOT_CLASS = YES_ERROR;
				CLANG_WARN_UNREACHABLE_CODE = YES;
				CLANG_WARN__DUPLICATE_METHOD_MATCH = YES;
				COPY_PHASE_STRIP = NO;
				DEBUG_INFORMATION_FORMAT = "dwarf-with-dsym";
				ENABLE_NS_ASSERTIONS = NO;
				ENABLE_STRICT_OBJC_MSGSEND = YES;
				GCC_C_LANGUAGE_STANDARD = gnu99;
				GCC_NO_COMMON_BLOCKS = YES;
				GCC_WARN_64_TO_32_BIT_CONVERSION = YES;
				GCC_WARN_ABOUT_RETURN_TYPE = YES_ERROR;
				GCC_WARN_UNDECLARED_SELECTOR = YES;
				GCC_WARN_UNINITIALIZED_AUTOS = YES_AGGRESSIVE;
				GCC_WARN_UNUSED_FUNCTION = YES;
				GCC_WARN_UNUSED_VARIABLE = YES;
				MACOSX_DEPLOYMENT_TARGET = 10.10;
				MTL_ENABLE_DEBUG_INFO = NO;
				PRODUCT_NAME = "$(TARGET_NAME)";
				SDKROOT = macosx;
			};
			name = Release;
		};
		1843A7A11C0C38F400364F33 /* Debug */ = {
			isa = XCBuildConfiguration;
			buildSettings = {
				ALWAYS_SEARCH_USER_PATHS = NO;
				CLANG_CXX_LANGUAGE_STANDARD = "gnu++0x";
				CLANG_CXX_LIBRARY = "libc++";
				CLANG_ENABLE_MODULES = YES;
				CLANG_ENABLE_OBJC_ARC = YES;
				CLANG_WARN_BOOL_CONVERSION = YES;
				CLANG_WARN_CONSTANT_CONVERSION = YES;
				CLANG_WARN_DIRECT_OBJC_ISA_USAGE = YES_ERROR;
				CLANG_WARN_EMPTY_BODY = YES;
				CLANG_WARN_ENUM_CONVERSION = YES;
				CLANG_WARN_INT_CONVERSION = YES;
				CLANG_WARN_OBJC_ROOT_CLASS = YES_ERROR;
				CLANG_WARN_UNREACHABLE_CODE = YES;
				CLANG_WARN__DUPLICATE_METHOD_MATCH = YES;
				COPY_PHASE_STRIP = NO;
				DEBUG_INFORMATION_FORMAT = dwarf;
				ENABLE_STRICT_OBJC_MSGSEND = YES;
				ENABLE_TESTABILITY = YES;
				GCC_C_LANGUAGE_STANDARD = gnu99;
				GCC_DYNAMIC_NO_PIC = NO;
				GCC_NO_COMMON_BLOCKS = YES;
				GCC_OPTIMIZATION_LEVEL = 0;
				GCC_PREPROCESSOR_DEFINITIONS = (
					"DEBUG=1",
					"$(inherited)",
				);
				GCC_WARN_64_TO_32_BIT_CONVERSION = YES;
				GCC_WARN_ABOUT_RETURN_TYPE = YES_ERROR;
				GCC_WARN_UNDECLARED_SELECTOR = YES;
				GCC_WARN_UNINITIALIZED_AUTOS = YES_AGGRESSIVE;
				GCC_WARN_UNUSED_FUNCTION = YES;
				GCC_WARN_UNUSED_VARIABLE = YES;
				MACOSX_DEPLOYMENT_TARGET = 10.10;
				MTL_ENABLE_DEBUG_INFO = YES;
				ONLY_ACTIVE_ARCH = YES;
				PRODUCT_NAME = "$(TARGET_NAME)";
				SDKROOT = macosx;
			};
			name = Debug;
		};
		1843A7A21C0C38F400364F33 /* Release */ = {
			isa = XCBuildConfiguration;
			buildSettings = {
				ALWAYS_SEARCH_USER_PATHS = NO;
				CLANG_CXX_LANGUAGE_STANDARD = "gnu++0x";
				CLANG_CXX_LIBRARY = "libc++";
				CLANG_ENABLE_MODULES = YES;
				CLANG_ENABLE_OBJC_ARC = YES;
				CLANG_WARN_BOOL_CONVERSION = YES;
				CLANG_WARN_CONSTANT_CONVERSION = YES;
				CLANG_WARN_DIRECT_OBJC_ISA_USAGE = YES_ERROR;
				CLANG_WARN_EMPTY_BODY = YES;
				CLANG_WARN_ENUM_CONVERSION = YES;
				CLANG_WARN_INT_CONVERSION = YES;
				CLANG_WARN_OBJC_ROOT_CLASS = YES_ERROR;
				CLANG_WARN_UNREACHABLE_CODE = YES;
				CLANG_WARN__DUPLICATE_METHOD_MATCH = YES;
				COPY_PHASE_STRIP = NO;
				DEBUG_INFORMATION_FORMAT = "dwarf-with-dsym";
				ENABLE_NS_ASSERTIONS = NO;
				ENABLE_STRICT_OBJC_MSGSEND = YES;
				GCC_C_LANGUAGE_STANDARD = gnu99;
				GCC_NO_COMMON_BLOCKS = YES;
				GCC_WARN_64_TO_32_BIT_CONVERSION = YES;
				GCC_WARN_ABOUT_RETURN_TYPE = YES_ERROR;
				GCC_WARN_UNDECLARED_SELECTOR = YES;
				GCC_WARN_UNINITIALIZED_AUTOS = YES_AGGRESSIVE;
				GCC_WARN_UNUSED_FUNCTION = YES;
				GCC_WARN_UNUSED_VARIABLE = YES;
				MACOSX_DEPLOYMENT_TARGET = 10.10;
				MTL_ENABLE_DEBUG_INFO = NO;
				PRODUCT_NAME = "$(TARGET_NAME)";
				SDKROOT = macosx;
			};
			name = Release;
		};
		1843A7AC1C0C3BC100364F33 /* Debug */ = {
			isa = XCBuildConfiguration;
			buildSettings = {
				ALWAYS_SEARCH_USER_PATHS = NO;
				CLANG_CXX_LANGUAGE_STANDARD = "gnu++0x";
				CLANG_CXX_LIBRARY = "libc++";
				CLANG_ENABLE_MODULES = YES;
				CLANG_ENABLE_OBJC_ARC = YES;
				CLANG_WARN_BOOL_CONVERSION = YES;
				CLANG_WARN_CONSTANT_CONVERSION = YES;
				CLANG_WARN_DIRECT_OBJC_ISA_USAGE = YES_ERROR;
				CLANG_WARN_EMPTY_BODY = YES;
				CLANG_WARN_ENUM_CONVERSION = YES;
				CLANG_WARN_INT_CONVERSION = YES;
				CLANG_WARN_OBJC_ROOT_CLASS = YES_ERROR;
				CLANG_WARN_UNREACHABLE_CODE = YES;
				CLANG_WARN__DUPLICATE_METHOD_MATCH = YES;
				COPY_PHASE_STRIP = NO;
				DEBUG_INFORMATION_FORMAT = dwarf;
				ENABLE_STRICT_OBJC_MSGSEND = YES;
				ENABLE_TESTABILITY = YES;
				GCC_C_LANGUAGE_STANDARD = gnu99;
				GCC_DYNAMIC_NO_PIC = NO;
				GCC_NO_COMMON_BLOCKS = YES;
				GCC_OPTIMIZATION_LEVEL = 0;
				GCC_PREPROCESSOR_DEFINITIONS = (
					"DEBUG=1",
					"$(inherited)",
				);
				GCC_WARN_64_TO_32_BIT_CONVERSION = YES;
				GCC_WARN_ABOUT_RETURN_TYPE = YES_ERROR;
				GCC_WARN_UNDECLARED_SELECTOR = YES;
				GCC_WARN_UNINITIALIZED_AUTOS = YES_AGGRESSIVE;
				GCC_WARN_UNUSED_FUNCTION = YES;
				GCC_WARN_UNUSED_VARIABLE = YES;
				MACOSX_DEPLOYMENT_TARGET = 10.10;
				MTL_ENABLE_DEBUG_INFO = YES;
				ONLY_ACTIVE_ARCH = YES;
				PRODUCT_NAME = "$(TARGET_NAME)";
				SDKROOT = macosx;
			};
			name = Debug;
		};
		1843A7AD1C0C3BC100364F33 /* Release */ = {
			isa = XCBuildConfiguration;
			buildSettings = {
				ALWAYS_SEARCH_USER_PATHS = NO;
				CLANG_CXX_LANGUAGE_STANDARD = "gnu++0x";
				CLANG_CXX_LIBRARY = "libc++";
				CLANG_ENABLE_MODULES = YES;
				CLANG_ENABLE_OBJC_ARC = YES;
				CLANG_WARN_BOOL_CONVERSION = YES;
				CLANG_WARN_CONSTANT_CONVERSION = YES;
				CLANG_WARN_DIRECT_OBJC_ISA_USAGE = YES_ERROR;
				CLANG_WARN_EMPTY_BODY = YES;
				CLANG_WARN_ENUM_CONVERSION = YES;
				CLANG_WARN_INT_CONVERSION = YES;
				CLANG_WARN_OBJC_ROOT_CLASS = YES_ERROR;
				CLANG_WARN_UNREACHABLE_CODE = YES;
				CLANG_WARN__DUPLICATE_METHOD_MATCH = YES;
				COPY_PHASE_STRIP = NO;
				DEBUG_INFORMATION_FORMAT = "dwarf-with-dsym";
				ENABLE_NS_ASSERTIONS = NO;
				ENABLE_STRICT_OBJC_MSGSEND = YES;
				GCC_C_LANGUAGE_STANDARD = gnu99;
				GCC_NO_COMMON_BLOCKS = YES;
				GCC_WARN_64_TO_32_BIT_CONVERSION = YES;
				GCC_WARN_ABOUT_RETURN_TYPE = YES_ERROR;
				GCC_WARN_UNDECLARED_SELECTOR = YES;
				GCC_WARN_UNINITIALIZED_AUTOS = YES_AGGRESSIVE;
				GCC_WARN_UNUSED_FUNCTION = YES;
				GCC_WARN_UNUSED_VARIABLE = YES;
				MACOSX_DEPLOYMENT_TARGET = 10.10;
				MTL_ENABLE_DEBUG_INFO = NO;
				PRODUCT_NAME = "$(TARGET_NAME)";
				SDKROOT = macosx;
			};
			name = Release;
		};
		1843A7B71C0C400600364F33 /* Debug */ = {
			isa = XCBuildConfiguration;
			buildSettings = {
				ALWAYS_SEARCH_USER_PATHS = NO;
				CLANG_CXX_LANGUAGE_STANDARD = "gnu++0x";
				CLANG_CXX_LIBRARY = "libc++";
				CLANG_ENABLE_MODULES = YES;
				CLANG_ENABLE_OBJC_ARC = YES;
				CLANG_WARN_BOOL_CONVERSION = YES;
				CLANG_WARN_CONSTANT_CONVERSION = YES;
				CLANG_WARN_DIRECT_OBJC_ISA_USAGE = YES_ERROR;
				CLANG_WARN_EMPTY_BODY = YES;
				CLANG_WARN_ENUM_CONVERSION = YES;
				CLANG_WARN_INT_CONVERSION = YES;
				CLANG_WARN_OBJC_ROOT_CLASS = YES_ERROR;
				CLANG_WARN_UNREACHABLE_CODE = YES;
				CLANG_WARN__DUPLICATE_METHOD_MATCH = YES;
				COPY_PHASE_STRIP = NO;
				DEBUG_INFORMATION_FORMAT = dwarf;
				ENABLE_STRICT_OBJC_MSGSEND = YES;
				ENABLE_TESTABILITY = YES;
				GCC_C_LANGUAGE_STANDARD = gnu99;
				GCC_DYNAMIC_NO_PIC = NO;
				GCC_NO_COMMON_BLOCKS = YES;
				GCC_OPTIMIZATION_LEVEL = 0;
				GCC_PREPROCESSOR_DEFINITIONS = (
					"DEBUG=1",
					"$(inherited)",
				);
				GCC_WARN_64_TO_32_BIT_CONVERSION = YES;
				GCC_WARN_ABOUT_RETURN_TYPE = YES_ERROR;
				GCC_WARN_UNDECLARED_SELECTOR = YES;
				GCC_WARN_UNINITIALIZED_AUTOS = YES_AGGRESSIVE;
				GCC_WARN_UNUSED_FUNCTION = YES;
				GCC_WARN_UNUSED_VARIABLE = YES;
				MACOSX_DEPLOYMENT_TARGET = 10.10;
				MTL_ENABLE_DEBUG_INFO = YES;
				ONLY_ACTIVE_ARCH = YES;
				PRODUCT_NAME = "$(TARGET_NAME)";
				SDKROOT = macosx;
			};
			name = Debug;
		};
		1843A7B81C0C400600364F33 /* Release */ = {
			isa = XCBuildConfiguration;
			buildSettings = {
				ALWAYS_SEARCH_USER_PATHS = NO;
				CLANG_CXX_LANGUAGE_STANDARD = "gnu++0x";
				CLANG_CXX_LIBRARY = "libc++";
				CLANG_ENABLE_MODULES = YES;
				CLANG_ENABLE_OBJC_ARC = YES;
				CLANG_WARN_BOOL_CONVERSION = YES;
				CLANG_WARN_CONSTANT_CONVERSION = YES;
				CLANG_WARN_DIRECT_OBJC_ISA_USAGE = YES_ERROR;
				CLANG_WARN_EMPTY_BODY = YES;
				CLANG_WARN_ENUM_CONVERSION = YES;
				CLANG_WARN_INT_CONVERSION = YES;
				CLANG_WARN_OBJC_ROOT_CLASS = YES_ERROR;
				CLANG_WARN_UNREACHABLE_CODE = YES;
				CLANG_WARN__DUPLICATE_METHOD_MATCH = YES;
				COPY_PHASE_STRIP = NO;
				DEBUG_INFORMATION_FORMAT = "dwarf-with-dsym";
				ENABLE_NS_ASSERTIONS = NO;
				ENABLE_STRICT_OBJC_MSGSEND = YES;
				GCC_C_LANGUAGE_STANDARD = gnu99;
				GCC_NO_COMMON_BLOCKS = YES;
				GCC_WARN_64_TO_32_BIT_CONVERSION = YES;
				GCC_WARN_ABOUT_RETURN_TYPE = YES_ERROR;
				GCC_WARN_UNDECLARED_SELECTOR = YES;
				GCC_WARN_UNINITIALIZED_AUTOS = YES_AGGRESSIVE;
				GCC_WARN_UNUSED_FUNCTION = YES;
				GCC_WARN_UNUSED_VARIABLE = YES;
				MACOSX_DEPLOYMENT_TARGET = 10.10;
				MTL_ENABLE_DEBUG_INFO = NO;
				PRODUCT_NAME = "$(TARGET_NAME)";
				SDKROOT = macosx;
			};
			name = Release;
		};
		1843A7C21C0C442900364F33 /* Debug */ = {
			isa = XCBuildConfiguration;
			buildSettings = {
				ALWAYS_SEARCH_USER_PATHS = NO;
				CLANG_CXX_LANGUAGE_STANDARD = "gnu++0x";
				CLANG_CXX_LIBRARY = "libc++";
				CLANG_ENABLE_MODULES = YES;
				CLANG_ENABLE_OBJC_ARC = YES;
				CLANG_WARN_BOOL_CONVERSION = YES;
				CLANG_WARN_CONSTANT_CONVERSION = YES;
				CLANG_WARN_DIRECT_OBJC_ISA_USAGE = YES_ERROR;
				CLANG_WARN_EMPTY_BODY = YES;
				CLANG_WARN_ENUM_CONVERSION = YES;
				CLANG_WARN_INT_CONVERSION = YES;
				CLANG_WARN_OBJC_ROOT_CLASS = YES_ERROR;
				CLANG_WARN_UNREACHABLE_CODE = YES;
				CLANG_WARN__DUPLICATE_METHOD_MATCH = YES;
				COPY_PHASE_STRIP = NO;
				DEBUG_INFORMATION_FORMAT = dwarf;
				ENABLE_STRICT_OBJC_MSGSEND = YES;
				ENABLE_TESTABILITY = YES;
				GCC_C_LANGUAGE_STANDARD = gnu99;
				GCC_DYNAMIC_NO_PIC = NO;
				GCC_NO_COMMON_BLOCKS = YES;
				GCC_OPTIMIZATION_LEVEL = 0;
				GCC_PREPROCESSOR_DEFINITIONS = (
					"DEBUG=1",
					"$(inherited)",
				);
				GCC_WARN_64_TO_32_BIT_CONVERSION = YES;
				GCC_WARN_ABOUT_RETURN_TYPE = YES_ERROR;
				GCC_WARN_UNDECLARED_SELECTOR = YES;
				GCC_WARN_UNINITIALIZED_AUTOS = YES_AGGRESSIVE;
				GCC_WARN_UNUSED_FUNCTION = YES;
				GCC_WARN_UNUSED_VARIABLE = YES;
				MACOSX_DEPLOYMENT_TARGET = 10.10;
				MTL_ENABLE_DEBUG_INFO = YES;
				ONLY_ACTIVE_ARCH = YES;
				PRODUCT_NAME = "$(TARGET_NAME)";
				SDKROOT = macosx;
			};
			name = Debug;
		};
		1843A7C31C0C442900364F33 /* Release */ = {
			isa = XCBuildConfiguration;
			buildSettings = {
				ALWAYS_SEARCH_USER_PATHS = NO;
				CLANG_CXX_LANGUAGE_STANDARD = "gnu++0x";
				CLANG_CXX_LIBRARY = "libc++";
				CLANG_ENABLE_MODULES = YES;
				CLANG_ENABLE_OBJC_ARC = YES;
				CLANG_WARN_BOOL_CONVERSION = YES;
				CLANG_WARN_CONSTANT_CONVERSION = YES;
				CLANG_WARN_DIRECT_OBJC_ISA_USAGE = YES_ERROR;
				CLANG_WARN_EMPTY_BODY = YES;
				CLANG_WARN_ENUM_CONVERSION = YES;
				CLANG_WARN_INT_CONVERSION = YES;
				CLANG_WARN_OBJC_ROOT_CLASS = YES_ERROR;
				CLANG_WARN_UNREACHABLE_CODE = YES;
				CLANG_WARN__DUPLICATE_METHOD_MATCH = YES;
				COPY_PHASE_STRIP = NO;
				DEBUG_INFORMATION_FORMAT = "dwarf-with-dsym";
				ENABLE_NS_ASSERTIONS = NO;
				ENABLE_STRICT_OBJC_MSGSEND = YES;
				GCC_C_LANGUAGE_STANDARD = gnu99;
				GCC_NO_COMMON_BLOCKS = YES;
				GCC_WARN_64_TO_32_BIT_CONVERSION = YES;
				GCC_WARN_ABOUT_RETURN_TYPE = YES_ERROR;
				GCC_WARN_UNDECLARED_SELECTOR = YES;
				GCC_WARN_UNINITIALIZED_AUTOS = YES_AGGRESSIVE;
				GCC_WARN_UNUSED_FUNCTION = YES;
				GCC_WARN_UNUSED_VARIABLE = YES;
				MACOSX_DEPLOYMENT_TARGET = 10.10;
				MTL_ENABLE_DEBUG_INFO = NO;
				PRODUCT_NAME = "$(TARGET_NAME)";
				SDKROOT = macosx;
			};
			name = Release;
		};
		1843A7CD1C0C475500364F33 /* Debug */ = {
			isa = XCBuildConfiguration;
			buildSettings = {
				ALWAYS_SEARCH_USER_PATHS = NO;
				CLANG_CXX_LANGUAGE_STANDARD = "gnu++0x";
				CLANG_CXX_LIBRARY = "libc++";
				CLANG_ENABLE_MODULES = YES;
				CLANG_ENABLE_OBJC_ARC = YES;
				CLANG_WARN_BOOL_CONVERSION = YES;
				CLANG_WARN_CONSTANT_CONVERSION = YES;
				CLANG_WARN_DIRECT_OBJC_ISA_USAGE = YES_ERROR;
				CLANG_WARN_EMPTY_BODY = YES;
				CLANG_WARN_ENUM_CONVERSION = YES;
				CLANG_WARN_INT_CONVERSION = YES;
				CLANG_WARN_OBJC_ROOT_CLASS = YES_ERROR;
				CLANG_WARN_UNREACHABLE_CODE = YES;
				CLANG_WARN__DUPLICATE_METHOD_MATCH = YES;
				COPY_PHASE_STRIP = NO;
				DEBUG_INFORMATION_FORMAT = dwarf;
				ENABLE_STRICT_OBJC_MSGSEND = YES;
				ENABLE_TESTABILITY = YES;
				GCC_C_LANGUAGE_STANDARD = gnu99;
				GCC_DYNAMIC_NO_PIC = NO;
				GCC_NO_COMMON_BLOCKS = YES;
				GCC_OPTIMIZATION_LEVEL = 0;
				GCC_PREPROCESSOR_DEFINITIONS = (
					"DEBUG=1",
					"$(inherited)",
				);
				GCC_WARN_64_TO_32_BIT_CONVERSION = YES;
				GCC_WARN_ABOUT_RETURN_TYPE = YES_ERROR;
				GCC_WARN_UNDECLARED_SELECTOR = YES;
				GCC_WARN_UNINITIALIZED_AUTOS = YES_AGGRESSIVE;
				GCC_WARN_UNUSED_FUNCTION = YES;
				GCC_WARN_UNUSED_VARIABLE = YES;
				MACOSX_DEPLOYMENT_TARGET = 10.10;
				MTL_ENABLE_DEBUG_INFO = YES;
				ONLY_ACTIVE_ARCH = YES;
				PRODUCT_NAME = "$(TARGET_NAME)";
				SDKROOT = macosx;
			};
			name = Debug;
		};
		1843A7CE1C0C475500364F33 /* Release */ = {
			isa = XCBuildConfiguration;
			buildSettings = {
				ALWAYS_SEARCH_USER_PATHS = NO;
				CLANG_CXX_LANGUAGE_STANDARD = "gnu++0x";
				CLANG_CXX_LIBRARY = "libc++";
				CLANG_ENABLE_MODULES = YES;
				CLANG_ENABLE_OBJC_ARC = YES;
				CLANG_WARN_BOOL_CONVERSION = YES;
				CLANG_WARN_CONSTANT_CONVERSION = YES;
				CLANG_WARN_DIRECT_OBJC_ISA_USAGE = YES_ERROR;
				CLANG_WARN_EMPTY_BODY = YES;
				CLANG_WARN_ENUM_CONVERSION = YES;
				CLANG_WARN_INT_CONVERSION = YES;
				CLANG_WARN_OBJC_ROOT_CLASS = YES_ERROR;
				CLANG_WARN_UNREACHABLE_CODE = YES;
				CLANG_WARN__DUPLICATE_METHOD_MATCH = YES;
				COPY_PHASE_STRIP = NO;
				DEBUG_INFORMATION_FORMAT = "dwarf-with-dsym";
				ENABLE_NS_ASSERTIONS = NO;
				ENABLE_STRICT_OBJC_MSGSEND = YES;
				GCC_C_LANGUAGE_STANDARD = gnu99;
				GCC_NO_COMMON_BLOCKS = YES;
				GCC_WARN_64_TO_32_BIT_CONVERSION = YES;
				GCC_WARN_ABOUT_RETURN_TYPE = YES_ERROR;
				GCC_WARN_UNDECLARED_SELECTOR = YES;
				GCC_WARN_UNINITIALIZED_AUTOS = YES_AGGRESSIVE;
				GCC_WARN_UNUSED_FUNCTION = YES;
				GCC_WARN_UNUSED_VARIABLE = YES;
				MACOSX_DEPLOYMENT_TARGET = 10.10;
				MTL_ENABLE_DEBUG_INFO = NO;
				PRODUCT_NAME = "$(TARGET_NAME)";
				SDKROOT = macosx;
			};
			name = Release;
		};
		185B203C1C0BDA5200CDCD68 /* Debug */ = {
			isa = XCBuildConfiguration;
			buildSettings = {
				ALWAYS_SEARCH_USER_PATHS = NO;
				CLANG_CXX_LANGUAGE_STANDARD = "gnu++0x";
				CLANG_CXX_LIBRARY = "libc++";
				CLANG_ENABLE_MODULES = YES;
				CLANG_ENABLE_OBJC_ARC = YES;
				CLANG_WARN_BOOL_CONVERSION = YES;
				CLANG_WARN_CONSTANT_CONVERSION = YES;
				CLANG_WARN_DIRECT_OBJC_ISA_USAGE = YES_ERROR;
				CLANG_WARN_EMPTY_BODY = YES;
				CLANG_WARN_ENUM_CONVERSION = YES;
				CLANG_WARN_INT_CONVERSION = YES;
				CLANG_WARN_OBJC_ROOT_CLASS = YES_ERROR;
				CLANG_WARN_UNREACHABLE_CODE = YES;
				CLANG_WARN__DUPLICATE_METHOD_MATCH = YES;
				COPY_PHASE_STRIP = NO;
				DEBUG_INFORMATION_FORMAT = dwarf;
				ENABLE_STRICT_OBJC_MSGSEND = YES;
				ENABLE_TESTABILITY = YES;
				GCC_C_LANGUAGE_STANDARD = gnu99;
				GCC_DYNAMIC_NO_PIC = NO;
				GCC_NO_COMMON_BLOCKS = YES;
				GCC_OPTIMIZATION_LEVEL = 0;
				GCC_PREPROCESSOR_DEFINITIONS = (
					"DEBUG=1",
					"$(inherited)",
				);
				GCC_WARN_64_TO_32_BIT_CONVERSION = YES;
				GCC_WARN_ABOUT_RETURN_TYPE = YES_ERROR;
				GCC_WARN_UNDECLARED_SELECTOR = YES;
				GCC_WARN_UNINITIALIZED_AUTOS = YES_AGGRESSIVE;
				GCC_WARN_UNUSED_FUNCTION = YES;
				GCC_WARN_UNUSED_VARIABLE = YES;
				MACOSX_DEPLOYMENT_TARGET = 10.10;
				MTL_ENABLE_DEBUG_INFO = YES;
				ONLY_ACTIVE_ARCH = YES;
				PRODUCT_NAME = "$(TARGET_NAME)";
				SDKROOT = macosx;
			};
			name = Debug;
		};
		185B203D1C0BDA5200CDCD68 /* Release */ = {
			isa = XCBuildConfiguration;
			buildSettings = {
				ALWAYS_SEARCH_USER_PATHS = NO;
				CLANG_CXX_LANGUAGE_STANDARD = "gnu++0x";
				CLANG_CXX_LIBRARY = "libc++";
				CLANG_ENABLE_MODULES = YES;
				CLANG_ENABLE_OBJC_ARC = YES;
				CLANG_WARN_BOOL_CONVERSION = YES;
				CLANG_WARN_CONSTANT_CONVERSION = YES;
				CLANG_WARN_DIRECT_OBJC_ISA_USAGE = YES_ERROR;
				CLANG_WARN_EMPTY_BODY = YES;
				CLANG_WARN_ENUM_CONVERSION = YES;
				CLANG_WARN_INT_CONVERSION = YES;
				CLANG_WARN_OBJC_ROOT_CLASS = YES_ERROR;
				CLANG_WARN_UNREACHABLE_CODE = YES;
				CLANG_WARN__DUPLICATE_METHOD_MATCH = YES;
				COPY_PHASE_STRIP = NO;
				DEBUG_INFORMATION_FORMAT = "dwarf-with-dsym";
				ENABLE_NS_ASSERTIONS = NO;
				ENABLE_STRICT_OBJC_MSGSEND = YES;
				GCC_C_LANGUAGE_STANDARD = gnu99;
				GCC_NO_COMMON_BLOCKS = YES;
				GCC_WARN_64_TO_32_BIT_CONVERSION = YES;
				GCC_WARN_ABOUT_RETURN_TYPE = YES_ERROR;
				GCC_WARN_UNDECLARED_SELECTOR = YES;
				GCC_WARN_UNINITIALIZED_AUTOS = YES_AGGRESSIVE;
				GCC_WARN_UNUSED_FUNCTION = YES;
				GCC_WARN_UNUSED_VARIABLE = YES;
				MACOSX_DEPLOYMENT_TARGET = 10.10;
				MTL_ENABLE_DEBUG_INFO = NO;
				PRODUCT_NAME = "$(TARGET_NAME)";
				SDKROOT = macosx;
			};
			name = Release;
		};
		185B204B1C0BDD1D00CDCD68 /* Debug */ = {
			isa = XCBuildConfiguration;
			buildSettings = {
				ALWAYS_SEARCH_USER_PATHS = NO;
				CLANG_CXX_LANGUAGE_STANDARD = "gnu++0x";
				CLANG_CXX_LIBRARY = "libc++";
				CLANG_ENABLE_MODULES = YES;
				CLANG_ENABLE_OBJC_ARC = YES;
				CLANG_WARN_BOOL_CONVERSION = YES;
				CLANG_WARN_CONSTANT_CONVERSION = YES;
				CLANG_WARN_DIRECT_OBJC_ISA_USAGE = YES_ERROR;
				CLANG_WARN_EMPTY_BODY = YES;
				CLANG_WARN_ENUM_CONVERSION = YES;
				CLANG_WARN_INT_CONVERSION = YES;
				CLANG_WARN_OBJC_ROOT_CLASS = YES_ERROR;
				CLANG_WARN_UNREACHABLE_CODE = YES;
				CLANG_WARN__DUPLICATE_METHOD_MATCH = YES;
				COPY_PHASE_STRIP = NO;
				DEBUG_INFORMATION_FORMAT = dwarf;
				ENABLE_STRICT_OBJC_MSGSEND = YES;
				ENABLE_TESTABILITY = YES;
				GCC_C_LANGUAGE_STANDARD = gnu99;
				GCC_DYNAMIC_NO_PIC = NO;
				GCC_NO_COMMON_BLOCKS = YES;
				GCC_OPTIMIZATION_LEVEL = 0;
				GCC_PREPROCESSOR_DEFINITIONS = (
					"DEBUG=1",
					"$(inherited)",
				);
				GCC_WARN_64_TO_32_BIT_CONVERSION = YES;
				GCC_WARN_ABOUT_RETURN_TYPE = YES_ERROR;
				GCC_WARN_UNDECLARED_SELECTOR = YES;
				GCC_WARN_UNINITIALIZED_AUTOS = YES_AGGRESSIVE;
				GCC_WARN_UNUSED_FUNCTION = YES;
				GCC_WARN_UNUSED_VARIABLE = YES;
				MACOSX_DEPLOYMENT_TARGET = 10.10;
				MTL_ENABLE_DEBUG_INFO = YES;
				ONLY_ACTIVE_ARCH = YES;
				PRODUCT_NAME = "$(TARGET_NAME)";
				SDKROOT = macosx;
			};
			name = Debug;
		};
		185B204C1C0BDD1D00CDCD68 /* Release */ = {
			isa = XCBuildConfiguration;
			buildSettings = {
				ALWAYS_SEARCH_USER_PATHS = NO;
				CLANG_CXX_LANGUAGE_STANDARD = "gnu++0x";
				CLANG_CXX_LIBRARY = "libc++";
				CLANG_ENABLE_MODULES = YES;
				CLANG_ENABLE_OBJC_ARC = YES;
				CLANG_WARN_BOOL_CONVERSION = YES;
				CLANG_WARN_CONSTANT_CONVERSION = YES;
				CLANG_WARN_DIRECT_OBJC_ISA_USAGE = YES_ERROR;
				CLANG_WARN_EMPTY_BODY = YES;
				CLANG_WARN_ENUM_CONVERSION = YES;
				CLANG_WARN_INT_CONVERSION = YES;
				CLANG_WARN_OBJC_ROOT_CLASS = YES_ERROR;
				CLANG_WARN_UNREACHABLE_CODE = YES;
				CLANG_WARN__DUPLICATE_METHOD_MATCH = YES;
				COPY_PHASE_STRIP = NO;
				DEBUG_INFORMATION_FORMAT = "dwarf-with-dsym";
				ENABLE_NS_ASSERTIONS = NO;
				ENABLE_STRICT_OBJC_MSGSEND = YES;
				GCC_C_LANGUAGE_STANDARD = gnu99;
				GCC_NO_COMMON_BLOCKS = YES;
				GCC_WARN_64_TO_32_BIT_CONVERSION = YES;
				GCC_WARN_ABOUT_RETURN_TYPE = YES_ERROR;
				GCC_WARN_UNDECLARED_SELECTOR = YES;
				GCC_WARN_UNINITIALIZED_AUTOS = YES_AGGRESSIVE;
				GCC_WARN_UNUSED_FUNCTION = YES;
				GCC_WARN_UNUSED_VARIABLE = YES;
				MACOSX_DEPLOYMENT_TARGET = 10.10;
				MTL_ENABLE_DEBUG_INFO = NO;
				PRODUCT_NAME = "$(TARGET_NAME)";
				SDKROOT = macosx;
			};
			name = Release;
		};
		185B20561C0BEE6900CDCD68 /* Debug */ = {
			isa = XCBuildConfiguration;
			buildSettings = {
				ALWAYS_SEARCH_USER_PATHS = NO;
				CLANG_CXX_LANGUAGE_STANDARD = "gnu++0x";
				CLANG_CXX_LIBRARY = "libc++";
				CLANG_ENABLE_MODULES = YES;
				CLANG_ENABLE_OBJC_ARC = YES;
				CLANG_WARN_BOOL_CONVERSION = YES;
				CLANG_WARN_CONSTANT_CONVERSION = YES;
				CLANG_WARN_DIRECT_OBJC_ISA_USAGE = YES_ERROR;
				CLANG_WARN_EMPTY_BODY = YES;
				CLANG_WARN_ENUM_CONVERSION = YES;
				CLANG_WARN_INT_CONVERSION = YES;
				CLANG_WARN_OBJC_ROOT_CLASS = YES_ERROR;
				CLANG_WARN_UNREACHABLE_CODE = YES;
				CLANG_WARN__DUPLICATE_METHOD_MATCH = YES;
				COPY_PHASE_STRIP = NO;
				DEBUG_INFORMATION_FORMAT = dwarf;
				ENABLE_STRICT_OBJC_MSGSEND = YES;
				ENABLE_TESTABILITY = YES;
				GCC_C_LANGUAGE_STANDARD = gnu99;
				GCC_DYNAMIC_NO_PIC = NO;
				GCC_NO_COMMON_BLOCKS = YES;
				GCC_OPTIMIZATION_LEVEL = 0;
				GCC_PREPROCESSOR_DEFINITIONS = (
					"DEBUG=1",
					"$(inherited)",
				);
				GCC_WARN_64_TO_32_BIT_CONVERSION = YES;
				GCC_WARN_ABOUT_RETURN_TYPE = YES_ERROR;
				GCC_WARN_UNDECLARED_SELECTOR = YES;
				GCC_WARN_UNINITIALIZED_AUTOS = YES_AGGRESSIVE;
				GCC_WARN_UNUSED_FUNCTION = YES;
				GCC_WARN_UNUSED_VARIABLE = YES;
				MACOSX_DEPLOYMENT_TARGET = 10.10;
				MTL_ENABLE_DEBUG_INFO = YES;
				ONLY_ACTIVE_ARCH = YES;
				PRODUCT_NAME = "$(TARGET_NAME)";
				SDKROOT = macosx;
			};
			name = Debug;
		};
		185B20571C0BEE6900CDCD68 /* Release */ = {
			isa = XCBuildConfiguration;
			buildSettings = {
				ALWAYS_SEARCH_USER_PATHS = NO;
				CLANG_CXX_LANGUAGE_STANDARD = "gnu++0x";
				CLANG_CXX_LIBRARY = "libc++";
				CLANG_ENABLE_MODULES = YES;
				CLANG_ENABLE_OBJC_ARC = YES;
				CLANG_WARN_BOOL_CONVERSION = YES;
				CLANG_WARN_CONSTANT_CONVERSION = YES;
				CLANG_WARN_DIRECT_OBJC_ISA_USAGE = YES_ERROR;
				CLANG_WARN_EMPTY_BODY = YES;
				CLANG_WARN_ENUM_CONVERSION = YES;
				CLANG_WARN_INT_CONVERSION = YES;
				CLANG_WARN_OBJC_ROOT_CLASS = YES_ERROR;
				CLANG_WARN_UNREACHABLE_CODE = YES;
				CLANG_WARN__DUPLICATE_METHOD_MATCH = YES;
				COPY_PHASE_STRIP = NO;
				DEBUG_INFORMATION_FORMAT = "dwarf-with-dsym";
				ENABLE_NS_ASSERTIONS = NO;
				ENABLE_STRICT_OBJC_MSGSEND = YES;
				GCC_C_LANGUAGE_STANDARD = gnu99;
				GCC_NO_COMMON_BLOCKS = YES;
				GCC_WARN_64_TO_32_BIT_CONVERSION = YES;
				GCC_WARN_ABOUT_RETURN_TYPE = YES_ERROR;
				GCC_WARN_UNDECLARED_SELECTOR = YES;
				GCC_WARN_UNINITIALIZED_AUTOS = YES_AGGRESSIVE;
				GCC_WARN_UNUSED_FUNCTION = YES;
				GCC_WARN_UNUSED_VARIABLE = YES;
				MACOSX_DEPLOYMENT_TARGET = 10.10;
				MTL_ENABLE_DEBUG_INFO = NO;
				PRODUCT_NAME = "$(TARGET_NAME)";
				SDKROOT = macosx;
			};
			name = Release;
		};
		185B20641C0BF57E00CDCD68 /* Debug */ = {
			isa = XCBuildConfiguration;
			buildSettings = {
				ALWAYS_SEARCH_USER_PATHS = NO;
				CLANG_CXX_LANGUAGE_STANDARD = "gnu++0x";
				CLANG_CXX_LIBRARY = "libc++";
				CLANG_ENABLE_MODULES = YES;
				CLANG_ENABLE_OBJC_ARC = YES;
				CLANG_WARN_BOOL_CONVERSION = YES;
				CLANG_WARN_CONSTANT_CONVERSION = YES;
				CLANG_WARN_DIRECT_OBJC_ISA_USAGE = YES_ERROR;
				CLANG_WARN_EMPTY_BODY = YES;
				CLANG_WARN_ENUM_CONVERSION = YES;
				CLANG_WARN_INT_CONVERSION = YES;
				CLANG_WARN_OBJC_ROOT_CLASS = YES_ERROR;
				CLANG_WARN_UNREACHABLE_CODE = YES;
				CLANG_WARN__DUPLICATE_METHOD_MATCH = YES;
				COPY_PHASE_STRIP = NO;
				DEBUG_INFORMATION_FORMAT = dwarf;
				ENABLE_STRICT_OBJC_MSGSEND = YES;
				ENABLE_TESTABILITY = YES;
				GCC_C_LANGUAGE_STANDARD = gnu99;
				GCC_DYNAMIC_NO_PIC = NO;
				GCC_NO_COMMON_BLOCKS = YES;
				GCC_OPTIMIZATION_LEVEL = 0;
				GCC_PREPROCESSOR_DEFINITIONS = (
					"DEBUG=1",
					"$(inherited)",
				);
				GCC_WARN_64_TO_32_BIT_CONVERSION = YES;
				GCC_WARN_ABOUT_RETURN_TYPE = YES_ERROR;
				GCC_WARN_UNDECLARED_SELECTOR = YES;
				GCC_WARN_UNINITIALIZED_AUTOS = YES_AGGRESSIVE;
				GCC_WARN_UNUSED_FUNCTION = YES;
				GCC_WARN_UNUSED_VARIABLE = YES;
				MACOSX_DEPLOYMENT_TARGET = 10.10;
				MTL_ENABLE_DEBUG_INFO = YES;
				ONLY_ACTIVE_ARCH = YES;
				PRODUCT_NAME = "$(TARGET_NAME)";
				SDKROOT = macosx;
			};
			name = Debug;
		};
		185B20651C0BF57E00CDCD68 /* Release */ = {
			isa = XCBuildConfiguration;
			buildSettings = {
				ALWAYS_SEARCH_USER_PATHS = NO;
				CLANG_CXX_LANGUAGE_STANDARD = "gnu++0x";
				CLANG_CXX_LIBRARY = "libc++";
				CLANG_ENABLE_MODULES = YES;
				CLANG_ENABLE_OBJC_ARC = YES;
				CLANG_WARN_BOOL_CONVERSION = YES;
				CLANG_WARN_CONSTANT_CONVERSION = YES;
				CLANG_WARN_DIRECT_OBJC_ISA_USAGE = YES_ERROR;
				CLANG_WARN_EMPTY_BODY = YES;
				CLANG_WARN_ENUM_CONVERSION = YES;
				CLANG_WARN_INT_CONVERSION = YES;
				CLANG_WARN_OBJC_ROOT_CLASS = YES_ERROR;
				CLANG_WARN_UNREACHABLE_CODE = YES;
				CLANG_WARN__DUPLICATE_METHOD_MATCH = YES;
				COPY_PHASE_STRIP = NO;
				DEBUG_INFORMATION_FORMAT = "dwarf-with-dsym";
				ENABLE_NS_ASSERTIONS = NO;
				ENABLE_STRICT_OBJC_MSGSEND = YES;
				GCC_C_LANGUAGE_STANDARD = gnu99;
				GCC_NO_COMMON_BLOCKS = YES;
				GCC_WARN_64_TO_32_BIT_CONVERSION = YES;
				GCC_WARN_ABOUT_RETURN_TYPE = YES_ERROR;
				GCC_WARN_UNDECLARED_SELECTOR = YES;
				GCC_WARN_UNINITIALIZED_AUTOS = YES_AGGRESSIVE;
				GCC_WARN_UNUSED_FUNCTION = YES;
				GCC_WARN_UNUSED_VARIABLE = YES;
				MACOSX_DEPLOYMENT_TARGET = 10.10;
				MTL_ENABLE_DEBUG_INFO = NO;
				PRODUCT_NAME = "$(TARGET_NAME)";
				SDKROOT = macosx;
			};
			name = Release;
		};
		185B20B91C0BFA6700CDCD68 /* Debug */ = {
			isa = XCBuildConfiguration;
			buildSettings = {
				ALWAYS_SEARCH_USER_PATHS = NO;
				CLANG_CXX_LANGUAGE_STANDARD = "gnu++0x";
				CLANG_CXX_LIBRARY = "libc++";
				CLANG_ENABLE_MODULES = YES;
				CLANG_ENABLE_OBJC_ARC = YES;
				CLANG_WARN_BOOL_CONVERSION = YES;
				CLANG_WARN_CONSTANT_CONVERSION = YES;
				CLANG_WARN_DIRECT_OBJC_ISA_USAGE = YES_ERROR;
				CLANG_WARN_EMPTY_BODY = YES;
				CLANG_WARN_ENUM_CONVERSION = YES;
				CLANG_WARN_INT_CONVERSION = YES;
				CLANG_WARN_OBJC_ROOT_CLASS = YES_ERROR;
				CLANG_WARN_UNREACHABLE_CODE = YES;
				CLANG_WARN__DUPLICATE_METHOD_MATCH = YES;
				COPY_PHASE_STRIP = NO;
				DEBUG_INFORMATION_FORMAT = dwarf;
				ENABLE_STRICT_OBJC_MSGSEND = YES;
				ENABLE_TESTABILITY = YES;
				GCC_C_LANGUAGE_STANDARD = gnu99;
				GCC_DYNAMIC_NO_PIC = NO;
				GCC_NO_COMMON_BLOCKS = YES;
				GCC_OPTIMIZATION_LEVEL = 0;
				GCC_PREPROCESSOR_DEFINITIONS = (
					"DEBUG=1",
					"$(inherited)",
				);
				GCC_WARN_64_TO_32_BIT_CONVERSION = YES;
				GCC_WARN_ABOUT_RETURN_TYPE = YES_ERROR;
				GCC_WARN_UNDECLARED_SELECTOR = YES;
				GCC_WARN_UNINITIALIZED_AUTOS = YES_AGGRESSIVE;
				GCC_WARN_UNUSED_FUNCTION = YES;
				GCC_WARN_UNUSED_VARIABLE = YES;
				MACOSX_DEPLOYMENT_TARGET = 10.10;
				MTL_ENABLE_DEBUG_INFO = YES;
				ONLY_ACTIVE_ARCH = YES;
				PRODUCT_NAME = "$(TARGET_NAME)";
				SDKROOT = macosx;
			};
			name = Debug;
		};
		185B20BA1C0BFA6700CDCD68 /* Release */ = {
			isa = XCBuildConfiguration;
			buildSettings = {
				ALWAYS_SEARCH_USER_PATHS = NO;
				CLANG_CXX_LANGUAGE_STANDARD = "gnu++0x";
				CLANG_CXX_LIBRARY = "libc++";
				CLANG_ENABLE_MODULES = YES;
				CLANG_ENABLE_OBJC_ARC = YES;
				CLANG_WARN_BOOL_CONVERSION = YES;
				CLANG_WARN_CONSTANT_CONVERSION = YES;
				CLANG_WARN_DIRECT_OBJC_ISA_USAGE = YES_ERROR;
				CLANG_WARN_EMPTY_BODY = YES;
				CLANG_WARN_ENUM_CONVERSION = YES;
				CLANG_WARN_INT_CONVERSION = YES;
				CLANG_WARN_OBJC_ROOT_CLASS = YES_ERROR;
				CLANG_WARN_UNREACHABLE_CODE = YES;
				CLANG_WARN__DUPLICATE_METHOD_MATCH = YES;
				COPY_PHASE_STRIP = NO;
				DEBUG_INFORMATION_FORMAT = "dwarf-with-dsym";
				ENABLE_NS_ASSERTIONS = NO;
				ENABLE_STRICT_OBJC_MSGSEND = YES;
				GCC_C_LANGUAGE_STANDARD = gnu99;
				GCC_NO_COMMON_BLOCKS = YES;
				GCC_WARN_64_TO_32_BIT_CONVERSION = YES;
				GCC_WARN_ABOUT_RETURN_TYPE = YES_ERROR;
				GCC_WARN_UNDECLARED_SELECTOR = YES;
				GCC_WARN_UNINITIALIZED_AUTOS = YES_AGGRESSIVE;
				GCC_WARN_UNUSED_FUNCTION = YES;
				GCC_WARN_UNUSED_VARIABLE = YES;
				MACOSX_DEPLOYMENT_TARGET = 10.10;
				MTL_ENABLE_DEBUG_INFO = NO;
				PRODUCT_NAME = "$(TARGET_NAME)";
				SDKROOT = macosx;
			};
			name = Release;
		};
		18F028371C0BD5490043BA52 /* Debug */ = {
			isa = XCBuildConfiguration;
			buildSettings = {
				MACOSX_DEPLOYMENT_TARGET = 10.11;
			};
			name = Debug;
		};
		18F028381C0BD5490043BA52 /* Release */ = {
			isa = XCBuildConfiguration;
			buildSettings = {
				MACOSX_DEPLOYMENT_TARGET = 10.11;
			};
			name = Release;
		};
/* End XCBuildConfiguration section */

/* Begin XCConfigurationList section */
		1843A7811C0C26B800364F33 /* Build configuration list for PBXNativeTarget "06-block代码块" */ = {
			isa = XCConfigurationList;
			buildConfigurations = (
				1843A77F1C0C26B800364F33 /* Debug */,
				1843A7801C0C26B800364F33 /* Release */,
			);
			defaultConfigurationIsVisible = 0;
			defaultConfigurationName = Release;
		};
		1843A78A1C0C2F5400364F33 /* Build configuration list for PBXNativeTarget "07-block的使用注意事项" */ = {
			isa = XCConfigurationList;
			buildConfigurations = (
				1843A78B1C0C2F5400364F33 /* Debug */,
				1843A78C1C0C2F5400364F33 /* Release */,
			);
			defaultConfigurationIsVisible = 0;
			defaultConfigurationName = Release;
		};
		1843A7951C0C34C000364F33 /* Build configuration list for PBXNativeTarget "08-typedef与block" */ = {
			isa = XCConfigurationList;
			buildConfigurations = (
				1843A7961C0C34C000364F33 /* Debug */,
				1843A7971C0C34C000364F33 /* Release */,
			);
			defaultConfigurationIsVisible = 0;
			defaultConfigurationName = Release;
		};
		1843A7A01C0C38F400364F33 /* Build configuration list for PBXNativeTarget "09-有参数和有返回值的block" */ = {
			isa = XCConfigurationList;
			buildConfigurations = (
				1843A7A11C0C38F400364F33 /* Debug */,
				1843A7A21C0C38F400364F33 /* Release */,
			);
			defaultConfigurationIsVisible = 0;
			defaultConfigurationName = Release;
		};
		1843A7AB1C0C3BC100364F33 /* Build configuration list for PBXNativeTarget "10-有参数和有返回值的block" */ = {
			isa = XCConfigurationList;
			buildConfigurations = (
				1843A7AC1C0C3BC100364F33 /* Debug */,
				1843A7AD1C0C3BC100364F33 /* Release */,
			);
			defaultConfigurationIsVisible = 0;
			defaultConfigurationName = Release;
		};
		1843A7B61C0C400600364F33 /* Build configuration list for PBXNativeTarget "11-了解-访问外部变量" */ = {
			isa = XCConfigurationList;
			buildConfigurations = (
				1843A7B71C0C400600364F33 /* Debug */,
				1843A7B81C0C400600364F33 /* Release */,
			);
			defaultConfigurationIsVisible = 0;
			defaultConfigurationName = Release;
		};
		1843A7C11C0C442900364F33 /* Build configuration list for PBXNativeTarget "12-了解-block与__block与外部变量" */ = {
			isa = XCConfigurationList;
			buildConfigurations = (
				1843A7C21C0C442900364F33 /* Debug */,
				1843A7C31C0C442900364F33 /* Release */,
			);
			defaultConfigurationIsVisible = 0;
			defaultConfigurationName = Release;
		};
		1843A7CC1C0C475500364F33 /* Build configuration list for PBXNativeTarget "13-block的使用技巧" */ = {
			isa = XCConfigurationList;
			buildConfigurations = (
				1843A7CD1C0C475500364F33 /* Debug */,
				1843A7CE1C0C475500364F33 /* Release */,
			);
			defaultConfigurationIsVisible = 0;
			defaultConfigurationName = Release;
		};
		185B203E1C0BDA5200CDCD68 /* Build configuration list for PBXNativeTarget "01-复习-问题" */ = {
			isa = XCConfigurationList;
			buildConfigurations = (
				185B203C1C0BDA5200CDCD68 /* Debug */,
				185B203D1C0BDA5200CDCD68 /* Release */,
			);
			defaultConfigurationIsVisible = 0;
			defaultConfigurationName = Release;
		};
		185B204A1C0BDD1D00CDCD68 /* Build configuration list for PBXNativeTarget "02-Category的基本概念" */ = {
			isa = XCConfigurationList;
			buildConfigurations = (
				185B204B1C0BDD1D00CDCD68 /* Debug */,
				185B204C1C0BDD1D00CDCD68 /* Release */,
			);
			defaultConfigurationIsVisible = 0;
			defaultConfigurationName = Release;
		};
		185B20551C0BEE6900CDCD68 /* Build configuration list for PBXNativeTarget "03-使用Xcode生成Category" */ = {
			isa = XCConfigurationList;
			buildConfigurations = (
				185B20561C0BEE6900CDCD68 /* Debug */,
				185B20571C0BEE6900CDCD68 /* Release */,
			);
			defaultConfigurationIsVisible = 0;
			defaultConfigurationName = Release;
		};
		185B20631C0BF57E00CDCD68 /* Build configuration list for PBXNativeTarget "04-Category的使用注意与私有扩展的概念" */ = {
			isa = XCConfigurationList;
			buildConfigurations = (
				185B20641C0BF57E00CDCD68 /* Debug */,
				185B20651C0BF57E00CDCD68 /* Release */,
			);
			defaultConfigurationIsVisible = 0;
			defaultConfigurationName = Release;
		};
		185B20B81C0BFA6700CDCD68 /* Build configuration list for PBXNativeTarget "05-Category与非正式协议" */ = {
			isa = XCConfigurationList;
			buildConfigurations = (
				185B20B91C0BFA6700CDCD68 /* Debug */,
				185B20BA1C0BFA6700CDCD68 /* Release */,
			);
			defaultConfigurationIsVisible = 0;
			defaultConfigurationName = Release;
		};
		18F028361C0BD5490043BA52 /* Build configuration list for PBXProject "OC加强-03" */ = {
			isa = XCConfigurationList;
			buildConfigurations = (
				18F028371C0BD5490043BA52 /* Debug */,
				18F028381C0BD5490043BA52 /* Release */,
			);
			defaultConfigurationIsVisible = 0;
			defaultConfigurationName = Release;
		};
/* End XCConfigurationList section */
	};
	rootObject = 18F028331C0BD5490043BA52 /* Project object */;
}
