// !$*UTF8*$!
{
	archiveVersion = 1;
	classes = {
	};
	objectVersion = 46;
	objects = {

/* Begin PBXBuildFile section */
		18A32F751C0D392100380FAB /* main.m in Sources */ = {isa = PBXBuildFile; fileRef = 18A32F741C0D392100380FAB /* main.m */; };
		18A32F801C0D3E4100380FAB /* main.m in Sources */ = {isa = PBXBuildFile; fileRef = 18A32F7F1C0D3E4100380FAB /* main.m */; };
		18A32F861C0D3E5400380FAB /* Person.m in Sources */ = {isa = PBXBuildFile; fileRef = 18A32F851C0D3E5400380FAB /* Person.m */; settings = {ASSET_TAGS = (); }; };
		18A32F8E1C0D46A000380FAB /* main.m in Sources */ = {isa = PBXBuildFile; fileRef = 18A32F8D1C0D46A000380FAB /* main.m */; };
		18A32F991C0D47AA00380FAB /* main.m in Sources */ = {isa = PBXBuildFile; fileRef = 18A32F981C0D47AA00380FAB /* main.m */; };
		18A32FA41C0D48B800380FAB /* main.m in Sources */ = {isa = PBXBuildFile; fileRef = 18A32FA31C0D48B800380FAB /* main.m */; };
		18A32FAF1C0D4AF800380FAB /* main.m in Sources */ = {isa = PBXBuildFile; fileRef = 18A32FAE1C0D4AF800380FAB /* main.m */; };
		18A32FBA1C0D4D1400380FAB /* main.m in Sources */ = {isa = PBXBuildFile; fileRef = 18A32FB91C0D4D1400380FAB /* main.m */; };
		18A32FC61C0D79BB00380FAB /* main.m in Sources */ = {isa = PBXBuildFile; fileRef = 18A32FC51C0D79BB00380FAB /* main.m */; };
		18A32FCC1C0D7BCC00380FAB /* Person.m in Sources */ = {isa = PBXBuildFile; fileRef = 18A32FCB1C0D7BCC00380FAB /* Person.m */; settings = {ASSET_TAGS = (); }; };
		18A32FCF1C0D7BD700380FAB /* Blacktail.m in Sources */ = {isa = PBXBuildFile; fileRef = 18A32FCE1C0D7BD700380FAB /* Blacktail.m */; settings = {ASSET_TAGS = (); }; };
		18A32FD21C0D7D3D00380FAB /* TMP.m in Sources */ = {isa = PBXBuildFile; fileRef = 18A32FD11C0D7D3D00380FAB /* TMP.m */; settings = {ASSET_TAGS = (); }; };
		18A32FDB1C0D878800380FAB /* main.m in Sources */ = {isa = PBXBuildFile; fileRef = 18A32FDA1C0D878800380FAB /* main.m */; };
		18A32FE11C0D892000380FAB /* Person.m in Sources */ = {isa = PBXBuildFile; fileRef = 18A32FE01C0D892000380FAB /* Person.m */; settings = {ASSET_TAGS = (); }; };
		18A32FE41C0D892400380FAB /* Cat.m in Sources */ = {isa = PBXBuildFile; fileRef = 18A32FE31C0D892400380FAB /* Cat.m */; settings = {ASSET_TAGS = (); }; };
		18A32FEC1C0D8F0000380FAB /* main.m in Sources */ = {isa = PBXBuildFile; fileRef = 18A32FEB1C0D8F0000380FAB /* main.m */; };
		18A32FF71C0D968000380FAB /* main.m in Sources */ = {isa = PBXBuildFile; fileRef = 18A32FF61C0D968000380FAB /* main.m */; };
/* End PBXBuildFile section */

/* Begin PBXCopyFilesBuildPhase section */
		18A32F6F1C0D392100380FAB /* CopyFiles */ = {
			isa = PBXCopyFilesBuildPhase;
			buildActionMask = 2147483647;
			dstPath = /usr/share/man/man1/;
			dstSubfolderSpec = 0;
			files = (
			);
			runOnlyForDeploymentPostprocessing = 1;
		};
		18A32F7B1C0D3E4100380FAB /* CopyFiles */ = {
			isa = PBXCopyFilesBuildPhase;
			buildActionMask = 2147483647;
			dstPath = /usr/share/man/man1/;
			dstSubfolderSpec = 0;
			files = (
			);
			runOnlyForDeploymentPostprocessing = 1;
		};
		18A32F891C0D46A000380FAB /* CopyFiles */ = {
			isa = PBXCopyFilesBuildPhase;
			buildActionMask = 2147483647;
			dstPath = /usr/share/man/man1/;
			dstSubfolderSpec = 0;
			files = (
			);
			runOnlyForDeploymentPostprocessing = 1;
		};
		18A32F941C0D47AA00380FAB /* CopyFiles */ = {
			isa = PBXCopyFilesBuildPhase;
			buildActionMask = 2147483647;
			dstPath = /usr/share/man/man1/;
			dstSubfolderSpec = 0;
			files = (
			);
			runOnlyForDeploymentPostprocessing = 1;
		};
		18A32F9F1C0D48B800380FAB /* CopyFiles */ = {
			isa = PBXCopyFilesBuildPhase;
			buildActionMask = 2147483647;
			dstPath = /usr/share/man/man1/;
			dstSubfolderSpec = 0;
			files = (
			);
			runOnlyForDeploymentPostprocessing = 1;
		};
		18A32FAA1C0D4AF800380FAB /* CopyFiles */ = {
			isa = PBXCopyFilesBuildPhase;
			buildActionMask = 2147483647;
			dstPath = /usr/share/man/man1/;
			dstSubfolderSpec = 0;
			files = (
			);
			runOnlyForDeploymentPostprocessing = 1;
		};
		18A32FB51C0D4D1400380FAB /* CopyFiles */ = {
			isa = PBXCopyFilesBuildPhase;
			buildActionMask = 2147483647;
			dstPath = /usr/share/man/man1/;
			dstSubfolderSpec = 0;
			files = (
			);
			runOnlyForDeploymentPostprocessing = 1;
		};
		18A32FC11C0D79BB00380FAB /* CopyFiles */ = {
			isa = PBXCopyFilesBuildPhase;
			buildActionMask = 2147483647;
			dstPath = /usr/share/man/man1/;
			dstSubfolderSpec = 0;
			files = (
			);
			runOnlyForDeploymentPostprocessing = 1;
		};
		18A32FD61C0D878800380FAB /* CopyFiles */ = {
			isa = PBXCopyFilesBuildPhase;
			buildActionMask = 2147483647;
			dstPath = /usr/share/man/man1/;
			dstSubfolderSpec = 0;
			files = (
			);
			runOnlyForDeploymentPostprocessing = 1;
		};
		18A32FE71C0D8F0000380FAB /* CopyFiles */ = {
			isa = PBXCopyFilesBuildPhase;
			buildActionMask = 2147483647;
			dstPath = /usr/share/man/man1/;
			dstSubfolderSpec = 0;
			files = (
			);
			runOnlyForDeploymentPostprocessing = 1;
		};
		18A32FF21C0D968000380FAB /* CopyFiles */ = {
			isa = PBXCopyFilesBuildPhase;
			buildActionMask = 2147483647;
			dstPath = /usr/share/man/man1/;
			dstSubfolderSpec = 0;
			files = (
			);
			runOnlyForDeploymentPostprocessing = 1;
		};
/* End PBXCopyFilesBuildPhase section */

/* Begin PBXFileReference section */
		18A32F711C0D392100380FAB /* 01-协议的基本语法 */ = {isa = PBXFileReference; explicitFileType = "compiled.mach-o.executable"; includeInIndex = 0; path = "01-协议的基本语法"; sourceTree = BUILT_PRODUCTS_DIR; };
		18A32F741C0D392100380FAB /* main.m */ = {isa = PBXFileReference; lastKnownFileType = sourcecode.c.objc; path = main.m; sourceTree = "<group>"; };
		18A32F7D1C0D3E4100380FAB /* 02-OC的动态特征 */ = {isa = PBXFileReference; explicitFileType = "compiled.mach-o.executable"; includeInIndex = 0; path = "02-OC的动态特征"; sourceTree = BUILT_PRODUCTS_DIR; };
		18A32F7F1C0D3E4100380FAB /* main.m */ = {isa = PBXFileReference; lastKnownFileType = sourcecode.c.objc; path = main.m; sourceTree = "<group>"; };
		18A32F841C0D3E5400380FAB /* Person.h */ = {isa = PBXFileReference; fileEncoding = 4; lastKnownFileType = sourcecode.c.h; path = Person.h; sourceTree = "<group>"; };
		18A32F851C0D3E5400380FAB /* Person.m */ = {isa = PBXFileReference; fileEncoding = 4; lastKnownFileType = sourcecode.c.objc; path = Person.m; sourceTree = "<group>"; };
		18A32F8B1C0D46A000380FAB /* 03-NSObject协议 */ = {isa = PBXFileReference; explicitFileType = "compiled.mach-o.executable"; includeInIndex = 0; path = "03-NSObject协议"; sourceTree = BUILT_PRODUCTS_DIR; };
		18A32F8D1C0D46A000380FAB /* main.m */ = {isa = PBXFileReference; lastKnownFileType = sourcecode.c.objc; path = main.m; sourceTree = "<group>"; };
		18A32F961C0D47AA00380FAB /* 04-协议的继承 */ = {isa = PBXFileReference; explicitFileType = "compiled.mach-o.executable"; includeInIndex = 0; path = "04-协议的继承"; sourceTree = BUILT_PRODUCTS_DIR; };
		18A32F981C0D47AA00380FAB /* main.m */ = {isa = PBXFileReference; lastKnownFileType = sourcecode.c.objc; path = main.m; sourceTree = "<group>"; };
		18A32FA11C0D48B800380FAB /* 05-协议的多继承 */ = {isa = PBXFileReference; explicitFileType = "compiled.mach-o.executable"; includeInIndex = 0; path = "05-协议的多继承"; sourceTree = BUILT_PRODUCTS_DIR; };
		18A32FA31C0D48B800380FAB /* main.m */ = {isa = PBXFileReference; lastKnownFileType = sourcecode.c.objc; path = main.m; sourceTree = "<group>"; };
		18A32FAC1C0D4AF800380FAB /* 06-协议的修饰符号 */ = {isa = PBXFileReference; explicitFileType = "compiled.mach-o.executable"; includeInIndex = 0; path = "06-协议的修饰符号"; sourceTree = BUILT_PRODUCTS_DIR; };
		18A32FAE1C0D4AF800380FAB /* main.m */ = {isa = PBXFileReference; lastKnownFileType = sourcecode.c.objc; path = main.m; sourceTree = "<group>"; };
		18A32FB71C0D4D1400380FAB /* 07-使用Xcode生成协议文件 */ = {isa = PBXFileReference; explicitFileType = "compiled.mach-o.executable"; includeInIndex = 0; path = "07-使用Xcode生成协议文件"; sourceTree = BUILT_PRODUCTS_DIR; };
		18A32FB91C0D4D1400380FAB /* main.m */ = {isa = PBXFileReference; lastKnownFileType = sourcecode.c.objc; path = main.m; sourceTree = "<group>"; };
		18A32FBE1C0D4D3B00380FAB /* MyProtocol.h */ = {isa = PBXFileReference; fileEncoding = 4; lastKnownFileType = sourcecode.c.h; path = MyProtocol.h; sourceTree = "<group>"; };
		18A32FC31C0D79BB00380FAB /* 08-代理设计模式 */ = {isa = PBXFileReference; explicitFileType = "compiled.mach-o.executable"; includeInIndex = 0; path = "08-代理设计模式"; sourceTree = BUILT_PRODUCTS_DIR; };
		18A32FC51C0D79BB00380FAB /* main.m */ = {isa = PBXFileReference; lastKnownFileType = sourcecode.c.objc; path = main.m; sourceTree = "<group>"; };
		18A32FCA1C0D7BCC00380FAB /* Person.h */ = {isa = PBXFileReference; fileEncoding = 4; lastKnownFileType = sourcecode.c.h; path = Person.h; sourceTree = "<group>"; };
		18A32FCB1C0D7BCC00380FAB /* Person.m */ = {isa = PBXFileReference; fileEncoding = 4; lastKnownFileType = sourcecode.c.objc; path = Person.m; sourceTree = "<group>"; };
		18A32FCD1C0D7BD700380FAB /* Blacktail.h */ = {isa = PBXFileReference; fileEncoding = 4; lastKnownFileType = sourcecode.c.h; path = Blacktail.h; sourceTree = "<group>"; };
		18A32FCE1C0D7BD700380FAB /* Blacktail.m */ = {isa = PBXFileReference; fileEncoding = 4; lastKnownFileType = sourcecode.c.objc; path = Blacktail.m; sourceTree = "<group>"; };
		18A32FD01C0D7D3D00380FAB /* TMP.h */ = {isa = PBXFileReference; fileEncoding = 4; lastKnownFileType = sourcecode.c.h; path = TMP.h; sourceTree = "<group>"; };
		18A32FD11C0D7D3D00380FAB /* TMP.m */ = {isa = PBXFileReference; fileEncoding = 4; lastKnownFileType = sourcecode.c.objc; path = TMP.m; sourceTree = "<group>"; };
		18A32FD31C0D7E9B00380FAB /* Launchable.h */ = {isa = PBXFileReference; fileEncoding = 4; lastKnownFileType = sourcecode.c.h; path = Launchable.h; sourceTree = "<group>"; };
		18A32FD81C0D878800380FAB /* 09-id类型补充 */ = {isa = PBXFileReference; explicitFileType = "compiled.mach-o.executable"; includeInIndex = 0; path = "09-id类型补充"; sourceTree = BUILT_PRODUCTS_DIR; };
		18A32FDA1C0D878800380FAB /* main.m */ = {isa = PBXFileReference; lastKnownFileType = sourcecode.c.objc; path = main.m; sourceTree = "<group>"; };
		18A32FDF1C0D892000380FAB /* Person.h */ = {isa = PBXFileReference; fileEncoding = 4; lastKnownFileType = sourcecode.c.h; path = Person.h; sourceTree = "<group>"; };
		18A32FE01C0D892000380FAB /* Person.m */ = {isa = PBXFileReference; fileEncoding = 4; lastKnownFileType = sourcecode.c.objc; path = Person.m; sourceTree = "<group>"; };
		18A32FE21C0D892400380FAB /* Cat.h */ = {isa = PBXFileReference; fileEncoding = 4; lastKnownFileType = sourcecode.c.h; path = Cat.h; sourceTree = "<group>"; };
		18A32FE31C0D892400380FAB /* Cat.m */ = {isa = PBXFileReference; fileEncoding = 4; lastKnownFileType = sourcecode.c.objc; path = Cat.m; sourceTree = "<group>"; };
		18A32FE91C0D8F0000380FAB /* 10-FOUNDATION简介 */ = {isa = PBXFileReference; explicitFileType = "compiled.mach-o.executable"; includeInIndex = 0; path = "10-FOUNDATION简介"; sourceTree = BUILT_PRODUCTS_DIR; };
		18A32FEB1C0D8F0000380FAB /* main.m */ = {isa = PBXFileReference; lastKnownFileType = sourcecode.c.objc; path = main.m; sourceTree = "<group>"; };
		18A32FF41C0D968000380FAB /* 11-字符串的常见用法 */ = {isa = PBXFileReference; explicitFileType = "compiled.mach-o.executable"; includeInIndex = 0; path = "11-字符串的常见用法"; sourceTree = BUILT_PRODUCTS_DIR; };
		18A32FF61C0D968000380FAB /* main.m */ = {isa = PBXFileReference; lastKnownFileType = sourcecode.c.objc; path = main.m; sourceTree = "<group>"; };
/* End PBXFileReference section */

/* Begin PBXFrameworksBuildPhase section */
		18A32F6E1C0D392100380FAB /* Frameworks */ = {
			isa = PBXFrameworksBuildPhase;
			buildActionMask = 2147483647;
			files = (
			);
			runOnlyForDeploymentPostprocessing = 0;
		};
		18A32F7A1C0D3E4100380FAB /* Frameworks */ = {
			isa = PBXFrameworksBuildPhase;
			buildActionMask = 2147483647;
			files = (
			);
			runOnlyForDeploymentPostprocessing = 0;
		};
		18A32F881C0D46A000380FAB /* Frameworks */ = {
			isa = PBXFrameworksBuildPhase;
			buildActionMask = 2147483647;
			files = (
			);
			runOnlyForDeploymentPostprocessing = 0;
		};
		18A32F931C0D47AA00380FAB /* Frameworks */ = {
			isa = PBXFrameworksBuildPhase;
			buildActionMask = 2147483647;
			files = (
			);
			runOnlyForDeploymentPostprocessing = 0;
		};
		18A32F9E1C0D48B800380FAB /* Frameworks */ = {
			isa = PBXFrameworksBuildPhase;
			buildActionMask = 2147483647;
			files = (
			);
			runOnlyForDeploymentPostprocessing = 0;
		};
		18A32FA91C0D4AF800380FAB /* Frameworks */ = {
			isa = PBXFrameworksBuildPhase;
			buildActionMask = 2147483647;
			files = (
			);
			runOnlyForDeploymentPostprocessing = 0;
		};
		18A32FB41C0D4D1400380FAB /* Frameworks */ = {
			isa = PBXFrameworksBuildPhase;
			buildActionMask = 2147483647;
			files = (
			);
			runOnlyForDeploymentPostprocessing = 0;
		};
		18A32FC01C0D79BB00380FAB /* Frameworks */ = {
			isa = PBXFrameworksBuildPhase;
			buildActionMask = 2147483647;
			files = (
			);
			runOnlyForDeploymentPostprocessing = 0;
		};
		18A32FD51C0D878800380FAB /* Frameworks */ = {
			isa = PBXFrameworksBuildPhase;
			buildActionMask = 2147483647;
			files = (
			);
			runOnlyForDeploymentPostprocessing = 0;
		};
		18A32FE61C0D8F0000380FAB /* Frameworks */ = {
			isa = PBXFrameworksBuildPhase;
			buildActionMask = 2147483647;
			files = (
			);
			runOnlyForDeploymentPostprocessing = 0;
		};
		18A32FF11C0D968000380FAB /* Frameworks */ = {
			isa = PBXFrameworksBuildPhase;
			buildActionMask = 2147483647;
			files = (
			);
			runOnlyForDeploymentPostprocessing = 0;
		};
/* End PBXFrameworksBuildPhase section */

/* Begin PBXGroup section */
		18A32F661C0D263200380FAB = {
			isa = PBXGroup;
			children = (
				18A32F731C0D392100380FAB /* 01-协议的基本语法 */,
				18A32F7E1C0D3E4100380FAB /* 02-OC的动态特征 */,
				18A32F8C1C0D46A000380FAB /* 03-NSObject协议 */,
				18A32F971C0D47AA00380FAB /* 04-协议的继承 */,
				18A32FA21C0D48B800380FAB /* 05-协议的多继承 */,
				18A32FAD1C0D4AF800380FAB /* 06-协议的修饰符号 */,
				18A32FB81C0D4D1400380FAB /* 07-使用Xcode生成协议文件 */,
				18A32FC41C0D79BB00380FAB /* 08-代理设计模式 */,
				18A32FD91C0D878800380FAB /* 09-id类型补充 */,
				18A32FEA1C0D8F0000380FAB /* 10-FOUNDATION简介 */,
				18A32FF51C0D968000380FAB /* 11-字符串的常见用法 */,
				18A32F721C0D392100380FAB /* Products */,
			);
			sourceTree = "<group>";
		};
		18A32F721C0D392100380FAB /* Products */ = {
			isa = PBXGroup;
			children = (
				18A32F711C0D392100380FAB /* 01-协议的基本语法 */,
				18A32F7D1C0D3E4100380FAB /* 02-OC的动态特征 */,
				18A32F8B1C0D46A000380FAB /* 03-NSObject协议 */,
				18A32F961C0D47AA00380FAB /* 04-协议的继承 */,
				18A32FA11C0D48B800380FAB /* 05-协议的多继承 */,
				18A32FAC1C0D4AF800380FAB /* 06-协议的修饰符号 */,
				18A32FB71C0D4D1400380FAB /* 07-使用Xcode生成协议文件 */,
				18A32FC31C0D79BB00380FAB /* 08-代理设计模式 */,
				18A32FD81C0D878800380FAB /* 09-id类型补充 */,
				18A32FE91C0D8F0000380FAB /* 10-FOUNDATION简介 */,
				18A32FF41C0D968000380FAB /* 11-字符串的常见用法 */,
			);
			name = Products;
			sourceTree = "<group>";
		};
		18A32F731C0D392100380FAB /* 01-协议的基本语法 */ = {
			isa = PBXGroup;
			children = (
				18A32F741C0D392100380FAB /* main.m */,
			);
			path = "01-协议的基本语法";
			sourceTree = "<group>";
		};
		18A32F7E1C0D3E4100380FAB /* 02-OC的动态特征 */ = {
			isa = PBXGroup;
			children = (
				18A32F7F1C0D3E4100380FAB /* main.m */,
				18A32F841C0D3E5400380FAB /* Person.h */,
				18A32F851C0D3E5400380FAB /* Person.m */,
			);
			path = "02-OC的动态特征";
			sourceTree = "<group>";
		};
		18A32F8C1C0D46A000380FAB /* 03-NSObject协议 */ = {
			isa = PBXGroup;
			children = (
				18A32F8D1C0D46A000380FAB /* main.m */,
			);
			path = "03-NSObject协议";
			sourceTree = "<group>";
		};
		18A32F971C0D47AA00380FAB /* 04-协议的继承 */ = {
			isa = PBXGroup;
			children = (
				18A32F981C0D47AA00380FAB /* main.m */,
			);
			path = "04-协议的继承";
			sourceTree = "<group>";
		};
		18A32FA21C0D48B800380FAB /* 05-协议的多继承 */ = {
			isa = PBXGroup;
			children = (
				18A32FA31C0D48B800380FAB /* main.m */,
			);
			path = "05-协议的多继承";
			sourceTree = "<group>";
		};
		18A32FAD1C0D4AF800380FAB /* 06-协议的修饰符号 */ = {
			isa = PBXGroup;
			children = (
				18A32FAE1C0D4AF800380FAB /* main.m */,
			);
			path = "06-协议的修饰符号";
			sourceTree = "<group>";
		};
		18A32FB81C0D4D1400380FAB /* 07-使用Xcode生成协议文件 */ = {
			isa = PBXGroup;
			children = (
				18A32FB91C0D4D1400380FAB /* main.m */,
				18A32FBE1C0D4D3B00380FAB /* MyProtocol.h */,
			);
			path = "07-使用Xcode生成协议文件";
			sourceTree = "<group>";
		};
		18A32FC41C0D79BB00380FAB /* 08-代理设计模式 */ = {
			isa = PBXGroup;
			children = (
				18A32FC51C0D79BB00380FAB /* main.m */,
				18A32FCA1C0D7BCC00380FAB /* Person.h */,
				18A32FCB1C0D7BCC00380FAB /* Person.m */,
				18A32FCD1C0D7BD700380FAB /* Blacktail.h */,
				18A32FCE1C0D7BD700380FAB /* Blacktail.m */,
				18A32FD01C0D7D3D00380FAB /* TMP.h */,
				18A32FD11C0D7D3D00380FAB /* TMP.m */,
				18A32FD31C0D7E9B00380FAB /* Launchable.h */,
			);
			path = "08-代理设计模式";
			sourceTree = "<group>";
		};
		18A32FD91C0D878800380FAB /* 09-id类型补充 */ = {
			isa = PBXGroup;
			children = (
				18A32FDA1C0D878800380FAB /* main.m */,
				18A32FDF1C0D892000380FAB /* Person.h */,
				18A32FE01C0D892000380FAB /* Person.m */,
				18A32FE21C0D892400380FAB /* Cat.h */,
				18A32FE31C0D892400380FAB /* Cat.m */,
			);
			path = "09-id类型补充";
			sourceTree = "<group>";
		};
		18A32FEA1C0D8F0000380FAB /* 10-FOUNDATION简介 */ = {
			isa = PBXGroup;
			children = (
				18A32FEB1C0D8F0000380FAB /* main.m */,
			);
			path = "10-FOUNDATION简介";
			sourceTree = "<group>";
		};
		18A32FF51C0D968000380FAB /* 11-字符串的常见用法 */ = {
			isa = PBXGroup;
			children = (
				18A32FF61C0D968000380FAB /* main.m */,
			);
			path = "11-字符串的常见用法";
			sourceTree = "<group>";
		};
/* End PBXGroup section */

/* Begin PBXNativeTarget section */
		18A32F701C0D392100380FAB /* 01-协议的基本语法 */ = {
			isa = PBXNativeTarget;
			buildConfigurationList = 18A32F761C0D392100380FAB /* Build configuration list for PBXNativeTarget "01-协议的基本语法" */;
			buildPhases = (
				18A32F6D1C0D392100380FAB /* Sources */,
				18A32F6E1C0D392100380FAB /* Frameworks */,
				18A32F6F1C0D392100380FAB /* CopyFiles */,
			);
			buildRules = (
			);
			dependencies = (
			);
			name = "01-协议的基本语法";
			productName = "01-协议的基本语法";
			productReference = 18A32F711C0D392100380FAB /* 01-协议的基本语法 */;
			productType = "com.apple.product-type.tool";
		};
		18A32F7C1C0D3E4100380FAB /* 02-OC的动态特征 */ = {
			isa = PBXNativeTarget;
			buildConfigurationList = 18A32F811C0D3E4100380FAB /* Build configuration list for PBXNativeTarget "02-OC的动态特征" */;
			buildPhases = (
				18A32F791C0D3E4100380FAB /* Sources */,
				18A32F7A1C0D3E4100380FAB /* Frameworks */,
				18A32F7B1C0D3E4100380FAB /* CopyFiles */,
			);
			buildRules = (
			);
			dependencies = (
			);
			name = "02-OC的动态特征";
			productName = "02-OC的动态特征";
			productReference = 18A32F7D1C0D3E4100380FAB /* 02-OC的动态特征 */;
			productType = "com.apple.product-type.tool";
		};
		18A32F8A1C0D46A000380FAB /* 03-NSObject协议 */ = {
			isa = PBXNativeTarget;
			buildConfigurationList = 18A32F8F1C0D46A000380FAB /* Build configuration list for PBXNativeTarget "03-NSObject协议" */;
			buildPhases = (
				18A32F871C0D46A000380FAB /* Sources */,
				18A32F881C0D46A000380FAB /* Frameworks */,
				18A32F891C0D46A000380FAB /* CopyFiles */,
			);
			buildRules = (
			);
			dependencies = (
			);
			name = "03-NSObject协议";
			productName = "03-NSObject协议";
			productReference = 18A32F8B1C0D46A000380FAB /* 03-NSObject协议 */;
			productType = "com.apple.product-type.tool";
		};
		18A32F951C0D47AA00380FAB /* 04-协议的继承 */ = {
			isa = PBXNativeTarget;
			buildConfigurationList = 18A32F9A1C0D47AA00380FAB /* Build configuration list for PBXNativeTarget "04-协议的继承" */;
			buildPhases = (
				18A32F921C0D47AA00380FAB /* Sources */,
				18A32F931C0D47AA00380FAB /* Frameworks */,
				18A32F941C0D47AA00380FAB /* CopyFiles */,
			);
			buildRules = (
			);
			dependencies = (
			);
			name = "04-协议的继承";
			productName = "04-协议的继承";
			productReference = 18A32F961C0D47AA00380FAB /* 04-协议的继承 */;
			productType = "com.apple.product-type.tool";
		};
		18A32FA01C0D48B800380FAB /* 05-协议的多继承 */ = {
			isa = PBXNativeTarget;
			buildConfigurationList = 18A32FA51C0D48B800380FAB /* Build configuration list for PBXNativeTarget "05-协议的多继承" */;
			buildPhases = (
				18A32F9D1C0D48B800380FAB /* Sources */,
				18A32F9E1C0D48B800380FAB /* Frameworks */,
				18A32F9F1C0D48B800380FAB /* CopyFiles */,
			);
			buildRules = (
			);
			dependencies = (
			);
			name = "05-协议的多继承";
			productName = "05-协议的多继承";
			productReference = 18A32FA11C0D48B800380FAB /* 05-协议的多继承 */;
			productType = "com.apple.product-type.tool";
		};
		18A32FAB1C0D4AF800380FAB /* 06-协议的修饰符号 */ = {
			isa = PBXNativeTarget;
			buildConfigurationList = 18A32FB01C0D4AF800380FAB /* Build configuration list for PBXNativeTarget "06-协议的修饰符号" */;
			buildPhases = (
				18A32FA81C0D4AF800380FAB /* Sources */,
				18A32FA91C0D4AF800380FAB /* Frameworks */,
				18A32FAA1C0D4AF800380FAB /* CopyFiles */,
			);
			buildRules = (
			);
			dependencies = (
			);
			name = "06-协议的修饰符号";
			productName = "06-协议的修饰符号";
			productReference = 18A32FAC1C0D4AF800380FAB /* 06-协议的修饰符号 */;
			productType = "com.apple.product-type.tool";
		};
		18A32FB61C0D4D1400380FAB /* 07-使用Xcode生成协议文件 */ = {
			isa = PBXNativeTarget;
			buildConfigurationList = 18A32FBB1C0D4D1400380FAB /* Build configuration list for PBXNativeTarget "07-使用Xcode生成协议文件" */;
			buildPhases = (
				18A32FB31C0D4D1400380FAB /* Sources */,
				18A32FB41C0D4D1400380FAB /* Frameworks */,
				18A32FB51C0D4D1400380FAB /* CopyFiles */,
			);
			buildRules = (
			);
			dependencies = (
			);
			name = "07-使用Xcode生成协议文件";
			productName = "07-使用Xcode生成协议文件";
			productReference = 18A32FB71C0D4D1400380FAB /* 07-使用Xcode生成协议文件 */;
			productType = "com.apple.product-type.tool";
		};
		18A32FC21C0D79BB00380FAB /* 08-代理设计模式 */ = {
			isa = PBXNativeTarget;
			buildConfigurationList = 18A32FC91C0D79BB00380FAB /* Build configuration list for PBXNativeTarget "08-代理设计模式" */;
			buildPhases = (
				18A32FBF1C0D79BB00380FAB /* Sources */,
				18A32FC01C0D79BB00380FAB /* Frameworks */,
				18A32FC11C0D79BB00380FAB /* CopyFiles */,
			);
			buildRules = (
			);
			dependencies = (
			);
			name = "08-代理设计模式";
			productName = "08-代理设计模式";
			productReference = 18A32FC31C0D79BB00380FAB /* 08-代理设计模式 */;
			productType = "com.apple.product-type.tool";
		};
		18A32FD71C0D878800380FAB /* 09-id类型补充 */ = {
			isa = PBXNativeTarget;
			buildConfigurationList = 18A32FDC1C0D878800380FAB /* Build configuration list for PBXNativeTarget "09-id类型补充" */;
			buildPhases = (
				18A32FD41C0D878800380FAB /* Sources */,
				18A32FD51C0D878800380FAB /* Frameworks */,
				18A32FD61C0D878800380FAB /* CopyFiles */,
			);
			buildRules = (
			);
			dependencies = (
			);
			name = "09-id类型补充";
			productName = "09-id类型补充";
			productReference = 18A32FD81C0D878800380FAB /* 09-id类型补充 */;
			productType = "com.apple.product-type.tool";
		};
		18A32FE81C0D8F0000380FAB /* 10-FOUNDATION简介 */ = {
			isa = PBXNativeTarget;
			buildConfigurationList = 18A32FED1C0D8F0000380FAB /* Build configuration list for PBXNativeTarget "10-FOUNDATION简介" */;
			buildPhases = (
				18A32FE51C0D8F0000380FAB /* Sources */,
				18A32FE61C0D8F0000380FAB /* Frameworks */,
				18A32FE71C0D8F0000380FAB /* CopyFiles */,
			);
			buildRules = (
			);
			dependencies = (
			);
			name = "10-FOUNDATION简介";
			productName = "10-FOUNDATION简介";
			productReference = 18A32FE91C0D8F0000380FAB /* 10-FOUNDATION简介 */;
			productType = "com.apple.product-type.tool";
		};
		18A32FF31C0D968000380FAB /* 11-字符串的常见用法 */ = {
			isa = PBXNativeTarget;
			buildConfigurationList = 18A32FF81C0D968000380FAB /* Build configuration list for PBXNativeTarget "11-字符串的常见用法" */;
			buildPhases = (
				18A32FF01C0D968000380FAB /* Sources */,
				18A32FF11C0D968000380FAB /* Frameworks */,
				18A32FF21C0D968000380FAB /* CopyFiles */,
			);
			buildRules = (
			);
			dependencies = (
			);
			name = "11-字符串的常见用法";
			productName = "11-字符串的常见用法";
			productReference = 18A32FF41C0D968000380FAB /* 11-字符串的常见用法 */;
			productType = "com.apple.product-type.tool";
		};
/* End PBXNativeTarget section */

/* Begin PBXProject section */
		18A32F671C0D263200380FAB /* Project object */ = {
			isa = PBXProject;
			attributes = {
				LastUpgradeCheck = 0700;
				TargetAttributes = {
					18A32F701C0D392100380FAB = {
						CreatedOnToolsVersion = 7.0.1;
					};
					18A32F7C1C0D3E4100380FAB = {
						CreatedOnToolsVersion = 7.0.1;
					};
					18A32F8A1C0D46A000380FAB = {
						CreatedOnToolsVersion = 7.0.1;
					};
					18A32F951C0D47AA00380FAB = {
						CreatedOnToolsVersion = 7.0.1;
					};
					18A32FA01C0D48B800380FAB = {
						CreatedOnToolsVersion = 7.0.1;
					};
					18A32FAB1C0D4AF800380FAB = {
						CreatedOnToolsVersion = 7.0.1;
					};
					18A32FB61C0D4D1400380FAB = {
						CreatedOnToolsVersion = 7.0.1;
					};
					18A32FC21C0D79BB00380FAB = {
						CreatedOnToolsVersion = 7.0.1;
					};
					18A32FD71C0D878800380FAB = {
						CreatedOnToolsVersion = 7.0.1;
					};
					18A32FE81C0D8F0000380FAB = {
						CreatedOnToolsVersion = 7.0.1;
					};
					18A32FF31C0D968000380FAB = {
						CreatedOnToolsVersion = 7.0.1;
					};
				};
			};
			buildConfigurationList = 18A32F6A1C0D263200380FAB /* Build configuration list for PBXProject "OC加强-04" */;
			compatibilityVersion = "Xcode 3.2";
			developmentRegion = English;
			hasScannedForEncodings = 0;
			knownRegions = (
				en,
			);
			mainGroup = 18A32F661C0D263200380FAB;
			productRefGroup = 18A32F721C0D392100380FAB /* Products */;
			projectDirPath = "";
			projectRoot = "";
			targets = (
				18A32F701C0D392100380FAB /* 01-协议的基本语法 */,
				18A32F7C1C0D3E4100380FAB /* 02-OC的动态特征 */,
				18A32F8A1C0D46A000380FAB /* 03-NSObject协议 */,
				18A32F951C0D47AA00380FAB /* 04-协议的继承 */,
				18A32FA01C0D48B800380FAB /* 05-协议的多继承 */,
				18A32FAB1C0D4AF800380FAB /* 06-协议的修饰符号 */,
				18A32FB61C0D4D1400380FAB /* 07-使用Xcode生成协议文件 */,
				18A32FC21C0D79BB00380FAB /* 08-代理设计模式 */,
				18A32FD71C0D878800380FAB /* 09-id类型补充 */,
				18A32FE81C0D8F0000380FAB /* 10-FOUNDATION简介 */,
				18A32FF31C0D968000380FAB /* 11-字符串的常见用法 */,
			);
		};
/* End PBXProject section */

/* Begin PBXSourcesBuildPhase section */
		18A32F6D1C0D392100380FAB /* Sources */ = {
			isa = PBXSourcesBuildPhase;
			buildActionMask = 2147483647;
			files = (
				18A32F751C0D392100380FAB /* main.m in Sources */,
			);
			runOnlyForDeploymentPostprocessing = 0;
		};
		18A32F791C0D3E4100380FAB /* Sources */ = {
			isa = PBXSourcesBuildPhase;
			buildActionMask = 2147483647;
			files = (
				18A32F861C0D3E5400380FAB /* Person.m in Sources */,
				18A32F801C0D3E4100380FAB /* main.m in Sources */,
			);
			runOnlyForDeploymentPostprocessing = 0;
		};
		18A32F871C0D46A000380FAB /* Sources */ = {
			isa = PBXSourcesBuildPhase;
			buildActionMask = 2147483647;
			files = (
				18A32F8E1C0D46A000380FAB /* main.m in Sources */,
			);
			runOnlyForDeploymentPostprocessing = 0;
		};
		18A32F921C0D47AA00380FAB /* Sources */ = {
			isa = PBXSourcesBuildPhase;
			buildActionMask = 2147483647;
			files = (
				18A32F991C0D47AA00380FAB /* main.m in Sources */,
			);
			runOnlyForDeploymentPostprocessing = 0;
		};
		18A32F9D1C0D48B800380FAB /* Sources */ = {
			isa = PBXSourcesBuildPhase;
			buildActionMask = 2147483647;
			files = (
				18A32FA41C0D48B800380FAB /* main.m in Sources */,
			);
			runOnlyForDeploymentPostprocessing = 0;
		};
		18A32FA81C0D4AF800380FAB /* Sources */ = {
			isa = PBXSourcesBuildPhase;
			buildActionMask = 2147483647;
			files = (
				18A32FAF1C0D4AF800380FAB /* main.m in Sources */,
			);
			runOnlyForDeploymentPostprocessing = 0;
		};
		18A32FB31C0D4D1400380FAB /* Sources */ = {
			isa = PBXSourcesBuildPhase;
			buildActionMask = 2147483647;
			files = (
				18A32FBA1C0D4D1400380FAB /* main.m in Sources */,
			);
			runOnlyForDeploymentPostprocessing = 0;
		};
		18A32FBF1C0D79BB00380FAB /* Sources */ = {
			isa = PBXSourcesBuildPhase;
			buildActionMask = 2147483647;
			files = (
				18A32FCC1C0D7BCC00380FAB /* Person.m in Sources */,
				18A32FD21C0D7D3D00380FAB /* TMP.m in Sources */,
				18A32FC61C0D79BB00380FAB /* main.m in Sources */,
				18A32FCF1C0D7BD700380FAB /* Blacktail.m in Sources */,
			);
			runOnlyForDeploymentPostprocessing = 0;
		};
		18A32FD41C0D878800380FAB /* Sources */ = {
			isa = PBXSourcesBuildPhase;
			buildActionMask = 2147483647;
			files = (
				18A32FE41C0D892400380FAB /* Cat.m in Sources */,
				18A32FE11C0D892000380FAB /* Person.m in Sources */,
				18A32FDB1C0D878800380FAB /* main.m in Sources */,
			);
			runOnlyForDeploymentPostprocessing = 0;
		};
		18A32FE51C0D8F0000380FAB /* Sources */ = {
			isa = PBXSourcesBuildPhase;
			buildActionMask = 2147483647;
			files = (
				18A32FEC1C0D8F0000380FAB /* main.m in Sources */,
			);
			runOnlyForDeploymentPostprocessing = 0;
		};
		18A32FF01C0D968000380FAB /* Sources */ = {
			isa = PBXSourcesBuildPhase;
			buildActionMask = 2147483647;
			files = (
				18A32FF71C0D968000380FAB /* main.m in Sources */,
			);
			runOnlyForDeploymentPostprocessing = 0;
		};
/* End PBXSourcesBuildPhase section */

/* Begin XCBuildConfiguration section */
		18A32F6B1C0D263200380FAB /* Debug */ = {
			isa = XCBuildConfiguration;
			buildSettings = {
			};
			name = Debug;
		};
		18A32F6C1C0D263200380FAB /* Release */ = {
			isa = XCBuildConfiguration;
			buildSettings = {
			};
			name = Release;
		};
		18A32F771C0D392100380FAB /* Debug */ = {
			isa = XCBuildConfiguration;
			buildSettings = {
				ALWAYS_SEARCH_USER_PATHS = NO;
				CLANG_CXX_LANGUAGE_STANDARD = "gnu++0x";
				CLANG_CXX_LIBRARY = "libc++";
				CLANG_ENABLE_MODULES = YES;
				CLANG_ENABLE_OBJC_ARC = YES;
				CLANG_WARN_BOOL_CONVERSION = YES;
				CLANG_WARN_CONSTANT_CONVERSION = YES;
				CLANG_WARN_DIRECT_OBJC_ISA_USAGE = YES_ERROR;
				CLANG_WARN_EMPTY_BODY = YES;
				CLANG_WARN_ENUM_CONVERSION = YES;
				CLANG_WARN_INT_CONVERSION = YES;
				CLANG_WARN_OBJC_ROOT_CLASS = YES_ERROR;
				CLANG_WARN_UNREACHABLE_CODE = YES;
				CLANG_WARN__DUPLICATE_METHOD_MATCH = YES;
				COPY_PHASE_STRIP = NO;
				DEBUG_INFORMATION_FORMAT = dwarf;
				ENABLE_STRICT_OBJC_MSGSEND = YES;
				ENABLE_TESTABILITY = YES;
				GCC_C_LANGUAGE_STANDARD = gnu99;
				GCC_DYNAMIC_NO_PIC = NO;
				GCC_NO_COMMON_BLOCKS = YES;
				GCC_OPTIMIZATION_LEVEL = 0;
				GCC_PREPROCESSOR_DEFINITIONS = (
					"DEBUG=1",
					"$(inherited)",
				);
				GCC_WARN_64_TO_32_BIT_CONVERSION = YES;
				GCC_WARN_ABOUT_RETURN_TYPE = YES_ERROR;
				GCC_WARN_UNDECLARED_SELECTOR = YES;
				GCC_WARN_UNINITIALIZED_AUTOS = YES_AGGRESSIVE;
				GCC_WARN_UNUSED_FUNCTION = YES;
				GCC_WARN_UNUSED_VARIABLE = YES;
				MACOSX_DEPLOYMENT_TARGET = 10.10;
				MTL_ENABLE_DEBUG_INFO = YES;
				ONLY_ACTIVE_ARCH = YES;
				PRODUCT_NAME = "$(TARGET_NAME)";
				SDKROOT = macosx;
			};
			name = Debug;
		};
		18A32F781C0D392100380FAB /* Release */ = {
			isa = XCBuildConfiguration;
			buildSettings = {
				ALWAYS_SEARCH_USER_PATHS = NO;
				CLANG_CXX_LANGUAGE_STANDARD = "gnu++0x";
				CLANG_CXX_LIBRARY = "libc++";
				CLANG_ENABLE_MODULES = YES;
				CLANG_ENABLE_OBJC_ARC = YES;
				CLANG_WARN_BOOL_CONVERSION = YES;
				CLANG_WARN_CONSTANT_CONVERSION = YES;
				CLANG_WARN_DIRECT_OBJC_ISA_USAGE = YES_ERROR;
				CLANG_WARN_EMPTY_BODY = YES;
				CLANG_WARN_ENUM_CONVERSION = YES;
				CLANG_WARN_INT_CONVERSION = YES;
				CLANG_WARN_OBJC_ROOT_CLASS = YES_ERROR;
				CLANG_WARN_UNREACHABLE_CODE = YES;
				CLANG_WARN__DUPLICATE_METHOD_MATCH = YES;
				COPY_PHASE_STRIP = NO;
				DEBUG_INFORMATION_FORMAT = "dwarf-with-dsym";
				ENABLE_NS_ASSERTIONS = NO;
				ENABLE_STRICT_OBJC_MSGSEND = YES;
				GCC_C_LANGUAGE_STANDARD = gnu99;
				GCC_NO_COMMON_BLOCKS = YES;
				GCC_WARN_64_TO_32_BIT_CONVERSION = YES;
				GCC_WARN_ABOUT_RETURN_TYPE = YES_ERROR;
				GCC_WARN_UNDECLARED_SELECTOR = YES;
				GCC_WARN_UNINITIALIZED_AUTOS = YES_AGGRESSIVE;
				GCC_WARN_UNUSED_FUNCTION = YES;
				GCC_WARN_UNUSED_VARIABLE = YES;
				MACOSX_DEPLOYMENT_TARGET = 10.10;
				MTL_ENABLE_DEBUG_INFO = NO;
				PRODUCT_NAME = "$(TARGET_NAME)";
				SDKROOT = macosx;
			};
			name = Release;
		};
		18A32F821C0D3E4100380FAB /* Debug */ = {
			isa = XCBuildConfiguration;
			buildSettings = {
				ALWAYS_SEARCH_USER_PATHS = NO;
				CLANG_CXX_LANGUAGE_STANDARD = "gnu++0x";
				CLANG_CXX_LIBRARY = "libc++";
				CLANG_ENABLE_MODULES = YES;
				CLANG_ENABLE_OBJC_ARC = YES;
				CLANG_WARN_BOOL_CONVERSION = YES;
				CLANG_WARN_CONSTANT_CONVERSION = YES;
				CLANG_WARN_DIRECT_OBJC_ISA_USAGE = YES_ERROR;
				CLANG_WARN_EMPTY_BODY = YES;
				CLANG_WARN_ENUM_CONVERSION = YES;
				CLANG_WARN_INT_CONVERSION = YES;
				CLANG_WARN_OBJC_ROOT_CLASS = YES_ERROR;
				CLANG_WARN_UNREACHABLE_CODE = YES;
				CLANG_WARN__DUPLICATE_METHOD_MATCH = YES;
				COPY_PHASE_STRIP = NO;
				DEBUG_INFORMATION_FORMAT = dwarf;
				ENABLE_STRICT_OBJC_MSGSEND = YES;
				ENABLE_TESTABILITY = YES;
				GCC_C_LANGUAGE_STANDARD = gnu99;
				GCC_DYNAMIC_NO_PIC = NO;
				GCC_NO_COMMON_BLOCKS = YES;
				GCC_OPTIMIZATION_LEVEL = 0;
				GCC_PREPROCESSOR_DEFINITIONS = (
					"DEBUG=1",
					"$(inherited)",
				);
				GCC_WARN_64_TO_32_BIT_CONVERSION = YES;
				GCC_WARN_ABOUT_RETURN_TYPE = YES_ERROR;
				GCC_WARN_UNDECLARED_SELECTOR = YES;
				GCC_WARN_UNINITIALIZED_AUTOS = YES_AGGRESSIVE;
				GCC_WARN_UNUSED_FUNCTION = YES;
				GCC_WARN_UNUSED_VARIABLE = YES;
				MACOSX_DEPLOYMENT_TARGET = 10.10;
				MTL_ENABLE_DEBUG_INFO = YES;
				ONLY_ACTIVE_ARCH = YES;
				PRODUCT_NAME = "$(TARGET_NAME)";
				SDKROOT = macosx;
			};
			name = Debug;
		};
		18A32F831C0D3E4100380FAB /* Release */ = {
			isa = XCBuildConfiguration;
			buildSettings = {
				ALWAYS_SEARCH_USER_PATHS = NO;
				CLANG_CXX_LANGUAGE_STANDARD = "gnu++0x";
				CLANG_CXX_LIBRARY = "libc++";
				CLANG_ENABLE_MODULES = YES;
				CLANG_ENABLE_OBJC_ARC = YES;
				CLANG_WARN_BOOL_CONVERSION = YES;
				CLANG_WARN_CONSTANT_CONVERSION = YES;
				CLANG_WARN_DIRECT_OBJC_ISA_USAGE = YES_ERROR;
				CLANG_WARN_EMPTY_BODY = YES;
				CLANG_WARN_ENUM_CONVERSION = YES;
				CLANG_WARN_INT_CONVERSION = YES;
				CLANG_WARN_OBJC_ROOT_CLASS = YES_ERROR;
				CLANG_WARN_UNREACHABLE_CODE = YES;
				CLANG_WARN__DUPLICATE_METHOD_MATCH = YES;
				COPY_PHASE_STRIP = NO;
				DEBUG_INFORMATION_FORMAT = "dwarf-with-dsym";
				ENABLE_NS_ASSERTIONS = NO;
				ENABLE_STRICT_OBJC_MSGSEND = YES;
				GCC_C_LANGUAGE_STANDARD = gnu99;
				GCC_NO_COMMON_BLOCKS = YES;
				GCC_WARN_64_TO_32_BIT_CONVERSION = YES;
				GCC_WARN_ABOUT_RETURN_TYPE = YES_ERROR;
				GCC_WARN_UNDECLARED_SELECTOR = YES;
				GCC_WARN_UNINITIALIZED_AUTOS = YES_AGGRESSIVE;
				GCC_WARN_UNUSED_FUNCTION = YES;
				GCC_WARN_UNUSED_VARIABLE = YES;
				MACOSX_DEPLOYMENT_TARGET = 10.10;
				MTL_ENABLE_DEBUG_INFO = NO;
				PRODUCT_NAME = "$(TARGET_NAME)";
				SDKROOT = macosx;
			};
			name = Release;
		};
		18A32F901C0D46A000380FAB /* Debug */ = {
			isa = XCBuildConfiguration;
			buildSettings = {
				ALWAYS_SEARCH_USER_PATHS = NO;
				CLANG_CXX_LANGUAGE_STANDARD = "gnu++0x";
				CLANG_CXX_LIBRARY = "libc++";
				CLANG_ENABLE_MODULES = YES;
				CLANG_ENABLE_OBJC_ARC = YES;
				CLANG_WARN_BOOL_CONVERSION = YES;
				CLANG_WARN_CONSTANT_CONVERSION = YES;
				CLANG_WARN_DIRECT_OBJC_ISA_USAGE = YES_ERROR;
				CLANG_WARN_EMPTY_BODY = YES;
				CLANG_WARN_ENUM_CONVERSION = YES;
				CLANG_WARN_INT_CONVERSION = YES;
				CLANG_WARN_OBJC_ROOT_CLASS = YES_ERROR;
				CLANG_WARN_UNREACHABLE_CODE = YES;
				CLANG_WARN__DUPLICATE_METHOD_MATCH = YES;
				COPY_PHASE_STRIP = NO;
				DEBUG_INFORMATION_FORMAT = dwarf;
				ENABLE_STRICT_OBJC_MSGSEND = YES;
				ENABLE_TESTABILITY = YES;
				GCC_C_LANGUAGE_STANDARD = gnu99;
				GCC_DYNAMIC_NO_PIC = NO;
				GCC_NO_COMMON_BLOCKS = YES;
				GCC_OPTIMIZATION_LEVEL = 0;
				GCC_PREPROCESSOR_DEFINITIONS = (
					"DEBUG=1",
					"$(inherited)",
				);
				GCC_WARN_64_TO_32_BIT_CONVERSION = YES;
				GCC_WARN_ABOUT_RETURN_TYPE = YES_ERROR;
				GCC_WARN_UNDECLARED_SELECTOR = YES;
				GCC_WARN_UNINITIALIZED_AUTOS = YES_AGGRESSIVE;
				GCC_WARN_UNUSED_FUNCTION = YES;
				GCC_WARN_UNUSED_VARIABLE = YES;
				MACOSX_DEPLOYMENT_TARGET = 10.10;
				MTL_ENABLE_DEBUG_INFO = YES;
				ONLY_ACTIVE_ARCH = YES;
				PRODUCT_NAME = "$(TARGET_NAME)";
				SDKROOT = macosx;
			};
			name = Debug;
		};
		18A32F911C0D46A000380FAB /* Release */ = {
			isa = XCBuildConfiguration;
			buildSettings = {
				ALWAYS_SEARCH_USER_PATHS = NO;
				CLANG_CXX_LANGUAGE_STANDARD = "gnu++0x";
				CLANG_CXX_LIBRARY = "libc++";
				CLANG_ENABLE_MODULES = YES;
				CLANG_ENABLE_OBJC_ARC = YES;
				CLANG_WARN_BOOL_CONVERSION = YES;
				CLANG_WARN_CONSTANT_CONVERSION = YES;
				CLANG_WARN_DIRECT_OBJC_ISA_USAGE = YES_ERROR;
				CLANG_WARN_EMPTY_BODY = YES;
				CLANG_WARN_ENUM_CONVERSION = YES;
				CLANG_WARN_INT_CONVERSION = YES;
				CLANG_WARN_OBJC_ROOT_CLASS = YES_ERROR;
				CLANG_WARN_UNREACHABLE_CODE = YES;
				CLANG_WARN__DUPLICATE_METHOD_MATCH = YES;
				COPY_PHASE_STRIP = NO;
				DEBUG_INFORMATION_FORMAT = "dwarf-with-dsym";
				ENABLE_NS_ASSERTIONS = NO;
				ENABLE_STRICT_OBJC_MSGSEND = YES;
				GCC_C_LANGUAGE_STANDARD = gnu99;
				GCC_NO_COMMON_BLOCKS = YES;
				GCC_WARN_64_TO_32_BIT_CONVERSION = YES;
				GCC_WARN_ABOUT_RETURN_TYPE = YES_ERROR;
				GCC_WARN_UNDECLARED_SELECTOR = YES;
				GCC_WARN_UNINITIALIZED_AUTOS = YES_AGGRESSIVE;
				GCC_WARN_UNUSED_FUNCTION = YES;
				GCC_WARN_UNUSED_VARIABLE = YES;
				MACOSX_DEPLOYMENT_TARGET = 10.10;
				MTL_ENABLE_DEBUG_INFO = NO;
				PRODUCT_NAME = "$(TARGET_NAME)";
				SDKROOT = macosx;
			};
			name = Release;
		};
		18A32F9B1C0D47AA00380FAB /* Debug */ = {
			isa = XCBuildConfiguration;
			buildSettings = {
				ALWAYS_SEARCH_USER_PATHS = NO;
				CLANG_CXX_LANGUAGE_STANDARD = "gnu++0x";
				CLANG_CXX_LIBRARY = "libc++";
				CLANG_ENABLE_MODULES = YES;
				CLANG_ENABLE_OBJC_ARC = YES;
				CLANG_WARN_BOOL_CONVERSION = YES;
				CLANG_WARN_CONSTANT_CONVERSION = YES;
				CLANG_WARN_DIRECT_OBJC_ISA_USAGE = YES_ERROR;
				CLANG_WARN_EMPTY_BODY = YES;
				CLANG_WARN_ENUM_CONVERSION = YES;
				CLANG_WARN_INT_CONVERSION = YES;
				CLANG_WARN_OBJC_ROOT_CLASS = YES_ERROR;
				CLANG_WARN_UNREACHABLE_CODE = YES;
				CLANG_WARN__DUPLICATE_METHOD_MATCH = YES;
				COPY_PHASE_STRIP = NO;
				DEBUG_INFORMATION_FORMAT = dwarf;
				ENABLE_STRICT_OBJC_MSGSEND = YES;
				ENABLE_TESTABILITY = YES;
				GCC_C_LANGUAGE_STANDARD = gnu99;
				GCC_DYNAMIC_NO_PIC = NO;
				GCC_NO_COMMON_BLOCKS = YES;
				GCC_OPTIMIZATION_LEVEL = 0;
				GCC_PREPROCESSOR_DEFINITIONS = (
					"DEBUG=1",
					"$(inherited)",
				);
				GCC_WARN_64_TO_32_BIT_CONVERSION = YES;
				GCC_WARN_ABOUT_RETURN_TYPE = YES_ERROR;
				GCC_WARN_UNDECLARED_SELECTOR = YES;
				GCC_WARN_UNINITIALIZED_AUTOS = YES_AGGRESSIVE;
				GCC_WARN_UNUSED_FUNCTION = YES;
				GCC_WARN_UNUSED_VARIABLE = YES;
				MACOSX_DEPLOYMENT_TARGET = 10.10;
				MTL_ENABLE_DEBUG_INFO = YES;
				ONLY_ACTIVE_ARCH = YES;
				PRODUCT_NAME = "$(TARGET_NAME)";
				SDKROOT = macosx;
			};
			name = Debug;
		};
		18A32F9C1C0D47AA00380FAB /* Release */ = {
			isa = XCBuildConfiguration;
			buildSettings = {
				ALWAYS_SEARCH_USER_PATHS = NO;
				CLANG_CXX_LANGUAGE_STANDARD = "gnu++0x";
				CLANG_CXX_LIBRARY = "libc++";
				CLANG_ENABLE_MODULES = YES;
				CLANG_ENABLE_OBJC_ARC = YES;
				CLANG_WARN_BOOL_CONVERSION = YES;
				CLANG_WARN_CONSTANT_CONVERSION = YES;
				CLANG_WARN_DIRECT_OBJC_ISA_USAGE = YES_ERROR;
				CLANG_WARN_EMPTY_BODY = YES;
				CLANG_WARN_ENUM_CONVERSION = YES;
				CLANG_WARN_INT_CONVERSION = YES;
				CLANG_WARN_OBJC_ROOT_CLASS = YES_ERROR;
				CLANG_WARN_UNREACHABLE_CODE = YES;
				CLANG_WARN__DUPLICATE_METHOD_MATCH = YES;
				COPY_PHASE_STRIP = NO;
				DEBUG_INFORMATION_FORMAT = "dwarf-with-dsym";
				ENABLE_NS_ASSERTIONS = NO;
				ENABLE_STRICT_OBJC_MSGSEND = YES;
				GCC_C_LANGUAGE_STANDARD = gnu99;
				GCC_NO_COMMON_BLOCKS = YES;
				GCC_WARN_64_TO_32_BIT_CONVERSION = YES;
				GCC_WARN_ABOUT_RETURN_TYPE = YES_ERROR;
				GCC_WARN_UNDECLARED_SELECTOR = YES;
				GCC_WARN_UNINITIALIZED_AUTOS = YES_AGGRESSIVE;
				GCC_WARN_UNUSED_FUNCTION = YES;
				GCC_WARN_UNUSED_VARIABLE = YES;
				MACOSX_DEPLOYMENT_TARGET = 10.10;
				MTL_ENABLE_DEBUG_INFO = NO;
				PRODUCT_NAME = "$(TARGET_NAME)";
				SDKROOT = macosx;
			};
			name = Release;
		};
		18A32FA61C0D48B800380FAB /* Debug */ = {
			isa = XCBuildConfiguration;
			buildSettings = {
				ALWAYS_SEARCH_USER_PATHS = NO;
				CLANG_CXX_LANGUAGE_STANDARD = "gnu++0x";
				CLANG_CXX_LIBRARY = "libc++";
				CLANG_ENABLE_MODULES = YES;
				CLANG_ENABLE_OBJC_ARC = YES;
				CLANG_WARN_BOOL_CONVERSION = YES;
				CLANG_WARN_CONSTANT_CONVERSION = YES;
				CLANG_WARN_DIRECT_OBJC_ISA_USAGE = YES_ERROR;
				CLANG_WARN_EMPTY_BODY = YES;
				CLANG_WARN_ENUM_CONVERSION = YES;
				CLANG_WARN_INT_CONVERSION = YES;
				CLANG_WARN_OBJC_ROOT_CLASS = YES_ERROR;
				CLANG_WARN_UNREACHABLE_CODE = YES;
				CLANG_WARN__DUPLICATE_METHOD_MATCH = YES;
				COPY_PHASE_STRIP = NO;
				DEBUG_INFORMATION_FORMAT = dwarf;
				ENABLE_STRICT_OBJC_MSGSEND = YES;
				ENABLE_TESTABILITY = YES;
				GCC_C_LANGUAGE_STANDARD = gnu99;
				GCC_DYNAMIC_NO_PIC = NO;
				GCC_NO_COMMON_BLOCKS = YES;
				GCC_OPTIMIZATION_LEVEL = 0;
				GCC_PREPROCESSOR_DEFINITIONS = (
					"DEBUG=1",
					"$(inherited)",
				);
				GCC_WARN_64_TO_32_BIT_CONVERSION = YES;
				GCC_WARN_ABOUT_RETURN_TYPE = YES_ERROR;
				GCC_WARN_UNDECLARED_SELECTOR = YES;
				GCC_WARN_UNINITIALIZED_AUTOS = YES_AGGRESSIVE;
				GCC_WARN_UNUSED_FUNCTION = YES;
				GCC_WARN_UNUSED_VARIABLE = YES;
				MACOSX_DEPLOYMENT_TARGET = 10.10;
				MTL_ENABLE_DEBUG_INFO = YES;
				ONLY_ACTIVE_ARCH = YES;
				PRODUCT_NAME = "$(TARGET_NAME)";
				SDKROOT = macosx;
			};
			name = Debug;
		};
		18A32FA71C0D48B800380FAB /* Release */ = {
			isa = XCBuildConfiguration;
			buildSettings = {
				ALWAYS_SEARCH_USER_PATHS = NO;
				CLANG_CXX_LANGUAGE_STANDARD = "gnu++0x";
				CLANG_CXX_LIBRARY = "libc++";
				CLANG_ENABLE_MODULES = YES;
				CLANG_ENABLE_OBJC_ARC = YES;
				CLANG_WARN_BOOL_CONVERSION = YES;
				CLANG_WARN_CONSTANT_CONVERSION = YES;
				CLANG_WARN_DIRECT_OBJC_ISA_USAGE = YES_ERROR;
				CLANG_WARN_EMPTY_BODY = YES;
				CLANG_WARN_ENUM_CONVERSION = YES;
				CLANG_WARN_INT_CONVERSION = YES;
				CLANG_WARN_OBJC_ROOT_CLASS = YES_ERROR;
				CLANG_WARN_UNREACHABLE_CODE = YES;
				CLANG_WARN__DUPLICATE_METHOD_MATCH = YES;
				COPY_PHASE_STRIP = NO;
				DEBUG_INFORMATION_FORMAT = "dwarf-with-dsym";
				ENABLE_NS_ASSERTIONS = NO;
				ENABLE_STRICT_OBJC_MSGSEND = YES;
				GCC_C_LANGUAGE_STANDARD = gnu99;
				GCC_NO_COMMON_BLOCKS = YES;
				GCC_WARN_64_TO_32_BIT_CONVERSION = YES;
				GCC_WARN_ABOUT_RETURN_TYPE = YES_ERROR;
				GCC_WARN_UNDECLARED_SELECTOR = YES;
				GCC_WARN_UNINITIALIZED_AUTOS = YES_AGGRESSIVE;
				GCC_WARN_UNUSED_FUNCTION = YES;
				GCC_WARN_UNUSED_VARIABLE = YES;
				MACOSX_DEPLOYMENT_TARGET = 10.10;
				MTL_ENABLE_DEBUG_INFO = NO;
				PRODUCT_NAME = "$(TARGET_NAME)";
				SDKROOT = macosx;
			};
			name = Release;
		};
		18A32FB11C0D4AF800380FAB /* Debug */ = {
			isa = XCBuildConfiguration;
			buildSettings = {
				ALWAYS_SEARCH_USER_PATHS = NO;
				CLANG_CXX_LANGUAGE_STANDARD = "gnu++0x";
				CLANG_CXX_LIBRARY = "libc++";
				CLANG_ENABLE_MODULES = YES;
				CLANG_ENABLE_OBJC_ARC = YES;
				CLANG_WARN_BOOL_CONVERSION = YES;
				CLANG_WARN_CONSTANT_CONVERSION = YES;
				CLANG_WARN_DIRECT_OBJC_ISA_USAGE = YES_ERROR;
				CLANG_WARN_EMPTY_BODY = YES;
				CLANG_WARN_ENUM_CONVERSION = YES;
				CLANG_WARN_INT_CONVERSION = YES;
				CLANG_WARN_OBJC_ROOT_CLASS = YES_ERROR;
				CLANG_WARN_UNREACHABLE_CODE = YES;
				CLANG_WARN__DUPLICATE_METHOD_MATCH = YES;
				COPY_PHASE_STRIP = NO;
				DEBUG_INFORMATION_FORMAT = dwarf;
				ENABLE_STRICT_OBJC_MSGSEND = YES;
				ENABLE_TESTABILITY = YES;
				GCC_C_LANGUAGE_STANDARD = gnu99;
				GCC_DYNAMIC_NO_PIC = NO;
				GCC_NO_COMMON_BLOCKS = YES;
				GCC_OPTIMIZATION_LEVEL = 0;
				GCC_PREPROCESSOR_DEFINITIONS = (
					"DEBUG=1",
					"$(inherited)",
				);
				GCC_WARN_64_TO_32_BIT_CONVERSION = YES;
				GCC_WARN_ABOUT_RETURN_TYPE = YES_ERROR;
				GCC_WARN_UNDECLARED_SELECTOR = YES;
				GCC_WARN_UNINITIALIZED_AUTOS = YES_AGGRESSIVE;
				GCC_WARN_UNUSED_FUNCTION = YES;
				GCC_WARN_UNUSED_VARIABLE = YES;
				MACOSX_DEPLOYMENT_TARGET = 10.10;
				MTL_ENABLE_DEBUG_INFO = YES;
				ONLY_ACTIVE_ARCH = YES;
				PRODUCT_NAME = "$(TARGET_NAME)";
				SDKROOT = macosx;
			};
			name = Debug;
		};
		18A32FB21C0D4AF800380FAB /* Release */ = {
			isa = XCBuildConfiguration;
			buildSettings = {
				ALWAYS_SEARCH_USER_PATHS = NO;
				CLANG_CXX_LANGUAGE_STANDARD = "gnu++0x";
				CLANG_CXX_LIBRARY = "libc++";
				CLANG_ENABLE_MODULES = YES;
				CLANG_ENABLE_OBJC_ARC = YES;
				CLANG_WARN_BOOL_CONVERSION = YES;
				CLANG_WARN_CONSTANT_CONVERSION = YES;
				CLANG_WARN_DIRECT_OBJC_ISA_USAGE = YES_ERROR;
				CLANG_WARN_EMPTY_BODY = YES;
				CLANG_WARN_ENUM_CONVERSION = YES;
				CLANG_WARN_INT_CONVERSION = YES;
				CLANG_WARN_OBJC_ROOT_CLASS = YES_ERROR;
				CLANG_WARN_UNREACHABLE_CODE = YES;
				CLANG_WARN__DUPLICATE_METHOD_MATCH = YES;
				COPY_PHASE_STRIP = NO;
				DEBUG_INFORMATION_FORMAT = "dwarf-with-dsym";
				ENABLE_NS_ASSERTIONS = NO;
				ENABLE_STRICT_OBJC_MSGSEND = YES;
				GCC_C_LANGUAGE_STANDARD = gnu99;
				GCC_NO_COMMON_BLOCKS = YES;
				GCC_WARN_64_TO_32_BIT_CONVERSION = YES;
				GCC_WARN_ABOUT_RETURN_TYPE = YES_ERROR;
				GCC_WARN_UNDECLARED_SELECTOR = YES;
				GCC_WARN_UNINITIALIZED_AUTOS = YES_AGGRESSIVE;
				GCC_WARN_UNUSED_FUNCTION = YES;
				GCC_WARN_UNUSED_VARIABLE = YES;
				MACOSX_DEPLOYMENT_TARGET = 10.10;
				MTL_ENABLE_DEBUG_INFO = NO;
				PRODUCT_NAME = "$(TARGET_NAME)";
				SDKROOT = macosx;
			};
			name = Release;
		};
		18A32FBC1C0D4D1400380FAB /* Debug */ = {
			isa = XCBuildConfiguration;
			buildSettings = {
				ALWAYS_SEARCH_USER_PATHS = NO;
				CLANG_CXX_LANGUAGE_STANDARD = "gnu++0x";
				CLANG_CXX_LIBRARY = "libc++";
				CLANG_ENABLE_MODULES = YES;
				CLANG_ENABLE_OBJC_ARC = YES;
				CLANG_WARN_BOOL_CONVERSION = YES;
				CLANG_WARN_CONSTANT_CONVERSION = YES;
				CLANG_WARN_DIRECT_OBJC_ISA_USAGE = YES_ERROR;
				CLANG_WARN_EMPTY_BODY = YES;
				CLANG_WARN_ENUM_CONVERSION = YES;
				CLANG_WARN_INT_CONVERSION = YES;
				CLANG_WARN_OBJC_ROOT_CLASS = YES_ERROR;
				CLANG_WARN_UNREACHABLE_CODE = YES;
				CLANG_WARN__DUPLICATE_METHOD_MATCH = YES;
				COPY_PHASE_STRIP = NO;
				DEBUG_INFORMATION_FORMAT = dwarf;
				ENABLE_STRICT_OBJC_MSGSEND = YES;
				ENABLE_TESTABILITY = YES;
				GCC_C_LANGUAGE_STANDARD = gnu99;
				GCC_DYNAMIC_NO_PIC = NO;
				GCC_NO_COMMON_BLOCKS = YES;
				GCC_OPTIMIZATION_LEVEL = 0;
				GCC_PREPROCESSOR_DEFINITIONS = (
					"DEBUG=1",
					"$(inherited)",
				);
				GCC_WARN_64_TO_32_BIT_CONVERSION = YES;
				GCC_WARN_ABOUT_RETURN_TYPE = YES_ERROR;
				GCC_WARN_UNDECLARED_SELECTOR = YES;
				GCC_WARN_UNINITIALIZED_AUTOS = YES_AGGRESSIVE;
				GCC_WARN_UNUSED_FUNCTION = YES;
				GCC_WARN_UNUSED_VARIABLE = YES;
				MACOSX_DEPLOYMENT_TARGET = 10.10;
				MTL_ENABLE_DEBUG_INFO = YES;
				ONLY_ACTIVE_ARCH = YES;
				PRODUCT_NAME = "$(TARGET_NAME)";
				SDKROOT = macosx;
			};
			name = Debug;
		};
		18A32FBD1C0D4D1400380FAB /* Release */ = {
			isa = XCBuildConfiguration;
			buildSettings = {
				ALWAYS_SEARCH_USER_PATHS = NO;
				CLANG_CXX_LANGUAGE_STANDARD = "gnu++0x";
				CLANG_CXX_LIBRARY = "libc++";
				CLANG_ENABLE_MODULES = YES;
				CLANG_ENABLE_OBJC_ARC = YES;
				CLANG_WARN_BOOL_CONVERSION = YES;
				CLANG_WARN_CONSTANT_CONVERSION = YES;
				CLANG_WARN_DIRECT_OBJC_ISA_USAGE = YES_ERROR;
				CLANG_WARN_EMPTY_BODY = YES;
				CLANG_WARN_ENUM_CONVERSION = YES;
				CLANG_WARN_INT_CONVERSION = YES;
				CLANG_WARN_OBJC_ROOT_CLASS = YES_ERROR;
				CLANG_WARN_UNREACHABLE_CODE = YES;
				CLANG_WARN__DUPLICATE_METHOD_MATCH = YES;
				COPY_PHASE_STRIP = NO;
				DEBUG_INFORMATION_FORMAT = "dwarf-with-dsym";
				ENABLE_NS_ASSERTIONS = NO;
				ENABLE_STRICT_OBJC_MSGSEND = YES;
				GCC_C_LANGUAGE_STANDARD = gnu99;
				GCC_NO_COMMON_BLOCKS = YES;
				GCC_WARN_64_TO_32_BIT_CONVERSION = YES;
				GCC_WARN_ABOUT_RETURN_TYPE = YES_ERROR;
				GCC_WARN_UNDECLARED_SELECTOR = YES;
				GCC_WARN_UNINITIALIZED_AUTOS = YES_AGGRESSIVE;
				GCC_WARN_UNUSED_FUNCTION = YES;
				GCC_WARN_UNUSED_VARIABLE = YES;
				MACOSX_DEPLOYMENT_TARGET = 10.10;
				MTL_ENABLE_DEBUG_INFO = NO;
				PRODUCT_NAME = "$(TARGET_NAME)";
				SDKROOT = macosx;
			};
			name = Release;
		};
		18A32FC71C0D79BB00380FAB /* Debug */ = {
			isa = XCBuildConfiguration;
			buildSettings = {
				ALWAYS_SEARCH_USER_PATHS = NO;
				CLANG_CXX_LANGUAGE_STANDARD = "gnu++0x";
				CLANG_CXX_LIBRARY = "libc++";
				CLANG_ENABLE_MODULES = YES;
				CLANG_ENABLE_OBJC_ARC = YES;
				CLANG_WARN_BOOL_CONVERSION = YES;
				CLANG_WARN_CONSTANT_CONVERSION = YES;
				CLANG_WARN_DIRECT_OBJC_ISA_USAGE = YES_ERROR;
				CLANG_WARN_EMPTY_BODY = YES;
				CLANG_WARN_ENUM_CONVERSION = YES;
				CLANG_WARN_INT_CONVERSION = YES;
				CLANG_WARN_OBJC_ROOT_CLASS = YES_ERROR;
				CLANG_WARN_UNREACHABLE_CODE = YES;
				CLANG_WARN__DUPLICATE_METHOD_MATCH = YES;
				COPY_PHASE_STRIP = NO;
				DEBUG_INFORMATION_FORMAT = dwarf;
				ENABLE_STRICT_OBJC_MSGSEND = YES;
				ENABLE_TESTABILITY = YES;
				GCC_C_LANGUAGE_STANDARD = gnu99;
				GCC_DYNAMIC_NO_PIC = NO;
				GCC_NO_COMMON_BLOCKS = YES;
				GCC_OPTIMIZATION_LEVEL = 0;
				GCC_PREPROCESSOR_DEFINITIONS = (
					"DEBUG=1",
					"$(inherited)",
				);
				GCC_WARN_64_TO_32_BIT_CONVERSION = YES;
				GCC_WARN_ABOUT_RETURN_TYPE = YES_ERROR;
				GCC_WARN_UNDECLARED_SELECTOR = YES;
				GCC_WARN_UNINITIALIZED_AUTOS = YES_AGGRESSIVE;
				GCC_WARN_UNUSED_FUNCTION = YES;
				GCC_WARN_UNUSED_VARIABLE = YES;
				MACOSX_DEPLOYMENT_TARGET = 10.10;
				MTL_ENABLE_DEBUG_INFO = YES;
				ONLY_ACTIVE_ARCH = YES;
				PRODUCT_NAME = "$(TARGET_NAME)";
				SDKROOT = macosx;
			};
			name = Debug;
		};
		18A32FC81C0D79BB00380FAB /* Release */ = {
			isa = XCBuildConfiguration;
			buildSettings = {
				ALWAYS_SEARCH_USER_PATHS = NO;
				CLANG_CXX_LANGUAGE_STANDARD = "gnu++0x";
				CLANG_CXX_LIBRARY = "libc++";
				CLANG_ENABLE_MODULES = YES;
				CLANG_ENABLE_OBJC_ARC = YES;
				CLANG_WARN_BOOL_CONVERSION = YES;
				CLANG_WARN_CONSTANT_CONVERSION = YES;
				CLANG_WARN_DIRECT_OBJC_ISA_USAGE = YES_ERROR;
				CLANG_WARN_EMPTY_BODY = YES;
				CLANG_WARN_ENUM_CONVERSION = YES;
				CLANG_WARN_INT_CONVERSION = YES;
				CLANG_WARN_OBJC_ROOT_CLASS = YES_ERROR;
				CLANG_WARN_UNREACHABLE_CODE = YES;
				CLANG_WARN__DUPLICATE_METHOD_MATCH = YES;
				COPY_PHASE_STRIP = NO;
				DEBUG_INFORMATION_FORMAT = "dwarf-with-dsym";
				ENABLE_NS_ASSERTIONS = NO;
				ENABLE_STRICT_OBJC_MSGSEND = YES;
				GCC_C_LANGUAGE_STANDARD = gnu99;
				GCC_NO_COMMON_BLOCKS = YES;
				GCC_WARN_64_TO_32_BIT_CONVERSION = YES;
				GCC_WARN_ABOUT_RETURN_TYPE = YES_ERROR;
				GCC_WARN_UNDECLARED_SELECTOR = YES;
				GCC_WARN_UNINITIALIZED_AUTOS = YES_AGGRESSIVE;
				GCC_WARN_UNUSED_FUNCTION = YES;
				GCC_WARN_UNUSED_VARIABLE = YES;
				MACOSX_DEPLOYMENT_TARGET = 10.10;
				MTL_ENABLE_DEBUG_INFO = NO;
				PRODUCT_NAME = "$(TARGET_NAME)";
				SDKROOT = macosx;
			};
			name = Release;
		};
		18A32FDD1C0D878800380FAB /* Debug */ = {
			isa = XCBuildConfiguration;
			buildSettings = {
				ALWAYS_SEARCH_USER_PATHS = NO;
				CLANG_CXX_LANGUAGE_STANDARD = "gnu++0x";
				CLANG_CXX_LIBRARY = "libc++";
				CLANG_ENABLE_MODULES = YES;
				CLANG_ENABLE_OBJC_ARC = YES;
				CLANG_WARN_BOOL_CONVERSION = YES;
				CLANG_WARN_CONSTANT_CONVERSION = YES;
				CLANG_WARN_DIRECT_OBJC_ISA_USAGE = YES_ERROR;
				CLANG_WARN_EMPTY_BODY = YES;
				CLANG_WARN_ENUM_CONVERSION = YES;
				CLANG_WARN_INT_CONVERSION = YES;
				CLANG_WARN_OBJC_ROOT_CLASS = YES_ERROR;
				CLANG_WARN_UNREACHABLE_CODE = YES;
				CLANG_WARN__DUPLICATE_METHOD_MATCH = YES;
				COPY_PHASE_STRIP = NO;
				DEBUG_INFORMATION_FORMAT = dwarf;
				ENABLE_STRICT_OBJC_MSGSEND = YES;
				ENABLE_TESTABILITY = YES;
				GCC_C_LANGUAGE_STANDARD = gnu99;
				GCC_DYNAMIC_NO_PIC = NO;
				GCC_NO_COMMON_BLOCKS = YES;
				GCC_OPTIMIZATION_LEVEL = 0;
				GCC_PREPROCESSOR_DEFINITIONS = (
					"DEBUG=1",
					"$(inherited)",
				);
				GCC_WARN_64_TO_32_BIT_CONVERSION = YES;
				GCC_WARN_ABOUT_RETURN_TYPE = YES_ERROR;
				GCC_WARN_UNDECLARED_SELECTOR = YES;
				GCC_WARN_UNINITIALIZED_AUTOS = YES_AGGRESSIVE;
				GCC_WARN_UNUSED_FUNCTION = YES;
				GCC_WARN_UNUSED_VARIABLE = YES;
				MACOSX_DEPLOYMENT_TARGET = 10.10;
				MTL_ENABLE_DEBUG_INFO = YES;
				ONLY_ACTIVE_ARCH = YES;
				PRODUCT_NAME = "$(TARGET_NAME)";
				SDKROOT = macosx;
			};
			name = Debug;
		};
		18A32FDE1C0D878800380FAB /* Release */ = {
			isa = XCBuildConfiguration;
			buildSettings = {
				ALWAYS_SEARCH_USER_PATHS = NO;
				CLANG_CXX_LANGUAGE_STANDARD = "gnu++0x";
				CLANG_CXX_LIBRARY = "libc++";
				CLANG_ENABLE_MODULES = YES;
				CLANG_ENABLE_OBJC_ARC = YES;
				CLANG_WARN_BOOL_CONVERSION = YES;
				CLANG_WARN_CONSTANT_CONVERSION = YES;
				CLANG_WARN_DIRECT_OBJC_ISA_USAGE = YES_ERROR;
				CLANG_WARN_EMPTY_BODY = YES;
				CLANG_WARN_ENUM_CONVERSION = YES;
				CLANG_WARN_INT_CONVERSION = YES;
				CLANG_WARN_OBJC_ROOT_CLASS = YES_ERROR;
				CLANG_WARN_UNREACHABLE_CODE = YES;
				CLANG_WARN__DUPLICATE_METHOD_MATCH = YES;
				COPY_PHASE_STRIP = NO;
				DEBUG_INFORMATION_FORMAT = "dwarf-with-dsym";
				ENABLE_NS_ASSERTIONS = NO;
				ENABLE_STRICT_OBJC_MSGSEND = YES;
				GCC_C_LANGUAGE_STANDARD = gnu99;
				GCC_NO_COMMON_BLOCKS = YES;
				GCC_WARN_64_TO_32_BIT_CONVERSION = YES;
				GCC_WARN_ABOUT_RETURN_TYPE = YES_ERROR;
				GCC_WARN_UNDECLARED_SELECTOR = YES;
				GCC_WARN_UNINITIALIZED_AUTOS = YES_AGGRESSIVE;
				GCC_WARN_UNUSED_FUNCTION = YES;
				GCC_WARN_UNUSED_VARIABLE = YES;
				MACOSX_DEPLOYMENT_TARGET = 10.10;
				MTL_ENABLE_DEBUG_INFO = NO;
				PRODUCT_NAME = "$(TARGET_NAME)";
				SDKROOT = macosx;
			};
			name = Release;
		};
		18A32FEE1C0D8F0000380FAB /* Debug */ = {
			isa = XCBuildConfiguration;
			buildSettings = {
				ALWAYS_SEARCH_USER_PATHS = NO;
				CLANG_CXX_LANGUAGE_STANDARD = "gnu++0x";
				CLANG_CXX_LIBRARY = "libc++";
				CLANG_ENABLE_MODULES = YES;
				CLANG_ENABLE_OBJC_ARC = YES;
				CLANG_WARN_BOOL_CONVERSION = YES;
				CLANG_WARN_CONSTANT_CONVERSION = YES;
				CLANG_WARN_DIRECT_OBJC_ISA_USAGE = YES_ERROR;
				CLANG_WARN_EMPTY_BODY = YES;
				CLANG_WARN_ENUM_CONVERSION = YES;
				CLANG_WARN_INT_CONVERSION = YES;
				CLANG_WARN_OBJC_ROOT_CLASS = YES_ERROR;
				CLANG_WARN_UNREACHABLE_CODE = YES;
				CLANG_WARN__DUPLICATE_METHOD_MATCH = YES;
				COPY_PHASE_STRIP = NO;
				DEBUG_INFORMATION_FORMAT = dwarf;
				ENABLE_STRICT_OBJC_MSGSEND = YES;
				ENABLE_TESTABILITY = YES;
				GCC_C_LANGUAGE_STANDARD = gnu99;
				GCC_DYNAMIC_NO_PIC = NO;
				GCC_NO_COMMON_BLOCKS = YES;
				GCC_OPTIMIZATION_LEVEL = 0;
				GCC_PREPROCESSOR_DEFINITIONS = (
					"DEBUG=1",
					"$(inherited)",
				);
				GCC_WARN_64_TO_32_BIT_CONVERSION = YES;
				GCC_WARN_ABOUT_RETURN_TYPE = YES_ERROR;
				GCC_WARN_UNDECLARED_SELECTOR = YES;
				GCC_WARN_UNINITIALIZED_AUTOS = YES_AGGRESSIVE;
				GCC_WARN_UNUSED_FUNCTION = YES;
				GCC_WARN_UNUSED_VARIABLE = YES;
				MACOSX_DEPLOYMENT_TARGET = 10.10;
				MTL_ENABLE_DEBUG_INFO = YES;
				ONLY_ACTIVE_ARCH = YES;
				PRODUCT_NAME = "$(TARGET_NAME)";
				SDKROOT = macosx;
			};
			name = Debug;
		};
		18A32FEF1C0D8F0000380FAB /* Release */ = {
			isa = XCBuildConfiguration;
			buildSettings = {
				ALWAYS_SEARCH_USER_PATHS = NO;
				CLANG_CXX_LANGUAGE_STANDARD = "gnu++0x";
				CLANG_CXX_LIBRARY = "libc++";
				CLANG_ENABLE_MODULES = YES;
				CLANG_ENABLE_OBJC_ARC = YES;
				CLANG_WARN_BOOL_CONVERSION = YES;
				CLANG_WARN_CONSTANT_CONVERSION = YES;
				CLANG_WARN_DIRECT_OBJC_ISA_USAGE = YES_ERROR;
				CLANG_WARN_EMPTY_BODY = YES;
				CLANG_WARN_ENUM_CONVERSION = YES;
				CLANG_WARN_INT_CONVERSION = YES;
				CLANG_WARN_OBJC_ROOT_CLASS = YES_ERROR;
				CLANG_WARN_UNREACHABLE_CODE = YES;
				CLANG_WARN__DUPLICATE_METHOD_MATCH = YES;
				COPY_PHASE_STRIP = NO;
				DEBUG_INFORMATION_FORMAT = "dwarf-with-dsym";
				ENABLE_NS_ASSERTIONS = NO;
				ENABLE_STRICT_OBJC_MSGSEND = YES;
				GCC_C_LANGUAGE_STANDARD = gnu99;
				GCC_NO_COMMON_BLOCKS = YES;
				GCC_WARN_64_TO_32_BIT_CONVERSION = YES;
				GCC_WARN_ABOUT_RETURN_TYPE = YES_ERROR;
				GCC_WARN_UNDECLARED_SELECTOR = YES;
				GCC_WARN_UNINITIALIZED_AUTOS = YES_AGGRESSIVE;
				GCC_WARN_UNUSED_FUNCTION = YES;
				GCC_WARN_UNUSED_VARIABLE = YES;
				MACOSX_DEPLOYMENT_TARGET = 10.10;
				MTL_ENABLE_DEBUG_INFO = NO;
				PRODUCT_NAME = "$(TARGET_NAME)";
				SDKROOT = macosx;
			};
			name = Release;
		};
		18A32FF91C0D968000380FAB /* Debug */ = {
			isa = XCBuildConfiguration;
			buildSettings = {
				ALWAYS_SEARCH_USER_PATHS = NO;
				CLANG_CXX_LANGUAGE_STANDARD = "gnu++0x";
				CLANG_CXX_LIBRARY = "libc++";
				CLANG_ENABLE_MODULES = YES;
				CLANG_ENABLE_OBJC_ARC = YES;
				CLANG_WARN_BOOL_CONVERSION = YES;
				CLANG_WARN_CONSTANT_CONVERSION = YES;
				CLANG_WARN_DIRECT_OBJC_ISA_USAGE = YES_ERROR;
				CLANG_WARN_EMPTY_BODY = YES;
				CLANG_WARN_ENUM_CONVERSION = YES;
				CLANG_WARN_INT_CONVERSION = YES;
				CLANG_WARN_OBJC_ROOT_CLASS = YES_ERROR;
				CLANG_WARN_UNREACHABLE_CODE = YES;
				CLANG_WARN__DUPLICATE_METHOD_MATCH = YES;
				COPY_PHASE_STRIP = NO;
				DEBUG_INFORMATION_FORMAT = dwarf;
				ENABLE_STRICT_OBJC_MSGSEND = YES;
				ENABLE_TESTABILITY = YES;
				GCC_C_LANGUAGE_STANDARD = gnu99;
				GCC_DYNAMIC_NO_PIC = NO;
				GCC_NO_COMMON_BLOCKS = YES;
				GCC_OPTIMIZATION_LEVEL = 0;
				GCC_PREPROCESSOR_DEFINITIONS = (
					"DEBUG=1",
					"$(inherited)",
				);
				GCC_WARN_64_TO_32_BIT_CONVERSION = YES;
				GCC_WARN_ABOUT_RETURN_TYPE = YES_ERROR;
				GCC_WARN_UNDECLARED_SELECTOR = YES;
				GCC_WARN_UNINITIALIZED_AUTOS = YES_AGGRESSIVE;
				GCC_WARN_UNUSED_FUNCTION = YES;
				GCC_WARN_UNUSED_VARIABLE = YES;
				MACOSX_DEPLOYMENT_TARGET = 10.10;
				MTL_ENABLE_DEBUG_INFO = YES;
				ONLY_ACTIVE_ARCH = YES;
				PRODUCT_NAME = "$(TARGET_NAME)";
				SDKROOT = macosx;
			};
			name = Debug;
		};
		18A32FFA1C0D968000380FAB /* Release */ = {
			isa = XCBuildConfiguration;
			buildSettings = {
				ALWAYS_SEARCH_USER_PATHS = NO;
				CLANG_CXX_LANGUAGE_STANDARD = "gnu++0x";
				CLANG_CXX_LIBRARY = "libc++";
				CLANG_ENABLE_MODULES = YES;
				CLANG_ENABLE_OBJC_ARC = YES;
				CLANG_WARN_BOOL_CONVERSION = YES;
				CLANG_WARN_CONSTANT_CONVERSION = YES;
				CLANG_WARN_DIRECT_OBJC_ISA_USAGE = YES_ERROR;
				CLANG_WARN_EMPTY_BODY = YES;
				CLANG_WARN_ENUM_CONVERSION = YES;
				CLANG_WARN_INT_CONVERSION = YES;
				CLANG_WARN_OBJC_ROOT_CLASS = YES_ERROR;
				CLANG_WARN_UNREACHABLE_CODE = YES;
				CLANG_WARN__DUPLICATE_METHOD_MATCH = YES;
				COPY_PHASE_STRIP = NO;
				DEBUG_INFORMATION_FORMAT = "dwarf-with-dsym";
				ENABLE_NS_ASSERTIONS = NO;
				ENABLE_STRICT_OBJC_MSGSEND = YES;
				GCC_C_LANGUAGE_STANDARD = gnu99;
				GCC_NO_COMMON_BLOCKS = YES;
				GCC_WARN_64_TO_32_BIT_CONVERSION = YES;
				GCC_WARN_ABOUT_RETURN_TYPE = YES_ERROR;
				GCC_WARN_UNDECLARED_SELECTOR = YES;
				GCC_WARN_UNINITIALIZED_AUTOS = YES_AGGRESSIVE;
				GCC_WARN_UNUSED_FUNCTION = YES;
				GCC_WARN_UNUSED_VARIABLE = YES;
				MACOSX_DEPLOYMENT_TARGET = 10.10;
				MTL_ENABLE_DEBUG_INFO = NO;
				PRODUCT_NAME = "$(TARGET_NAME)";
				SDKROOT = macosx;
			};
			name = Release;
		};
/* End XCBuildConfiguration section */

/* Begin XCConfigurationList section */
		18A32F6A1C0D263200380FAB /* Build configuration list for PBXProject "OC加强-04" */ = {
			isa = XCConfigurationList;
			buildConfigurations = (
				18A32F6B1C0D263200380FAB /* Debug */,
				18A32F6C1C0D263200380FAB /* Release */,
			);
			defaultConfigurationIsVisible = 0;
			defaultConfigurationName = Release;
		};
		18A32F761C0D392100380FAB /* Build configuration list for PBXNativeTarget "01-协议的基本语法" */ = {
			isa = XCConfigurationList;
			buildConfigurations = (
				18A32F771C0D392100380FAB /* Debug */,
				18A32F781C0D392100380FAB /* Release */,
			);
			defaultConfigurationIsVisible = 0;
			defaultConfigurationName = Release;
		};
		18A32F811C0D3E4100380FAB /* Build configuration list for PBXNativeTarget "02-OC的动态特征" */ = {
			isa = XCConfigurationList;
			buildConfigurations = (
				18A32F821C0D3E4100380FAB /* Debug */,
				18A32F831C0D3E4100380FAB /* Release */,
			);
			defaultConfigurationIsVisible = 0;
			defaultConfigurationName = Release;
		};
		18A32F8F1C0D46A000380FAB /* Build configuration list for PBXNativeTarget "03-NSObject协议" */ = {
			isa = XCConfigurationList;
			buildConfigurations = (
				18A32F901C0D46A000380FAB /* Debug */,
				18A32F911C0D46A000380FAB /* Release */,
			);
			defaultConfigurationIsVisible = 0;
			defaultConfigurationName = Release;
		};
		18A32F9A1C0D47AA00380FAB /* Build configuration list for PBXNativeTarget "04-协议的继承" */ = {
			isa = XCConfigurationList;
			buildConfigurations = (
				18A32F9B1C0D47AA00380FAB /* Debug */,
				18A32F9C1C0D47AA00380FAB /* Release */,
			);
			defaultConfigurationIsVisible = 0;
			defaultConfigurationName = Release;
		};
		18A32FA51C0D48B800380FAB /* Build configuration list for PBXNativeTarget "05-协议的多继承" */ = {
			isa = XCConfigurationList;
			buildConfigurations = (
				18A32FA61C0D48B800380FAB /* Debug */,
				18A32FA71C0D48B800380FAB /* Release */,
			);
			defaultConfigurationIsVisible = 0;
			defaultConfigurationName = Release;
		};
		18A32FB01C0D4AF800380FAB /* Build configuration list for PBXNativeTarget "06-协议的修饰符号" */ = {
			isa = XCConfigurationList;
			buildConfigurations = (
				18A32FB11C0D4AF800380FAB /* Debug */,
				18A32FB21C0D4AF800380FAB /* Release */,
			);
			defaultConfigurationIsVisible = 0;
			defaultConfigurationName = Release;
		};
		18A32FBB1C0D4D1400380FAB /* Build configuration list for PBXNativeTarget "07-使用Xcode生成协议文件" */ = {
			isa = XCConfigurationList;
			buildConfigurations = (
				18A32FBC1C0D4D1400380FAB /* Debug */,
				18A32FBD1C0D4D1400380FAB /* Release */,
			);
			defaultConfigurationIsVisible = 0;
			defaultConfigurationName = Release;
		};
		18A32FC91C0D79BB00380FAB /* Build configuration list for PBXNativeTarget "08-代理设计模式" */ = {
			isa = XCConfigurationList;
			buildConfigurations = (
				18A32FC71C0D79BB00380FAB /* Debug */,
				18A32FC81C0D79BB00380FAB /* Release */,
			);
			defaultConfigurationIsVisible = 0;
		};
		18A32FDC1C0D878800380FAB /* Build configuration list for PBXNativeTarget "09-id类型补充" */ = {
			isa = XCConfigurationList;
			buildConfigurations = (
				18A32FDD1C0D878800380FAB /* Debug */,
				18A32FDE1C0D878800380FAB /* Release */,
			);
			defaultConfigurationIsVisible = 0;
		};
		18A32FED1C0D8F0000380FAB /* Build configuration list for PBXNativeTarget "10-FOUNDATION简介" */ = {
			isa = XCConfigurationList;
			buildConfigurations = (
				18A32FEE1C0D8F0000380FAB /* Debug */,
				18A32FEF1C0D8F0000380FAB /* Release */,
			);
			defaultConfigurationIsVisible = 0;
		};
		18A32FF81C0D968000380FAB /* Build configuration list for PBXNativeTarget "11-字符串的常见用法" */ = {
			isa = XCConfigurationList;
			buildConfigurations = (
				18A32FF91C0D968000380FAB /* Debug */,
				18A32FFA1C0D968000380FAB /* Release */,
			);
			defaultConfigurationIsVisible = 0;
		};
/* End XCConfigurationList section */
	};
	rootObject = 18A32F671C0D263200380FAB /* Project object */;
}
